{
  "version": 4,
  "terraform_version": "1.10.5",
  "serial": 737,
  "lineage": "0d67b1a5-2c99-d9af-b4b9-0bcc352bbd86",
  "outputs": {
    "app_alb_dns": {
      "value": "app-alb-202440156.eu-central-1.elb.amazonaws.com",
      "type": "string"
    },
    "jenkins_alb_dns": {
      "value": "jenkins-alb-1234043345.eu-central-1.elb.amazonaws.com",
      "type": "string"
    }
  },
  "resources": [
    {
      "mode": "data",
      "type": "archive_file",
      "name": "lambda",
      "provider": "provider[\"registry.terraform.io/hashicorp/archive\"]",
      "instances": [
        {
          "schema_version": 0,
          "attributes": {
            "exclude_symlink_directories": null,
            "excludes": null,
            "id": "7a29bd0e58fdb097a2dca1f9594b9222dd816d6e",
            "output_base64sha256": "HD1tsjWnXL7vxEOIwEt00XPu7BqiPCVdh5PjWPqY2lU=",
            "output_base64sha512": "+Gc9WrrQwiTo93UwU0zE593c7Drcm40FfPFE03tI2ep2td+crgZgQAZho5uCgzqUZWU2c053w9NeCQfK5/p7Sg==",
            "output_file_mode": null,
            "output_md5": "1db751ff22e2bd51573ac7bc1e509f8c",
            "output_path": "D:/Internet-testing/MPT/mpt-challenge/broken-cloud-pipeline/terraform/environments/dev/lambda/lambda.zip",
            "output_sha": "7a29bd0e58fdb097a2dca1f9594b9222dd816d6e",
            "output_sha256": "1c3d6db235a75cbeefc44388c04b74d173eeec1aa23c255d8793e358fa98da55",
            "output_sha512": "f8673d5abad0c224e8f77530534cc4e7dddcec3adc9b8d057cf144d37b48d9ea76b5df9cae0660400661a39b82833a94656536734e77c3d35e0907cae7fa7b4a",
            "output_size": 823,
            "source": [],
            "source_content": null,
            "source_content_filename": null,
            "source_dir": "D:/Internet-testing/MPT/mpt-challenge/broken-cloud-pipeline/terraform/environments/dev/lambda",
            "source_file": null,
            "type": "zip"
          },
          "sensitive_attributes": []
        }
      ]
    },
    {
      "mode": "managed",
      "type": "aws_cloudwatch_event_rule",
      "name": "ecs_log_export_schedule",
      "provider": "provider[\"registry.terraform.io/hashicorp/aws\"]",
      "instances": [
        {
          "schema_version": 1,
          "attributes": {
            "arn": "arn:aws:events:eu-central-1:216989105561:rule/ecs-log-export-schedule",
            "description": "",
            "event_bus_name": "default",
            "event_pattern": null,
            "force_destroy": false,
            "id": "ecs-log-export-schedule",
            "is_enabled": true,
            "name": "ecs-log-export-schedule",
            "name_prefix": "",
            "role_arn": "",
            "schedule_expression": "rate(1 hour)",
            "state": "ENABLED",
            "tags": {
              "environment": "develop",
              "product": "cloud",
              "service": "pipeline"
            },
            "tags_all": {
              "environment": "develop",
              "product": "cloud",
              "service": "pipeline"
            }
          },
          "sensitive_attributes": [],
          "private": "eyJzY2hlbWFfdmVyc2lvbiI6IjEifQ=="
        }
      ]
    },
    {
      "mode": "managed",
      "type": "aws_cloudwatch_event_target",
      "name": "ecs_log_export_lambda",
      "provider": "provider[\"registry.terraform.io/hashicorp/aws\"]",
      "instances": [
        {
          "schema_version": 1,
          "attributes": {
            "appsync_target": [],
            "arn": "arn:aws:lambda:eu-central-1:216989105561:function:ecs-log-exporter",
            "batch_target": [],
            "dead_letter_config": [],
            "ecs_target": [],
            "event_bus_name": "default",
            "force_destroy": false,
            "http_target": [],
            "id": "ecs-log-export-schedule-ecsLogExporter",
            "input": "",
            "input_path": "",
            "input_transformer": [],
            "kinesis_target": [],
            "redshift_target": [],
            "retry_policy": [],
            "role_arn": "",
            "rule": "ecs-log-export-schedule",
            "run_command_targets": [],
            "sagemaker_pipeline_target": [],
            "sqs_target": [],
            "target_id": "ecsLogExporter"
          },
          "sensitive_attributes": [],
          "private": "eyJzY2hlbWFfdmVyc2lvbiI6IjEifQ==",
          "dependencies": [
            "aws_cloudwatch_event_rule.ecs_log_export_schedule",
            "aws_iam_role.lambda",
            "aws_lambda_function.ecs_log_exporter",
            "data.archive_file.lambda",
            "module.s3_logging.aws_s3_bucket.this"
          ]
        }
      ]
    },
    {
      "mode": "managed",
      "type": "aws_ecr_repository",
      "name": "custom_jenkins",
      "provider": "provider[\"registry.terraform.io/hashicorp/aws\"]",
      "instances": [
        {
          "schema_version": 0,
          "attributes": {
            "arn": "arn:aws:ecr:eu-central-1:216989105561:repository/custom-jenkins",
            "encryption_configuration": [
              {
                "encryption_type": "AES256",
                "kms_key": ""
              }
            ],
            "force_delete": null,
            "id": "custom-jenkins",
            "image_scanning_configuration": [
              {
                "scan_on_push": false
              }
            ],
            "image_tag_mutability": "MUTABLE",
            "name": "custom-jenkins",
            "registry_id": "216989105561",
            "repository_url": "216989105561.dkr.ecr.eu-central-1.amazonaws.com/custom-jenkins",
            "tags": {},
            "tags_all": {},
            "timeouts": null
          },
          "sensitive_attributes": [],
          "private": "eyJlMmJmYjczMC1lY2FhLTExZTYtOGY4OC0zNDM2M2JjN2M0YzAiOnsiZGVsZXRlIjoxMjAwMDAwMDAwMDAwfSwic2NoZW1hX3ZlcnNpb24iOiIwIn0="
        }
      ]
    },
    {
      "mode": "managed",
      "type": "aws_ecr_repository",
      "name": "hello_world",
      "provider": "provider[\"registry.terraform.io/hashicorp/aws\"]",
      "instances": [
        {
          "schema_version": 0,
          "attributes": {
            "arn": "arn:aws:ecr:eu-central-1:216989105561:repository/hello-world",
            "encryption_configuration": [
              {
                "encryption_type": "AES256",
                "kms_key": ""
              }
            ],
            "force_delete": null,
            "id": "hello-world",
            "image_scanning_configuration": [
              {
                "scan_on_push": false
              }
            ],
            "image_tag_mutability": "MUTABLE",
            "name": "hello-world",
            "registry_id": "216989105561",
            "repository_url": "216989105561.dkr.ecr.eu-central-1.amazonaws.com/hello-world",
            "tags": {
              "environment": "develop",
              "product": "cloud",
              "service": "pipeline"
            },
            "tags_all": {
              "environment": "develop",
              "product": "cloud",
              "service": "pipeline"
            },
            "timeouts": null
          },
          "sensitive_attributes": [],
          "private": "eyJlMmJmYjczMC1lY2FhLTExZTYtOGY4OC0zNDM2M2JjN2M0YzAiOnsiZGVsZXRlIjoxMjAwMDAwMDAwMDAwfX0="
        }
      ]
    },
    {
      "mode": "managed",
      "type": "aws_iam_role",
      "name": "lambda",
      "provider": "provider[\"registry.terraform.io/hashicorp/aws\"]",
      "instances": [
        {
          "schema_version": 0,
          "attributes": {
            "arn": "arn:aws:iam::216989105561:role/lambda-ecs-log-exporter-role",
            "assume_role_policy": "{\"Statement\":[{\"Action\":\"sts:AssumeRole\",\"Effect\":\"Allow\",\"Principal\":{\"Service\":\"lambda.amazonaws.com\"}}],\"Version\":\"2012-10-17\"}",
            "create_date": "2025-03-24T23:37:32Z",
            "description": "",
            "force_detach_policies": false,
            "id": "lambda-ecs-log-exporter-role",
            "inline_policy": [
              {
                "name": "lambda-ecs-log-exporter-policy",
                "policy": "{\"Version\":\"2012-10-17\",\"Statement\":[{\"Action\":[\"logs:CreateLogGroup\",\"logs:CreateLogStream\",\"logs:PutLogEvents\"],\"Effect\":\"Allow\",\"Resource\":\"*\"},{\"Action\":[\"logs:CreateExportTask\",\"logs:DescribeExportTasks\"],\"Effect\":\"Allow\",\"Resource\":\"*\"},{\"Action\":\"s3:PutObject\",\"Effect\":\"Allow\",\"Resource\":\"arn:aws:s3:::pipeline-logs-20250324210744652300000001/ecs/*\"}]}"
              }
            ],
            "managed_policy_arns": [],
            "max_session_duration": 3600,
            "name": "lambda-ecs-log-exporter-role",
            "name_prefix": "",
            "path": "/",
            "permissions_boundary": "",
            "tags": {
              "environment": "develop",
              "product": "cloud",
              "service": "pipeline"
            },
            "tags_all": {
              "environment": "develop",
              "product": "cloud",
              "service": "pipeline"
            },
            "unique_id": "AROATFBMO7WM24LRM2BTR"
          },
          "sensitive_attributes": [],
          "private": "bnVsbA=="
        }
      ]
    },
    {
      "mode": "managed",
      "type": "aws_iam_role_policy",
      "name": "lambda",
      "provider": "provider[\"registry.terraform.io/hashicorp/aws\"]",
      "instances": [
        {
          "schema_version": 0,
          "attributes": {
            "id": "lambda-ecs-log-exporter-role:lambda-ecs-log-exporter-policy",
            "name": "lambda-ecs-log-exporter-policy",
            "name_prefix": "",
            "policy": "{\"Version\":\"2012-10-17\",\"Statement\":[{\"Action\":[\"logs:CreateLogGroup\",\"logs:CreateLogStream\",\"logs:PutLogEvents\"],\"Effect\":\"Allow\",\"Resource\":\"*\"},{\"Action\":[\"logs:CreateExportTask\",\"logs:DescribeExportTasks\"],\"Effect\":\"Allow\",\"Resource\":\"*\"},{\"Action\":\"s3:PutObject\",\"Effect\":\"Allow\",\"Resource\":\"arn:aws:s3:::pipeline-logs-20250324210744652300000001/ecs/*\"}]}",
            "role": "lambda-ecs-log-exporter-role"
          },
          "sensitive_attributes": [],
          "private": "bnVsbA==",
          "dependencies": [
            "aws_iam_role.lambda",
            "module.s3_logging.aws_s3_bucket.this"
          ]
        }
      ]
    },
    {
      "mode": "managed",
      "type": "aws_lambda_function",
      "name": "ecs_log_exporter",
      "provider": "provider[\"registry.terraform.io/hashicorp/aws\"]",
      "instances": [
        {
          "schema_version": 0,
          "attributes": {
            "architectures": [
              "x86_64"
            ],
            "arn": "arn:aws:lambda:eu-central-1:216989105561:function:ecs-log-exporter",
            "code_sha256": "HD1tsjWnXL7vxEOIwEt00XPu7BqiPCVdh5PjWPqY2lU=",
            "code_signing_config_arn": "",
            "dead_letter_config": [],
            "description": "",
            "environment": [
              {
                "variables": {
                  "BUCKET_NAME": "pipeline-logs-20250324210744652300000001"
                }
              }
            ],
            "ephemeral_storage": [
              {
                "size": 512
              }
            ],
            "file_system_config": [],
            "filename": "./lambda/lambda.zip",
            "function_name": "ecs-log-exporter",
            "handler": "index.handler",
            "id": "ecs-log-exporter",
            "image_config": [],
            "image_uri": "",
            "invoke_arn": "arn:aws:apigateway:eu-central-1:lambda:path/2015-03-31/functions/arn:aws:lambda:eu-central-1:216989105561:function:ecs-log-exporter/invocations",
            "kms_key_arn": "",
            "last_modified": "2025-03-25T02:36:08.000+0000",
            "layers": [],
            "logging_config": [
              {
                "application_log_level": "",
                "log_format": "Text",
                "log_group": "/aws/lambda/ecs-log-exporter",
                "system_log_level": ""
              }
            ],
            "memory_size": 128,
            "package_type": "Zip",
            "publish": false,
            "qualified_arn": "arn:aws:lambda:eu-central-1:216989105561:function:ecs-log-exporter:$LATEST",
            "qualified_invoke_arn": "arn:aws:apigateway:eu-central-1:lambda:path/2015-03-31/functions/arn:aws:lambda:eu-central-1:216989105561:function:ecs-log-exporter:$LATEST/invocations",
            "replace_security_groups_on_destroy": null,
            "replacement_security_group_ids": null,
            "reserved_concurrent_executions": -1,
            "role": "arn:aws:iam::216989105561:role/lambda-ecs-log-exporter-role",
            "runtime": "nodejs18.x",
            "s3_bucket": null,
            "s3_key": null,
            "s3_object_version": null,
            "signing_job_arn": "",
            "signing_profile_version_arn": "",
            "skip_destroy": false,
            "snap_start": [],
            "source_code_hash": "HD1tsjWnXL7vxEOIwEt00XPu7BqiPCVdh5PjWPqY2lU=",
            "source_code_size": 823,
            "tags": {
              "environment": "develop",
              "product": "cloud",
              "service": "pipeline"
            },
            "tags_all": {
              "environment": "develop",
              "product": "cloud",
              "service": "pipeline"
            },
            "timeout": 3,
            "timeouts": null,
            "tracing_config": [
              {
                "mode": "PassThrough"
              }
            ],
            "version": "$LATEST",
            "vpc_config": []
          },
          "sensitive_attributes": [],
          "private": "eyJlMmJmYjczMC1lY2FhLTExZTYtOGY4OC0zNDM2M2JjN2M0YzAiOnsiY3JlYXRlIjo2MDAwMDAwMDAwMDAsImRlbGV0ZSI6NjAwMDAwMDAwMDAwLCJ1cGRhdGUiOjYwMDAwMDAwMDAwMH19",
          "dependencies": [
            "aws_iam_role.lambda",
            "data.archive_file.lambda",
            "module.s3_logging.aws_s3_bucket.this"
          ]
        }
      ]
    },
    {
      "mode": "managed",
      "type": "aws_lambda_permission",
      "name": "allow_cloudwatch",
      "provider": "provider[\"registry.terraform.io/hashicorp/aws\"]",
      "instances": [
        {
          "schema_version": 0,
          "attributes": {
            "action": "lambda:InvokeFunction",
            "event_source_token": null,
            "function_name": "ecs-log-exporter",
            "function_url_auth_type": null,
            "id": "AllowExecutionFromCloudWatch",
            "principal": "events.amazonaws.com",
            "principal_org_id": null,
            "qualifier": "",
            "source_account": null,
            "source_arn": "arn:aws:events:eu-central-1:216989105561:rule/ecs-log-export-schedule",
            "statement_id": "AllowExecutionFromCloudWatch",
            "statement_id_prefix": ""
          },
          "sensitive_attributes": [],
          "private": "bnVsbA==",
          "dependencies": [
            "aws_cloudwatch_event_rule.ecs_log_export_schedule",
            "aws_iam_role.lambda",
            "aws_lambda_function.ecs_log_exporter",
            "data.archive_file.lambda",
            "module.s3_logging.aws_s3_bucket.this"
          ]
        }
      ]
    },
    {
      "mode": "managed",
      "type": "aws_sns_topic",
      "name": "pipeline_notifications",
      "provider": "provider[\"registry.terraform.io/hashicorp/aws\"]",
      "instances": [
        {
          "schema_version": 0,
          "attributes": {
            "application_failure_feedback_role_arn": "",
            "application_success_feedback_role_arn": "",
            "application_success_feedback_sample_rate": 0,
            "archive_policy": "",
            "arn": "arn:aws:sns:eu-central-1:216989105561:pipeline-notifications",
            "beginning_archive_time": "",
            "content_based_deduplication": false,
            "delivery_policy": "",
            "display_name": "",
            "fifo_topic": false,
            "firehose_failure_feedback_role_arn": "",
            "firehose_success_feedback_role_arn": "",
            "firehose_success_feedback_sample_rate": 0,
            "http_failure_feedback_role_arn": "",
            "http_success_feedback_role_arn": "",
            "http_success_feedback_sample_rate": 0,
            "id": "arn:aws:sns:eu-central-1:216989105561:pipeline-notifications",
            "kms_master_key_id": "",
            "lambda_failure_feedback_role_arn": "",
            "lambda_success_feedback_role_arn": "",
            "lambda_success_feedback_sample_rate": 0,
            "name": "pipeline-notifications",
            "name_prefix": "",
            "owner": "216989105561",
            "policy": "{\"Id\":\"__default_policy_ID\",\"Statement\":[{\"Action\":[\"SNS:GetTopicAttributes\",\"SNS:SetTopicAttributes\",\"SNS:AddPermission\",\"SNS:RemovePermission\",\"SNS:DeleteTopic\",\"SNS:Subscribe\",\"SNS:ListSubscriptionsByTopic\",\"SNS:Publish\"],\"Condition\":{\"StringEquals\":{\"AWS:SourceOwner\":\"216989105561\"}},\"Effect\":\"Allow\",\"Principal\":{\"AWS\":\"*\"},\"Resource\":\"arn:aws:sns:eu-central-1:216989105561:pipeline-notifications\",\"Sid\":\"__default_statement_ID\"}],\"Version\":\"2008-10-17\"}",
            "signature_version": 0,
            "sqs_failure_feedback_role_arn": "",
            "sqs_success_feedback_role_arn": "",
            "sqs_success_feedback_sample_rate": 0,
            "tags": {
              "environment": "develop",
              "product": "cloud",
              "service": "pipeline"
            },
            "tags_all": {
              "environment": "develop",
              "product": "cloud",
              "service": "pipeline"
            },
            "tracing_config": ""
          },
          "sensitive_attributes": [],
          "private": "bnVsbA=="
        }
      ]
    },
    {
      "mode": "managed",
      "type": "aws_sns_topic_subscription",
      "name": "email",
      "provider": "provider[\"registry.terraform.io/hashicorp/aws\"]",
      "instances": [
        {
          "schema_version": 0,
          "attributes": {
            "arn": "arn:aws:sns:eu-central-1:216989105561:pipeline-notifications:726c647f-821d-4baf-ab94-dd0617a935f6",
            "confirmation_timeout_in_minutes": 1,
            "confirmation_was_authenticated": false,
            "delivery_policy": "",
            "endpoint": "your-email@example.com",
            "endpoint_auto_confirms": false,
            "filter_policy": "",
            "filter_policy_scope": "",
            "id": "arn:aws:sns:eu-central-1:216989105561:pipeline-notifications:726c647f-821d-4baf-ab94-dd0617a935f6",
            "owner_id": "216989105561",
            "pending_confirmation": true,
            "protocol": "email",
            "raw_message_delivery": false,
            "redrive_policy": "",
            "replay_policy": "",
            "subscription_role_arn": "",
            "topic_arn": "arn:aws:sns:eu-central-1:216989105561:pipeline-notifications"
          },
          "sensitive_attributes": [],
          "private": "bnVsbA==",
          "dependencies": [
            "aws_sns_topic.pipeline_notifications"
          ]
        }
      ]
    },
    {
      "mode": "managed",
      "type": "aws_vpc_peering_connection",
      "name": "app_to_jenkins",
      "provider": "provider[\"registry.terraform.io/hashicorp/aws\"]",
      "instances": [
        {
          "schema_version": 0,
          "attributes": {
            "accept_status": "active",
            "accepter": [
              {
                "allow_remote_vpc_dns_resolution": false
              }
            ],
            "auto_accept": true,
            "id": "pcx-030f921318836e0a3",
            "peer_owner_id": "216989105561",
            "peer_region": "eu-central-1",
            "peer_vpc_id": "vpc-06abd34ded099c49b",
            "requester": [
              {
                "allow_remote_vpc_dns_resolution": false
              }
            ],
            "tags": {
              "environment": "develop",
              "product": "cloud",
              "service": "pipeline"
            },
            "tags_all": {
              "environment": "develop",
              "product": "cloud",
              "service": "pipeline"
            },
            "timeouts": null,
            "vpc_id": "vpc-0a3a99d7dc3670a4d"
          },
          "sensitive_attributes": [],
          "private": "eyJlMmJmYjczMC1lY2FhLTExZTYtOGY4OC0zNDM2M2JjN2M0YzAiOnsiY3JlYXRlIjo2MDAwMDAwMDAwMCwiZGVsZXRlIjo2MDAwMDAwMDAwMCwidXBkYXRlIjo2MDAwMDAwMDAwMH19",
          "dependencies": [
            "module.app_vpc.module.vpc.aws_vpc.this",
            "module.jenkins_vpc.module.vpc.aws_vpc.this"
          ]
        }
      ]
    },
    {
      "module": "module.app_alb",
      "mode": "managed",
      "type": "aws_lb",
      "name": "this",
      "provider": "provider[\"registry.terraform.io/hashicorp/aws\"]",
      "instances": [
        {
          "schema_version": 0,
          "attributes": {
            "access_logs": [
              {
                "bucket": "pipeline-logs-20250324210744652300000001",
                "enabled": true,
                "prefix": "app-alb"
              }
            ],
            "arn": "arn:aws:elasticloadbalancing:eu-central-1:216989105561:loadbalancer/app/app-alb/41e26fe7463b5aa4",
            "arn_suffix": "app/app-alb/41e26fe7463b5aa4",
            "client_keep_alive": 3600,
            "connection_logs": [
              {
                "bucket": "",
                "enabled": false,
                "prefix": ""
              }
            ],
            "customer_owned_ipv4_pool": "",
            "desync_mitigation_mode": "defensive",
            "dns_name": "app-alb-202440156.eu-central-1.elb.amazonaws.com",
            "dns_record_client_routing_policy": null,
            "drop_invalid_header_fields": false,
            "enable_cross_zone_load_balancing": true,
            "enable_deletion_protection": false,
            "enable_http2": true,
            "enable_tls_version_and_cipher_suite_headers": false,
            "enable_waf_fail_open": false,
            "enable_xff_client_port": false,
            "enable_zonal_shift": false,
            "enforce_security_group_inbound_rules_on_private_link_traffic": "",
            "id": "arn:aws:elasticloadbalancing:eu-central-1:216989105561:loadbalancer/app/app-alb/41e26fe7463b5aa4",
            "idle_timeout": 60,
            "internal": false,
            "ip_address_type": "ipv4",
            "ipam_pools": [],
            "load_balancer_type": "application",
            "name": "app-alb",
            "name_prefix": "",
            "preserve_host_header": false,
            "security_groups": [
              "sg-07c52c606dd50afdd"
            ],
            "subnet_mapping": [
              {
                "allocation_id": "",
                "ipv6_address": "",
                "outpost_id": "",
                "private_ipv4_address": "",
                "subnet_id": "subnet-0201e96ba54231489"
              },
              {
                "allocation_id": "",
                "ipv6_address": "",
                "outpost_id": "",
                "private_ipv4_address": "",
                "subnet_id": "subnet-0945d1269749d3f79"
              }
            ],
            "subnets": [
              "subnet-0201e96ba54231489",
              "subnet-0945d1269749d3f79"
            ],
            "tags": {
              "environment": "develop",
              "product": "cloud",
              "service": "pipeline"
            },
            "tags_all": {
              "environment": "develop",
              "product": "cloud",
              "service": "pipeline"
            },
            "timeouts": null,
            "vpc_id": "vpc-0a3a99d7dc3670a4d",
            "xff_header_processing_mode": "append",
            "zone_id": "Z215JYRZR1TBD5"
          },
          "sensitive_attributes": [],
          "private": "eyJlMmJmYjczMC1lY2FhLTExZTYtOGY4OC0zNDM2M2JjN2M0YzAiOnsiY3JlYXRlIjo2MDAwMDAwMDAwMDAsImRlbGV0ZSI6NjAwMDAwMDAwMDAwLCJ1cGRhdGUiOjYwMDAwMDAwMDAwMH19",
          "dependencies": [
            "module.app_alb.aws_security_group.alb",
            "module.app_vpc.module.vpc.aws_subnet.public",
            "module.app_vpc.module.vpc.aws_vpc.this",
            "module.app_vpc.module.vpc.aws_vpc_ipv4_cidr_block_association.this",
            "module.s3_logging.aws_s3_bucket.this",
            "module.s3_logging.aws_s3_bucket_acl.this",
            "module.s3_logging.aws_s3_bucket_ownership_controls.this",
            "module.s3_logging.aws_s3_bucket_policy.this"
          ]
        }
      ]
    },
    {
      "module": "module.app_alb",
      "mode": "managed",
      "type": "aws_lb_listener",
      "name": "http",
      "provider": "provider[\"registry.terraform.io/hashicorp/aws\"]",
      "instances": [
        {
          "schema_version": 0,
          "attributes": {
            "alpn_policy": null,
            "arn": "arn:aws:elasticloadbalancing:eu-central-1:216989105561:listener/app/app-alb/41e26fe7463b5aa4/d10cb7383c446279",
            "certificate_arn": null,
            "default_action": [
              {
                "authenticate_cognito": [],
                "authenticate_oidc": [],
                "fixed_response": [],
                "forward": [],
                "order": 1,
                "redirect": [],
                "target_group_arn": "arn:aws:elasticloadbalancing:eu-central-1:216989105561:targetgroup/tg-20250324210758238000000005/df62d56ae5a497e4",
                "type": "forward"
              }
            ],
            "id": "arn:aws:elasticloadbalancing:eu-central-1:216989105561:listener/app/app-alb/41e26fe7463b5aa4/d10cb7383c446279",
            "load_balancer_arn": "arn:aws:elasticloadbalancing:eu-central-1:216989105561:loadbalancer/app/app-alb/41e26fe7463b5aa4",
            "mutual_authentication": [],
            "port": 80,
            "protocol": "HTTP",
            "routing_http_request_x_amzn_mtls_clientcert_header_name": null,
            "routing_http_request_x_amzn_mtls_clientcert_issuer_header_name": null,
            "routing_http_request_x_amzn_mtls_clientcert_leaf_header_name": null,
            "routing_http_request_x_amzn_mtls_clientcert_serial_number_header_name": null,
            "routing_http_request_x_amzn_mtls_clientcert_subject_header_name": null,
            "routing_http_request_x_amzn_mtls_clientcert_validity_header_name": null,
            "routing_http_request_x_amzn_tls_cipher_suite_header_name": null,
            "routing_http_request_x_amzn_tls_version_header_name": null,
            "routing_http_response_access_control_allow_credentials_header_value": "",
            "routing_http_response_access_control_allow_headers_header_value": "",
            "routing_http_response_access_control_allow_methods_header_value": "",
            "routing_http_response_access_control_allow_origin_header_value": "",
            "routing_http_response_access_control_expose_headers_header_value": "",
            "routing_http_response_access_control_max_age_header_value": "",
            "routing_http_response_content_security_policy_header_value": "",
            "routing_http_response_server_enabled": false,
            "routing_http_response_strict_transport_security_header_value": "",
            "routing_http_response_x_content_type_options_header_value": "",
            "routing_http_response_x_frame_options_header_value": "",
            "ssl_policy": "",
            "tags": {},
            "tags_all": {},
            "tcp_idle_timeout_seconds": null,
            "timeouts": null
          },
          "sensitive_attributes": [],
          "private": "eyJlMmJmYjczMC1lY2FhLTExZTYtOGY4OC0zNDM2M2JjN2M0YzAiOnsiY3JlYXRlIjozMDAwMDAwMDAwMDAsInVwZGF0ZSI6MzAwMDAwMDAwMDAwfX0=",
          "dependencies": [
            "module.app_alb.aws_lb.this",
            "module.app_alb.aws_lb_target_group.this",
            "module.app_alb.aws_security_group.alb",
            "module.app_vpc.module.vpc.aws_subnet.public",
            "module.app_vpc.module.vpc.aws_vpc.this",
            "module.app_vpc.module.vpc.aws_vpc_ipv4_cidr_block_association.this",
            "module.s3_logging.aws_s3_bucket.this",
            "module.s3_logging.aws_s3_bucket_acl.this",
            "module.s3_logging.aws_s3_bucket_ownership_controls.this",
            "module.s3_logging.aws_s3_bucket_policy.this"
          ]
        }
      ]
    },
    {
      "module": "module.app_alb",
      "mode": "managed",
      "type": "aws_lb_target_group",
      "name": "this",
      "provider": "provider[\"registry.terraform.io/hashicorp/aws\"]",
      "instances": [
        {
          "schema_version": 0,
          "attributes": {
            "arn": "arn:aws:elasticloadbalancing:eu-central-1:216989105561:targetgroup/tg-20250324210758238000000005/df62d56ae5a497e4",
            "arn_suffix": "targetgroup/tg-20250324210758238000000005/df62d56ae5a497e4",
            "connection_termination": null,
            "deregistration_delay": "300",
            "health_check": [
              {
                "enabled": true,
                "healthy_threshold": 2,
                "interval": 10,
                "matcher": "200",
                "path": "/health",
                "port": "traffic-port",
                "protocol": "HTTP",
                "timeout": 5,
                "unhealthy_threshold": 3
              }
            ],
            "id": "arn:aws:elasticloadbalancing:eu-central-1:216989105561:targetgroup/tg-20250324210758238000000005/df62d56ae5a497e4",
            "ip_address_type": "ipv4",
            "lambda_multi_value_headers_enabled": false,
            "load_balancer_arns": [
              "arn:aws:elasticloadbalancing:eu-central-1:216989105561:loadbalancer/app/app-alb/41e26fe7463b5aa4"
            ],
            "load_balancing_algorithm_type": "round_robin",
            "load_balancing_anomaly_mitigation": "off",
            "load_balancing_cross_zone_enabled": "use_load_balancer_configuration",
            "name": "tg-20250324210758238000000005",
            "name_prefix": "tg-",
            "port": 8080,
            "preserve_client_ip": null,
            "protocol": "HTTP",
            "protocol_version": "HTTP1",
            "proxy_protocol_v2": false,
            "slow_start": 0,
            "stickiness": [
              {
                "cookie_duration": 86400,
                "cookie_name": "",
                "enabled": false,
                "type": "lb_cookie"
              }
            ],
            "tags": {
              "Name": "app-tg",
              "environment": "develop",
              "product": "cloud",
              "service": "pipeline"
            },
            "tags_all": {
              "Name": "app-tg",
              "environment": "develop",
              "product": "cloud",
              "service": "pipeline"
            },
            "target_failover": [
              {
                "on_deregistration": null,
                "on_unhealthy": null
              }
            ],
            "target_group_health": [
              {
                "dns_failover": [
                  {
                    "minimum_healthy_targets_count": "1",
                    "minimum_healthy_targets_percentage": "off"
                  }
                ],
                "unhealthy_state_routing": [
                  {
                    "minimum_healthy_targets_count": 1,
                    "minimum_healthy_targets_percentage": "off"
                  }
                ]
              }
            ],
            "target_health_state": [
              {
                "enable_unhealthy_connection_termination": null,
                "unhealthy_draining_interval": null
              }
            ],
            "target_type": "instance",
            "vpc_id": "vpc-0a3a99d7dc3670a4d"
          },
          "sensitive_attributes": [],
          "private": "bnVsbA==",
          "dependencies": [
            "module.app_vpc.module.vpc.aws_vpc.this"
          ],
          "create_before_destroy": true
        }
      ]
    },
    {
      "module": "module.app_alb",
      "mode": "managed",
      "type": "aws_security_group",
      "name": "alb",
      "provider": "provider[\"registry.terraform.io/hashicorp/aws\"]",
      "instances": [
        {
          "schema_version": 1,
          "attributes": {
            "arn": "arn:aws:ec2:eu-central-1:216989105561:security-group/sg-07c52c606dd50afdd",
            "description": "Managed by Terraform",
            "egress": [
              {
                "cidr_blocks": [
                  "0.0.0.0/0"
                ],
                "description": "",
                "from_port": 0,
                "ipv6_cidr_blocks": [],
                "prefix_list_ids": [],
                "protocol": "-1",
                "security_groups": [],
                "self": false,
                "to_port": 0
              }
            ],
            "id": "sg-07c52c606dd50afdd",
            "ingress": [
              {
                "cidr_blocks": [
                  "0.0.0.0/0"
                ],
                "description": "",
                "from_port": 80,
                "ipv6_cidr_blocks": [],
                "prefix_list_ids": [],
                "protocol": "tcp",
                "security_groups": [],
                "self": false,
                "to_port": 80
              }
            ],
            "name": "app-alb-sg-20250324210758016800000004",
            "name_prefix": "app-alb-sg-",
            "owner_id": "216989105561",
            "revoke_rules_on_delete": false,
            "tags": {
              "environment": "develop",
              "product": "cloud",
              "service": "pipeline"
            },
            "tags_all": {
              "environment": "develop",
              "product": "cloud",
              "service": "pipeline"
            },
            "timeouts": null,
            "vpc_id": "vpc-0a3a99d7dc3670a4d"
          },
          "sensitive_attributes": [],
          "private": "eyJlMmJmYjczMC1lY2FhLTExZTYtOGY4OC0zNDM2M2JjN2M0YzAiOnsiY3JlYXRlIjo2MDAwMDAwMDAwMDAsImRlbGV0ZSI6OTAwMDAwMDAwMDAwfSwic2NoZW1hX3ZlcnNpb24iOiIxIn0=",
          "dependencies": [
            "module.app_vpc.module.vpc.aws_vpc.this"
          ]
        }
      ]
    },
    {
      "module": "module.app_ecs",
      "mode": "data",
      "type": "aws_ssm_parameter",
      "name": "ecs_ami",
      "provider": "provider[\"registry.terraform.io/hashicorp/aws\"]",
      "instances": [
        {
          "schema_version": 0,
          "attributes": {
            "arn": "arn:aws:ssm:eu-central-1::parameter/aws/service/ecs/optimized-ami/amazon-linux-2/recommended/image_id",
            "id": "/aws/service/ecs/optimized-ami/amazon-linux-2/recommended/image_id",
            "insecure_value": "ami-04db185cff1b4ffcb",
            "name": "/aws/service/ecs/optimized-ami/amazon-linux-2/recommended/image_id",
            "type": "String",
            "value": "ami-04db185cff1b4ffcb",
            "version": 188,
            "with_decryption": true
          },
          "sensitive_attributes": [
            [
              {
                "type": "get_attr",
                "value": "value"
              }
            ]
          ]
        }
      ]
    },
    {
      "module": "module.app_ecs",
      "mode": "managed",
      "type": "aws_autoscaling_group",
      "name": "ecs",
      "provider": "provider[\"registry.terraform.io/hashicorp/aws\"]",
      "instances": [
        {
          "schema_version": 1,
          "attributes": {
            "arn": "arn:aws:autoscaling:eu-central-1:216989105561:autoScalingGroup:20334947-2a9c-413c-b71f-5ba0961a3771:autoScalingGroupName/app-ecs-asg-20250324215822542800000009",
            "availability_zone_distribution": [
              {
                "capacity_distribution_strategy": "balanced-best-effort"
              }
            ],
            "availability_zones": [
              "eu-central-1a",
              "eu-central-1b"
            ],
            "capacity_rebalance": false,
            "context": "",
            "default_cooldown": 300,
            "default_instance_warmup": 0,
            "desired_capacity": 2,
            "desired_capacity_type": "",
            "enabled_metrics": [],
            "force_delete": false,
            "force_delete_warm_pool": false,
            "health_check_grace_period": 300,
            "health_check_type": "EC2",
            "id": "app-ecs-asg-20250324215822542800000009",
            "ignore_failed_scaling_activities": false,
            "initial_lifecycle_hook": [],
            "instance_maintenance_policy": [],
            "instance_refresh": [],
            "launch_configuration": "",
            "launch_template": [
              {
                "id": "lt-081ae29ebd760242e",
                "name": "app-ecs-20250324215816433200000005",
                "version": "$Latest"
              }
            ],
            "load_balancers": [],
            "max_instance_lifetime": 0,
            "max_size": 4,
            "metrics_granularity": "1Minute",
            "min_elb_capacity": null,
            "min_size": 2,
            "mixed_instances_policy": [],
            "name": "app-ecs-asg-20250324215822542800000009",
            "name_prefix": "app-ecs-asg-",
            "placement_group": "",
            "predicted_capacity": 0,
            "protect_from_scale_in": false,
            "service_linked_role_arn": "arn:aws:iam::216989105561:role/aws-service-role/autoscaling.amazonaws.com/AWSServiceRoleForAutoScaling",
            "suspended_processes": [],
            "tag": [
              {
                "key": "AmazonECSManaged",
                "propagate_at_launch": true,
                "value": ""
              },
              {
                "key": "Name",
                "propagate_at_launch": true,
                "value": "app-ecs-cluster"
              }
            ],
            "target_group_arns": [],
            "termination_policies": [],
            "timeouts": null,
            "traffic_source": [],
            "vpc_zone_identifier": [
              "subnet-0d473566cae17d47b",
              "subnet-0d6a9d58fc3514f09"
            ],
            "wait_for_capacity_timeout": "10m",
            "wait_for_elb_capacity": null,
            "warm_pool": [],
            "warm_pool_size": 0
          },
          "sensitive_attributes": [],
          "private": "eyJlMmJmYjczMC1lY2FhLTExZTYtOGY4OC0zNDM2M2JjN2M0YzAiOnsiZGVsZXRlIjo2MDAwMDAwMDAwMDAsInVwZGF0ZSI6NjAwMDAwMDAwMDAwfSwic2NoZW1hX3ZlcnNpb24iOiIxIn0=",
          "dependencies": [
            "module.app_alb.aws_lb.this",
            "module.app_alb.aws_lb_listener.http",
            "module.app_alb.aws_lb_target_group.this",
            "module.app_alb.aws_security_group.alb",
            "module.app_ecs.aws_ecs_cluster.this",
            "module.app_ecs.aws_iam_instance_profile.ecs_instance_profile",
            "module.app_ecs.aws_iam_role.ecs_instance_role",
            "module.app_ecs.aws_launch_template.ecs",
            "module.app_ecs.aws_security_group.ecs_instance_sg",
            "module.app_ecs.data.aws_ssm_parameter.ecs_ami",
            "module.app_vpc.module.vpc.aws_subnet.private",
            "module.app_vpc.module.vpc.aws_subnet.public",
            "module.app_vpc.module.vpc.aws_vpc.this",
            "module.app_vpc.module.vpc.aws_vpc_ipv4_cidr_block_association.this",
            "module.s3_logging.aws_s3_bucket.this",
            "module.s3_logging.aws_s3_bucket_acl.this",
            "module.s3_logging.aws_s3_bucket_ownership_controls.this",
            "module.s3_logging.aws_s3_bucket_policy.this"
          ]
        }
      ]
    },
    {
      "module": "module.app_ecs",
      "mode": "managed",
      "type": "aws_cloudwatch_log_group",
      "name": "ecs",
      "provider": "provider[\"registry.terraform.io/hashicorp/aws\"]",
      "instances": [
        {
          "schema_version": 0,
          "attributes": {
            "arn": "arn:aws:logs:eu-central-1:216989105561:log-group:/ecs/app-task",
            "id": "/ecs/app-task",
            "kms_key_id": "",
            "log_group_class": "STANDARD",
            "name": "/ecs/app-task",
            "name_prefix": "",
            "retention_in_days": 7,
            "skip_destroy": false,
            "tags": {},
            "tags_all": {}
          },
          "sensitive_attributes": [],
          "private": "bnVsbA==",
          "dependencies": [
            "module.app_alb.aws_lb.this",
            "module.app_alb.aws_lb_listener.http",
            "module.app_alb.aws_lb_target_group.this",
            "module.app_alb.aws_security_group.alb",
            "module.app_vpc.module.vpc.aws_subnet.public",
            "module.app_vpc.module.vpc.aws_vpc.this",
            "module.app_vpc.module.vpc.aws_vpc_ipv4_cidr_block_association.this",
            "module.s3_logging.aws_s3_bucket.this",
            "module.s3_logging.aws_s3_bucket_acl.this",
            "module.s3_logging.aws_s3_bucket_ownership_controls.this",
            "module.s3_logging.aws_s3_bucket_policy.this"
          ]
        }
      ]
    },
    {
      "module": "module.app_ecs",
      "mode": "managed",
      "type": "aws_ecs_capacity_provider",
      "name": "this",
      "provider": "provider[\"registry.terraform.io/hashicorp/aws\"]",
      "instances": [
        {
          "schema_version": 0,
          "attributes": {
            "arn": "arn:aws:ecs:eu-central-1:216989105561:capacity-provider/app-ecs-cp",
            "auto_scaling_group_provider": [
              {
                "auto_scaling_group_arn": "arn:aws:autoscaling:eu-central-1:216989105561:autoScalingGroup:20334947-2a9c-413c-b71f-5ba0961a3771:autoScalingGroupName/app-ecs-asg-20250324215822542800000009",
                "managed_draining": "ENABLED",
                "managed_scaling": [
                  {
                    "instance_warmup_period": 0,
                    "maximum_scaling_step_size": 2,
                    "minimum_scaling_step_size": 1,
                    "status": "ENABLED",
                    "target_capacity": 100
                  }
                ],
                "managed_termination_protection": "DISABLED"
              }
            ],
            "id": "arn:aws:ecs:eu-central-1:216989105561:capacity-provider/app-ecs-cp",
            "name": "app-ecs-cp",
            "tags": {},
            "tags_all": {}
          },
          "sensitive_attributes": [],
          "private": "bnVsbA==",
          "dependencies": [
            "module.app_alb.aws_lb.this",
            "module.app_alb.aws_lb_listener.http",
            "module.app_alb.aws_lb_target_group.this",
            "module.app_alb.aws_security_group.alb",
            "module.app_ecs.aws_autoscaling_group.ecs",
            "module.app_ecs.aws_ecs_cluster.this",
            "module.app_ecs.aws_iam_instance_profile.ecs_instance_profile",
            "module.app_ecs.aws_iam_role.ecs_instance_role",
            "module.app_ecs.aws_launch_template.ecs",
            "module.app_ecs.aws_security_group.ecs_instance_sg",
            "module.app_ecs.data.aws_ssm_parameter.ecs_ami",
            "module.app_vpc.module.vpc.aws_subnet.private",
            "module.app_vpc.module.vpc.aws_subnet.public",
            "module.app_vpc.module.vpc.aws_vpc.this",
            "module.app_vpc.module.vpc.aws_vpc_ipv4_cidr_block_association.this",
            "module.s3_logging.aws_s3_bucket.this",
            "module.s3_logging.aws_s3_bucket_acl.this",
            "module.s3_logging.aws_s3_bucket_ownership_controls.this",
            "module.s3_logging.aws_s3_bucket_policy.this"
          ]
        }
      ]
    },
    {
      "module": "module.app_ecs",
      "mode": "managed",
      "type": "aws_ecs_cluster",
      "name": "this",
      "provider": "provider[\"registry.terraform.io/hashicorp/aws\"]",
      "instances": [
        {
          "schema_version": 0,
          "attributes": {
            "arn": "arn:aws:ecs:eu-central-1:216989105561:cluster/app-cluster",
            "configuration": [],
            "id": "arn:aws:ecs:eu-central-1:216989105561:cluster/app-cluster",
            "name": "app-cluster",
            "service_connect_defaults": [],
            "setting": [
              {
                "name": "containerInsights",
                "value": "disabled"
              }
            ],
            "tags": {},
            "tags_all": {}
          },
          "sensitive_attributes": [],
          "private": "bnVsbA==",
          "dependencies": [
            "module.app_alb.aws_lb.this",
            "module.app_alb.aws_lb_listener.http",
            "module.app_alb.aws_lb_target_group.this",
            "module.app_alb.aws_security_group.alb",
            "module.app_vpc.module.vpc.aws_subnet.public",
            "module.app_vpc.module.vpc.aws_vpc.this",
            "module.app_vpc.module.vpc.aws_vpc_ipv4_cidr_block_association.this",
            "module.s3_logging.aws_s3_bucket.this",
            "module.s3_logging.aws_s3_bucket_acl.this",
            "module.s3_logging.aws_s3_bucket_ownership_controls.this",
            "module.s3_logging.aws_s3_bucket_policy.this"
          ]
        }
      ]
    },
    {
      "module": "module.app_ecs",
      "mode": "managed",
      "type": "aws_ecs_cluster_capacity_providers",
      "name": "this",
      "provider": "provider[\"registry.terraform.io/hashicorp/aws\"]",
      "instances": [
        {
          "schema_version": 0,
          "attributes": {
            "capacity_providers": [
              "app-ecs-cp"
            ],
            "cluster_name": "app-cluster",
            "default_capacity_provider_strategy": [
              {
                "base": 1,
                "capacity_provider": "app-ecs-cp",
                "weight": 100
              }
            ],
            "id": "app-cluster"
          },
          "sensitive_attributes": [],
          "private": "bnVsbA==",
          "dependencies": [
            "module.app_alb.aws_lb.this",
            "module.app_alb.aws_lb_listener.http",
            "module.app_alb.aws_lb_target_group.this",
            "module.app_alb.aws_security_group.alb",
            "module.app_ecs.aws_autoscaling_group.ecs",
            "module.app_ecs.aws_ecs_capacity_provider.this",
            "module.app_ecs.aws_ecs_cluster.this",
            "module.app_ecs.aws_iam_instance_profile.ecs_instance_profile",
            "module.app_ecs.aws_iam_role.ecs_instance_role",
            "module.app_ecs.aws_launch_template.ecs",
            "module.app_ecs.aws_security_group.ecs_instance_sg",
            "module.app_ecs.data.aws_ssm_parameter.ecs_ami",
            "module.app_vpc.module.vpc.aws_subnet.private",
            "module.app_vpc.module.vpc.aws_subnet.public",
            "module.app_vpc.module.vpc.aws_vpc.this",
            "module.app_vpc.module.vpc.aws_vpc_ipv4_cidr_block_association.this",
            "module.s3_logging.aws_s3_bucket.this",
            "module.s3_logging.aws_s3_bucket_acl.this",
            "module.s3_logging.aws_s3_bucket_ownership_controls.this",
            "module.s3_logging.aws_s3_bucket_policy.this"
          ]
        }
      ]
    },
    {
      "module": "module.app_ecs",
      "mode": "managed",
      "type": "aws_ecs_service",
      "name": "this",
      "provider": "provider[\"registry.terraform.io/hashicorp/aws\"]",
      "instances": [
        {
          "schema_version": 1,
          "attributes": {
            "alarms": [],
            "availability_zone_rebalancing": "DISABLED",
            "capacity_provider_strategy": [
              {
                "base": 0,
                "capacity_provider": "app-ecs-cp",
                "weight": 1
              }
            ],
            "cluster": "arn:aws:ecs:eu-central-1:216989105561:cluster/app-cluster",
            "deployment_circuit_breaker": [
              {
                "enable": false,
                "rollback": false
              }
            ],
            "deployment_controller": [
              {
                "type": "ECS"
              }
            ],
            "deployment_maximum_percent": 200,
            "deployment_minimum_healthy_percent": 100,
            "desired_count": 2,
            "enable_ecs_managed_tags": false,
            "enable_execute_command": false,
            "force_delete": null,
            "force_new_deployment": null,
            "health_check_grace_period_seconds": 30,
            "iam_role": "/aws-service-role/ecs.amazonaws.com/AWSServiceRoleForECS",
            "id": "arn:aws:ecs:eu-central-1:216989105561:service/app-cluster/app-service",
            "launch_type": "",
            "load_balancer": [
              {
                "container_name": "hello-world",
                "container_port": 8080,
                "elb_name": "",
                "target_group_arn": "arn:aws:elasticloadbalancing:eu-central-1:216989105561:targetgroup/tg-20250324210758238000000005/df62d56ae5a497e4"
              }
            ],
            "name": "app-service",
            "network_configuration": [],
            "ordered_placement_strategy": [],
            "placement_constraints": [],
            "platform_version": "",
            "propagate_tags": "NONE",
            "scheduling_strategy": "REPLICA",
            "service_connect_configuration": [],
            "service_registries": [],
            "tags": {},
            "tags_all": {},
            "task_definition": "arn:aws:ecs:eu-central-1:216989105561:task-definition/app-task:10",
            "timeouts": null,
            "triggers": {},
            "volume_configuration": [],
            "vpc_lattice_configurations": [],
            "wait_for_steady_state": false
          },
          "sensitive_attributes": [],
          "private": "eyJlMmJmYjczMC1lY2FhLTExZTYtOGY4OC0zNDM2M2JjN2M0YzAiOnsiY3JlYXRlIjoxMjAwMDAwMDAwMDAwLCJkZWxldGUiOjEyMDAwMDAwMDAwMDAsInVwZGF0ZSI6MTIwMDAwMDAwMDAwMH0sInNjaGVtYV92ZXJzaW9uIjoiMSJ9",
          "dependencies": [
            "module.app_alb.aws_lb.this",
            "module.app_alb.aws_lb_listener.http",
            "module.app_alb.aws_lb_target_group.this",
            "module.app_alb.aws_security_group.alb",
            "module.app_ecs.aws_autoscaling_group.ecs",
            "module.app_ecs.aws_ecs_capacity_provider.this",
            "module.app_ecs.aws_ecs_cluster.this",
            "module.app_ecs.aws_ecs_cluster_capacity_providers.this",
            "module.app_ecs.aws_ecs_task_definition.this",
            "module.app_ecs.aws_iam_instance_profile.ecs_instance_profile",
            "module.app_ecs.aws_iam_role.ecs_instance_role",
            "module.app_ecs.aws_launch_template.ecs",
            "module.app_ecs.aws_security_group.ecs_instance_sg",
            "module.app_ecs.data.aws_ssm_parameter.ecs_ami",
            "module.app_vpc.module.vpc.aws_subnet.private",
            "module.app_vpc.module.vpc.aws_subnet.public",
            "module.app_vpc.module.vpc.aws_vpc.this",
            "module.app_vpc.module.vpc.aws_vpc_ipv4_cidr_block_association.this",
            "module.s3_logging.aws_s3_bucket.this",
            "module.s3_logging.aws_s3_bucket_acl.this",
            "module.s3_logging.aws_s3_bucket_ownership_controls.this",
            "module.s3_logging.aws_s3_bucket_policy.this"
          ]
        }
      ]
    },
    {
      "module": "module.app_ecs",
      "mode": "managed",
      "type": "aws_ecs_task_definition",
      "name": "this",
      "provider": "provider[\"registry.terraform.io/hashicorp/aws\"]",
      "instances": [
        {
          "schema_version": 1,
          "attributes": {
            "arn": "arn:aws:ecs:eu-central-1:216989105561:task-definition/app-task:10",
            "arn_without_revision": "arn:aws:ecs:eu-central-1:216989105561:task-definition/app-task",
            "container_definitions": "[{\"cpu\":128,\"environment\":[],\"essential\":true,\"image\":\"infrastructureascode/hello-world\",\"logConfiguration\":{\"logDriver\":\"awslogs\",\"options\":{\"awslogs-group\":\"/ecs/app-task\",\"awslogs-region\":\"eu-central-1\",\"awslogs-stream-prefix\":\"ecs\"}},\"memory\":512,\"mountPoints\":[],\"name\":\"hello-world\",\"portMappings\":[{\"containerPort\":8080,\"hostPort\":0,\"protocol\":\"tcp\"}],\"systemControls\":[],\"volumesFrom\":[]}]",
            "cpu": "",
            "enable_fault_injection": false,
            "ephemeral_storage": [],
            "execution_role_arn": "",
            "family": "app-task",
            "id": "app-task",
            "inference_accelerator": [],
            "ipc_mode": "",
            "memory": "",
            "network_mode": "bridge",
            "pid_mode": "",
            "placement_constraints": [],
            "proxy_configuration": [],
            "requires_compatibilities": [],
            "revision": 10,
            "runtime_platform": [],
            "skip_destroy": false,
            "tags": {},
            "tags_all": {},
            "task_role_arn": "",
            "track_latest": false,
            "volume": []
          },
          "sensitive_attributes": [],
          "private": "eyJzY2hlbWFfdmVyc2lvbiI6IjEifQ==",
          "dependencies": [
            "module.app_alb.aws_lb.this",
            "module.app_alb.aws_lb_listener.http",
            "module.app_alb.aws_lb_target_group.this",
            "module.app_alb.aws_security_group.alb",
            "module.app_vpc.module.vpc.aws_subnet.public",
            "module.app_vpc.module.vpc.aws_vpc.this",
            "module.app_vpc.module.vpc.aws_vpc_ipv4_cidr_block_association.this",
            "module.s3_logging.aws_s3_bucket.this",
            "module.s3_logging.aws_s3_bucket_acl.this",
            "module.s3_logging.aws_s3_bucket_ownership_controls.this",
            "module.s3_logging.aws_s3_bucket_policy.this"
          ]
        }
      ]
    },
    {
      "module": "module.app_ecs",
      "mode": "managed",
      "type": "aws_iam_instance_profile",
      "name": "ecs_instance_profile",
      "provider": "provider[\"registry.terraform.io/hashicorp/aws\"]",
      "instances": [
        {
          "schema_version": 0,
          "attributes": {
            "arn": "arn:aws:iam::216989105561:instance-profile/app-ecs-instance-profile",
            "create_date": "2025-03-24T21:58:07Z",
            "id": "app-ecs-instance-profile",
            "name": "app-ecs-instance-profile",
            "name_prefix": "",
            "path": "/",
            "role": "app-ecs-instance-role",
            "tags": {},
            "tags_all": {},
            "unique_id": "AIPATFBMO7WMV6YN5Q4UV"
          },
          "sensitive_attributes": [],
          "private": "bnVsbA==",
          "dependencies": [
            "module.app_alb.aws_lb.this",
            "module.app_alb.aws_lb_listener.http",
            "module.app_alb.aws_lb_target_group.this",
            "module.app_alb.aws_security_group.alb",
            "module.app_ecs.aws_iam_role.ecs_instance_role",
            "module.app_vpc.module.vpc.aws_subnet.public",
            "module.app_vpc.module.vpc.aws_vpc.this",
            "module.app_vpc.module.vpc.aws_vpc_ipv4_cidr_block_association.this",
            "module.s3_logging.aws_s3_bucket.this",
            "module.s3_logging.aws_s3_bucket_acl.this",
            "module.s3_logging.aws_s3_bucket_ownership_controls.this",
            "module.s3_logging.aws_s3_bucket_policy.this"
          ]
        }
      ]
    },
    {
      "module": "module.app_ecs",
      "mode": "managed",
      "type": "aws_iam_role",
      "name": "ecs_instance_role",
      "provider": "provider[\"registry.terraform.io/hashicorp/aws\"]",
      "instances": [
        {
          "schema_version": 0,
          "attributes": {
            "arn": "arn:aws:iam::216989105561:role/app-ecs-instance-role",
            "assume_role_policy": "{\"Statement\":[{\"Action\":\"sts:AssumeRole\",\"Effect\":\"Allow\",\"Principal\":{\"Service\":\"ec2.amazonaws.com\"}}],\"Version\":\"2012-10-17\"}",
            "create_date": "2025-03-24T21:58:06Z",
            "description": "",
            "force_detach_policies": false,
            "id": "app-ecs-instance-role",
            "inline_policy": [],
            "managed_policy_arns": [
              "arn:aws:iam::aws:policy/service-role/AmazonEC2ContainerServiceforEC2Role"
            ],
            "max_session_duration": 3600,
            "name": "app-ecs-instance-role",
            "name_prefix": "",
            "path": "/",
            "permissions_boundary": "",
            "tags": {},
            "tags_all": {},
            "unique_id": "AROATFBMO7WMWFO4GLR64"
          },
          "sensitive_attributes": [],
          "private": "bnVsbA==",
          "dependencies": [
            "module.app_alb.aws_lb.this",
            "module.app_alb.aws_lb_listener.http",
            "module.app_alb.aws_lb_target_group.this",
            "module.app_alb.aws_security_group.alb",
            "module.app_vpc.module.vpc.aws_subnet.public",
            "module.app_vpc.module.vpc.aws_vpc.this",
            "module.app_vpc.module.vpc.aws_vpc_ipv4_cidr_block_association.this",
            "module.s3_logging.aws_s3_bucket.this",
            "module.s3_logging.aws_s3_bucket_acl.this",
            "module.s3_logging.aws_s3_bucket_ownership_controls.this",
            "module.s3_logging.aws_s3_bucket_policy.this"
          ]
        }
      ]
    },
    {
      "module": "module.app_ecs",
      "mode": "managed",
      "type": "aws_iam_role_policy_attachment",
      "name": "ecs_instance_policy",
      "provider": "provider[\"registry.terraform.io/hashicorp/aws\"]",
      "instances": [
        {
          "schema_version": 0,
          "attributes": {
            "id": "app-ecs-instance-role-20250324215807138200000004",
            "policy_arn": "arn:aws:iam::aws:policy/service-role/AmazonEC2ContainerServiceforEC2Role",
            "role": "app-ecs-instance-role"
          },
          "sensitive_attributes": [],
          "private": "bnVsbA==",
          "dependencies": [
            "module.app_alb.aws_lb.this",
            "module.app_alb.aws_lb_listener.http",
            "module.app_alb.aws_lb_target_group.this",
            "module.app_alb.aws_security_group.alb",
            "module.app_ecs.aws_iam_role.ecs_instance_role",
            "module.app_vpc.module.vpc.aws_subnet.public",
            "module.app_vpc.module.vpc.aws_vpc.this",
            "module.app_vpc.module.vpc.aws_vpc_ipv4_cidr_block_association.this",
            "module.s3_logging.aws_s3_bucket.this",
            "module.s3_logging.aws_s3_bucket_acl.this",
            "module.s3_logging.aws_s3_bucket_ownership_controls.this",
            "module.s3_logging.aws_s3_bucket_policy.this"
          ]
        }
      ]
    },
    {
      "module": "module.app_ecs",
      "mode": "managed",
      "type": "aws_launch_template",
      "name": "ecs",
      "provider": "provider[\"registry.terraform.io/hashicorp/aws\"]",
      "instances": [
        {
          "schema_version": 0,
          "attributes": {
            "arn": "arn:aws:ec2:eu-central-1:216989105561:launch-template/lt-081ae29ebd760242e",
            "block_device_mappings": [],
            "capacity_reservation_specification": [],
            "cpu_options": [],
            "credit_specification": [],
            "default_version": 1,
            "description": "",
            "disable_api_stop": false,
            "disable_api_termination": false,
            "ebs_optimized": "",
            "elastic_gpu_specifications": [],
            "elastic_inference_accelerator": [],
            "enclave_options": [],
            "hibernation_options": [],
            "iam_instance_profile": [
              {
                "arn": "arn:aws:iam::216989105561:instance-profile/app-ecs-instance-profile",
                "name": ""
              }
            ],
            "id": "lt-081ae29ebd760242e",
            "image_id": "ami-04db185cff1b4ffcb",
            "instance_initiated_shutdown_behavior": "",
            "instance_market_options": [],
            "instance_requirements": [],
            "instance_type": "t3.micro",
            "kernel_id": "",
            "key_name": "",
            "latest_version": 1,
            "license_specification": [],
            "maintenance_options": [],
            "metadata_options": [],
            "monitoring": [],
            "name": "app-ecs-20250324215816433200000005",
            "name_prefix": "app-ecs-",
            "network_interfaces": [],
            "placement": [],
            "private_dns_name_options": [],
            "ram_disk_id": "",
            "security_group_names": [],
            "tag_specifications": [],
            "tags": {},
            "tags_all": {},
            "update_default_version": null,
            "user_data": "IyEvYmluL2Jhc2gNCmVjaG8gRUNTX0NMVVNURVI9YXBwLWNsdXN0ZXIgPj4gL2V0Yy9lY3MvZWNzLmNvbmZpZw0K",
            "vpc_security_group_ids": [
              "sg-019b27bb047eec625"
            ]
          },
          "sensitive_attributes": [
            [
              {
                "type": "get_attr",
                "value": "image_id"
              }
            ]
          ],
          "private": "bnVsbA==",
          "dependencies": [
            "module.app_alb.aws_lb.this",
            "module.app_alb.aws_lb_listener.http",
            "module.app_alb.aws_lb_target_group.this",
            "module.app_alb.aws_security_group.alb",
            "module.app_ecs.aws_ecs_cluster.this",
            "module.app_ecs.aws_iam_instance_profile.ecs_instance_profile",
            "module.app_ecs.aws_iam_role.ecs_instance_role",
            "module.app_ecs.aws_security_group.ecs_instance_sg",
            "module.app_ecs.data.aws_ssm_parameter.ecs_ami",
            "module.app_vpc.module.vpc.aws_subnet.public",
            "module.app_vpc.module.vpc.aws_vpc.this",
            "module.app_vpc.module.vpc.aws_vpc_ipv4_cidr_block_association.this",
            "module.s3_logging.aws_s3_bucket.this",
            "module.s3_logging.aws_s3_bucket_acl.this",
            "module.s3_logging.aws_s3_bucket_ownership_controls.this",
            "module.s3_logging.aws_s3_bucket_policy.this"
          ]
        }
      ]
    },
    {
      "module": "module.app_ecs",
      "mode": "managed",
      "type": "aws_security_group",
      "name": "ecs_instance_sg",
      "provider": "provider[\"registry.terraform.io/hashicorp/aws\"]",
      "instances": [
        {
          "schema_version": 1,
          "attributes": {
            "arn": "arn:aws:ec2:eu-central-1:216989105561:security-group/sg-019b27bb047eec625",
            "description": "Managed by Terraform",
            "egress": [
              {
                "cidr_blocks": [
                  "0.0.0.0/0"
                ],
                "description": "",
                "from_port": 0,
                "ipv6_cidr_blocks": [],
                "prefix_list_ids": [],
                "protocol": "-1",
                "security_groups": [],
                "self": false,
                "to_port": 0
              }
            ],
            "id": "sg-019b27bb047eec625",
            "ingress": [
              {
                "cidr_blocks": [],
                "description": "",
                "from_port": 32768,
                "ipv6_cidr_blocks": [],
                "prefix_list_ids": [],
                "protocol": "tcp",
                "security_groups": [
                  "sg-07c52c606dd50afdd"
                ],
                "self": false,
                "to_port": 65535
              }
            ],
            "name": "app-ecs-sg-20250324215805784500000002",
            "name_prefix": "app-ecs-sg-",
            "owner_id": "216989105561",
            "revoke_rules_on_delete": false,
            "tags": {},
            "tags_all": {},
            "timeouts": null,
            "vpc_id": "vpc-0a3a99d7dc3670a4d"
          },
          "sensitive_attributes": [],
          "private": "eyJlMmJmYjczMC1lY2FhLTExZTYtOGY4OC0zNDM2M2JjN2M0YzAiOnsiY3JlYXRlIjo2MDAwMDAwMDAwMDAsImRlbGV0ZSI6OTAwMDAwMDAwMDAwfSwic2NoZW1hX3ZlcnNpb24iOiIxIn0=",
          "dependencies": [
            "module.app_alb.aws_lb.this",
            "module.app_alb.aws_lb_listener.http",
            "module.app_alb.aws_lb_target_group.this",
            "module.app_alb.aws_security_group.alb",
            "module.app_vpc.module.vpc.aws_subnet.public",
            "module.app_vpc.module.vpc.aws_vpc.this",
            "module.app_vpc.module.vpc.aws_vpc_ipv4_cidr_block_association.this",
            "module.s3_logging.aws_s3_bucket.this",
            "module.s3_logging.aws_s3_bucket_acl.this",
            "module.s3_logging.aws_s3_bucket_ownership_controls.this",
            "module.s3_logging.aws_s3_bucket_policy.this"
          ]
        }
      ]
    },
    {
      "module": "module.app_vpc.module.vpc",
      "mode": "data",
      "type": "aws_caller_identity",
      "name": "current",
      "provider": "provider[\"registry.terraform.io/hashicorp/aws\"]",
      "instances": []
    },
    {
      "module": "module.app_vpc.module.vpc",
      "mode": "data",
      "type": "aws_iam_policy_document",
      "name": "flow_log_cloudwatch_assume_role",
      "provider": "provider[\"registry.terraform.io/hashicorp/aws\"]",
      "instances": []
    },
    {
      "module": "module.app_vpc.module.vpc",
      "mode": "data",
      "type": "aws_iam_policy_document",
      "name": "vpc_flow_log_cloudwatch",
      "provider": "provider[\"registry.terraform.io/hashicorp/aws\"]",
      "instances": []
    },
    {
      "module": "module.app_vpc.module.vpc",
      "mode": "data",
      "type": "aws_partition",
      "name": "current",
      "provider": "provider[\"registry.terraform.io/hashicorp/aws\"]",
      "instances": []
    },
    {
      "module": "module.app_vpc.module.vpc",
      "mode": "data",
      "type": "aws_region",
      "name": "current",
      "provider": "provider[\"registry.terraform.io/hashicorp/aws\"]",
      "instances": []
    },
    {
      "module": "module.app_vpc.module.vpc",
      "mode": "managed",
      "type": "aws_cloudwatch_log_group",
      "name": "flow_log",
      "provider": "provider[\"registry.terraform.io/hashicorp/aws\"]",
      "instances": []
    },
    {
      "module": "module.app_vpc.module.vpc",
      "mode": "managed",
      "type": "aws_customer_gateway",
      "name": "this",
      "provider": "provider[\"registry.terraform.io/hashicorp/aws\"]",
      "instances": []
    },
    {
      "module": "module.app_vpc.module.vpc",
      "mode": "managed",
      "type": "aws_db_subnet_group",
      "name": "database",
      "provider": "provider[\"registry.terraform.io/hashicorp/aws\"]",
      "instances": []
    },
    {
      "module": "module.app_vpc.module.vpc",
      "mode": "managed",
      "type": "aws_default_network_acl",
      "name": "this",
      "provider": "provider[\"registry.terraform.io/hashicorp/aws\"]",
      "instances": [
        {
          "index_key": 0,
          "schema_version": 0,
          "attributes": {
            "arn": "arn:aws:ec2:eu-central-1:216989105561:network-acl/acl-01bd35429c943db2e",
            "default_network_acl_id": "acl-01bd35429c943db2e",
            "egress": [
              {
                "action": "allow",
                "cidr_block": "",
                "from_port": 0,
                "icmp_code": 0,
                "icmp_type": 0,
                "ipv6_cidr_block": "::/0",
                "protocol": "-1",
                "rule_no": 101,
                "to_port": 0
              },
              {
                "action": "allow",
                "cidr_block": "0.0.0.0/0",
                "from_port": 0,
                "icmp_code": 0,
                "icmp_type": 0,
                "ipv6_cidr_block": "",
                "protocol": "-1",
                "rule_no": 100,
                "to_port": 0
              }
            ],
            "id": "acl-01bd35429c943db2e",
            "ingress": [
              {
                "action": "allow",
                "cidr_block": "",
                "from_port": 0,
                "icmp_code": 0,
                "icmp_type": 0,
                "ipv6_cidr_block": "::/0",
                "protocol": "-1",
                "rule_no": 101,
                "to_port": 0
              },
              {
                "action": "allow",
                "cidr_block": "0.0.0.0/0",
                "from_port": 0,
                "icmp_code": 0,
                "icmp_type": 0,
                "ipv6_cidr_block": "",
                "protocol": "-1",
                "rule_no": 100,
                "to_port": 0
              }
            ],
            "owner_id": "216989105561",
            "subnet_ids": [
              "subnet-0201e96ba54231489",
              "subnet-0945d1269749d3f79",
              "subnet-0d473566cae17d47b",
              "subnet-0d6a9d58fc3514f09"
            ],
            "tags": {
              "Name": "app-vpc-default"
            },
            "tags_all": {
              "Name": "app-vpc-default"
            },
            "vpc_id": "vpc-0a3a99d7dc3670a4d"
          },
          "sensitive_attributes": [],
          "private": "bnVsbA==",
          "dependencies": [
            "module.app_vpc.module.vpc.aws_vpc.this"
          ]
        }
      ]
    },
    {
      "module": "module.app_vpc.module.vpc",
      "mode": "managed",
      "type": "aws_default_route_table",
      "name": "default",
      "provider": "provider[\"registry.terraform.io/hashicorp/aws\"]",
      "instances": [
        {
          "index_key": 0,
          "schema_version": 0,
          "attributes": {
            "arn": "arn:aws:ec2:eu-central-1:216989105561:route-table/rtb-038fc1e5914a24da4",
            "default_route_table_id": "rtb-038fc1e5914a24da4",
            "id": "rtb-038fc1e5914a24da4",
            "owner_id": "216989105561",
            "propagating_vgws": [],
            "route": [],
            "tags": {
              "Name": "app-vpc-default"
            },
            "tags_all": {
              "Name": "app-vpc-default"
            },
            "timeouts": {
              "create": "5m",
              "update": "5m"
            },
            "vpc_id": "vpc-0a3a99d7dc3670a4d"
          },
          "sensitive_attributes": [],
          "private": "eyJlMmJmYjczMC1lY2FhLTExZTYtOGY4OC0zNDM2M2JjN2M0YzAiOnsiY3JlYXRlIjozMDAwMDAwMDAwMDAsInVwZGF0ZSI6MzAwMDAwMDAwMDAwfX0=",
          "dependencies": [
            "module.app_vpc.module.vpc.aws_vpc.this"
          ]
        }
      ]
    },
    {
      "module": "module.app_vpc.module.vpc",
      "mode": "managed",
      "type": "aws_default_security_group",
      "name": "this",
      "provider": "provider[\"registry.terraform.io/hashicorp/aws\"]",
      "instances": [
        {
          "index_key": 0,
          "schema_version": 1,
          "attributes": {
            "arn": "arn:aws:ec2:eu-central-1:216989105561:security-group/sg-02708906f219d7823",
            "description": "default VPC security group",
            "egress": [],
            "id": "sg-02708906f219d7823",
            "ingress": [],
            "name": "default",
            "name_prefix": "",
            "owner_id": "216989105561",
            "revoke_rules_on_delete": false,
            "tags": {
              "Name": "app-vpc-default"
            },
            "tags_all": {
              "Name": "app-vpc-default"
            },
            "vpc_id": "vpc-0a3a99d7dc3670a4d"
          },
          "sensitive_attributes": [],
          "private": "eyJzY2hlbWFfdmVyc2lvbiI6IjEifQ==",
          "dependencies": [
            "module.app_vpc.module.vpc.aws_vpc.this"
          ]
        }
      ]
    },
    {
      "module": "module.app_vpc.module.vpc",
      "mode": "managed",
      "type": "aws_default_vpc",
      "name": "this",
      "provider": "provider[\"registry.terraform.io/hashicorp/aws\"]",
      "instances": []
    },
    {
      "module": "module.app_vpc.module.vpc",
      "mode": "managed",
      "type": "aws_egress_only_internet_gateway",
      "name": "this",
      "provider": "provider[\"registry.terraform.io/hashicorp/aws\"]",
      "instances": []
    },
    {
      "module": "module.app_vpc.module.vpc",
      "mode": "managed",
      "type": "aws_eip",
      "name": "nat",
      "provider": "provider[\"registry.terraform.io/hashicorp/aws\"]",
      "instances": [
        {
          "index_key": 0,
          "schema_version": 0,
          "attributes": {
            "address": null,
            "allocation_id": "eipalloc-08a5d0e82bdd538eb",
            "arn": "arn:aws:ec2:eu-central-1:216989105561:elastic-ip/eipalloc-08a5d0e82bdd538eb",
            "associate_with_private_ip": null,
            "association_id": "eipassoc-05e9f2b81bf52d89a",
            "carrier_ip": "",
            "customer_owned_ip": "",
            "customer_owned_ipv4_pool": "",
            "domain": "vpc",
            "id": "eipalloc-08a5d0e82bdd538eb",
            "instance": "",
            "ipam_pool_id": null,
            "network_border_group": "eu-central-1",
            "network_interface": "eni-00006884f0fb5fe9a",
            "private_dns": "ip-10-40-3-165.eu-central-1.compute.internal",
            "private_ip": "10.40.3.165",
            "ptr_record": "",
            "public_dns": "ec2-3-71-135-171.eu-central-1.compute.amazonaws.com",
            "public_ip": "3.71.135.171",
            "public_ipv4_pool": "amazon",
            "tags": {
              "Name": "app-vpc-eu-central-1a"
            },
            "tags_all": {
              "Name": "app-vpc-eu-central-1a"
            },
            "timeouts": null,
            "vpc": true
          },
          "sensitive_attributes": [],
          "private": "eyJlMmJmYjczMC1lY2FhLTExZTYtOGY4OC0zNDM2M2JjN2M0YzAiOnsiZGVsZXRlIjoxODAwMDAwMDAwMDAsInJlYWQiOjkwMDAwMDAwMDAwMCwidXBkYXRlIjozMDAwMDAwMDAwMDB9fQ==",
          "dependencies": [
            "module.app_vpc.module.vpc.aws_internet_gateway.this",
            "module.app_vpc.module.vpc.aws_vpc.this",
            "module.app_vpc.module.vpc.aws_vpc_ipv4_cidr_block_association.this"
          ]
        }
      ]
    },
    {
      "module": "module.app_vpc.module.vpc",
      "mode": "managed",
      "type": "aws_elasticache_subnet_group",
      "name": "elasticache",
      "provider": "provider[\"registry.terraform.io/hashicorp/aws\"]",
      "instances": []
    },
    {
      "module": "module.app_vpc.module.vpc",
      "mode": "managed",
      "type": "aws_flow_log",
      "name": "this",
      "provider": "provider[\"registry.terraform.io/hashicorp/aws\"]",
      "instances": []
    },
    {
      "module": "module.app_vpc.module.vpc",
      "mode": "managed",
      "type": "aws_iam_policy",
      "name": "vpc_flow_log_cloudwatch",
      "provider": "provider[\"registry.terraform.io/hashicorp/aws\"]",
      "instances": []
    },
    {
      "module": "module.app_vpc.module.vpc",
      "mode": "managed",
      "type": "aws_iam_role",
      "name": "vpc_flow_log_cloudwatch",
      "provider": "provider[\"registry.terraform.io/hashicorp/aws\"]",
      "instances": []
    },
    {
      "module": "module.app_vpc.module.vpc",
      "mode": "managed",
      "type": "aws_iam_role_policy_attachment",
      "name": "vpc_flow_log_cloudwatch",
      "provider": "provider[\"registry.terraform.io/hashicorp/aws\"]",
      "instances": []
    },
    {
      "module": "module.app_vpc.module.vpc",
      "mode": "managed",
      "type": "aws_internet_gateway",
      "name": "this",
      "provider": "provider[\"registry.terraform.io/hashicorp/aws\"]",
      "instances": [
        {
          "index_key": 0,
          "schema_version": 0,
          "attributes": {
            "arn": "arn:aws:ec2:eu-central-1:216989105561:internet-gateway/igw-07f3e0157a3e1bc69",
            "id": "igw-07f3e0157a3e1bc69",
            "owner_id": "216989105561",
            "tags": {
              "Name": "app-vpc"
            },
            "tags_all": {
              "Name": "app-vpc"
            },
            "timeouts": null,
            "vpc_id": "vpc-0a3a99d7dc3670a4d"
          },
          "sensitive_attributes": [],
          "private": "eyJlMmJmYjczMC1lY2FhLTExZTYtOGY4OC0zNDM2M2JjN2M0YzAiOnsiY3JlYXRlIjoxMjAwMDAwMDAwMDAwLCJkZWxldGUiOjEyMDAwMDAwMDAwMDAsInVwZGF0ZSI6MTIwMDAwMDAwMDAwMH19",
          "dependencies": [
            "module.app_vpc.module.vpc.aws_vpc.this",
            "module.app_vpc.module.vpc.aws_vpc_ipv4_cidr_block_association.this"
          ]
        }
      ]
    },
    {
      "module": "module.app_vpc.module.vpc",
      "mode": "managed",
      "type": "aws_nat_gateway",
      "name": "this",
      "provider": "provider[\"registry.terraform.io/hashicorp/aws\"]",
      "instances": [
        {
          "index_key": 0,
          "schema_version": 0,
          "attributes": {
            "allocation_id": "eipalloc-08a5d0e82bdd538eb",
            "association_id": "eipassoc-05e9f2b81bf52d89a",
            "connectivity_type": "public",
            "id": "nat-0cb8fd8a97ff7efaa",
            "network_interface_id": "eni-00006884f0fb5fe9a",
            "private_ip": "10.40.3.165",
            "public_ip": "3.71.135.171",
            "secondary_allocation_ids": [],
            "secondary_private_ip_address_count": 0,
            "secondary_private_ip_addresses": [],
            "subnet_id": "subnet-0201e96ba54231489",
            "tags": {
              "Name": "app-vpc-eu-central-1a"
            },
            "tags_all": {
              "Name": "app-vpc-eu-central-1a"
            },
            "timeouts": null
          },
          "sensitive_attributes": [],
          "private": "eyJlMmJmYjczMC1lY2FhLTExZTYtOGY4OC0zNDM2M2JjN2M0YzAiOnsiY3JlYXRlIjo2MDAwMDAwMDAwMDAsImRlbGV0ZSI6MTgwMDAwMDAwMDAwMCwidXBkYXRlIjo2MDAwMDAwMDAwMDB9fQ==",
          "dependencies": [
            "module.app_vpc.module.vpc.aws_eip.nat",
            "module.app_vpc.module.vpc.aws_internet_gateway.this",
            "module.app_vpc.module.vpc.aws_subnet.public",
            "module.app_vpc.module.vpc.aws_vpc.this",
            "module.app_vpc.module.vpc.aws_vpc_ipv4_cidr_block_association.this"
          ]
        }
      ]
    },
    {
      "module": "module.app_vpc.module.vpc",
      "mode": "managed",
      "type": "aws_network_acl",
      "name": "database",
      "provider": "provider[\"registry.terraform.io/hashicorp/aws\"]",
      "instances": []
    },
    {
      "module": "module.app_vpc.module.vpc",
      "mode": "managed",
      "type": "aws_network_acl",
      "name": "elasticache",
      "provider": "provider[\"registry.terraform.io/hashicorp/aws\"]",
      "instances": []
    },
    {
      "module": "module.app_vpc.module.vpc",
      "mode": "managed",
      "type": "aws_network_acl",
      "name": "intra",
      "provider": "provider[\"registry.terraform.io/hashicorp/aws\"]",
      "instances": []
    },
    {
      "module": "module.app_vpc.module.vpc",
      "mode": "managed",
      "type": "aws_network_acl",
      "name": "outpost",
      "provider": "provider[\"registry.terraform.io/hashicorp/aws\"]",
      "instances": []
    },
    {
      "module": "module.app_vpc.module.vpc",
      "mode": "managed",
      "type": "aws_network_acl",
      "name": "private",
      "provider": "provider[\"registry.terraform.io/hashicorp/aws\"]",
      "instances": []
    },
    {
      "module": "module.app_vpc.module.vpc",
      "mode": "managed",
      "type": "aws_network_acl",
      "name": "public",
      "provider": "provider[\"registry.terraform.io/hashicorp/aws\"]",
      "instances": []
    },
    {
      "module": "module.app_vpc.module.vpc",
      "mode": "managed",
      "type": "aws_network_acl",
      "name": "redshift",
      "provider": "provider[\"registry.terraform.io/hashicorp/aws\"]",
      "instances": []
    },
    {
      "module": "module.app_vpc.module.vpc",
      "mode": "managed",
      "type": "aws_network_acl_rule",
      "name": "database_inbound",
      "provider": "provider[\"registry.terraform.io/hashicorp/aws\"]",
      "instances": []
    },
    {
      "module": "module.app_vpc.module.vpc",
      "mode": "managed",
      "type": "aws_network_acl_rule",
      "name": "database_outbound",
      "provider": "provider[\"registry.terraform.io/hashicorp/aws\"]",
      "instances": []
    },
    {
      "module": "module.app_vpc.module.vpc",
      "mode": "managed",
      "type": "aws_network_acl_rule",
      "name": "elasticache_inbound",
      "provider": "provider[\"registry.terraform.io/hashicorp/aws\"]",
      "instances": []
    },
    {
      "module": "module.app_vpc.module.vpc",
      "mode": "managed",
      "type": "aws_network_acl_rule",
      "name": "elasticache_outbound",
      "provider": "provider[\"registry.terraform.io/hashicorp/aws\"]",
      "instances": []
    },
    {
      "module": "module.app_vpc.module.vpc",
      "mode": "managed",
      "type": "aws_network_acl_rule",
      "name": "intra_inbound",
      "provider": "provider[\"registry.terraform.io/hashicorp/aws\"]",
      "instances": []
    },
    {
      "module": "module.app_vpc.module.vpc",
      "mode": "managed",
      "type": "aws_network_acl_rule",
      "name": "intra_outbound",
      "provider": "provider[\"registry.terraform.io/hashicorp/aws\"]",
      "instances": []
    },
    {
      "module": "module.app_vpc.module.vpc",
      "mode": "managed",
      "type": "aws_network_acl_rule",
      "name": "outpost_inbound",
      "provider": "provider[\"registry.terraform.io/hashicorp/aws\"]",
      "instances": []
    },
    {
      "module": "module.app_vpc.module.vpc",
      "mode": "managed",
      "type": "aws_network_acl_rule",
      "name": "outpost_outbound",
      "provider": "provider[\"registry.terraform.io/hashicorp/aws\"]",
      "instances": []
    },
    {
      "module": "module.app_vpc.module.vpc",
      "mode": "managed",
      "type": "aws_network_acl_rule",
      "name": "private_inbound",
      "provider": "provider[\"registry.terraform.io/hashicorp/aws\"]",
      "instances": []
    },
    {
      "module": "module.app_vpc.module.vpc",
      "mode": "managed",
      "type": "aws_network_acl_rule",
      "name": "private_outbound",
      "provider": "provider[\"registry.terraform.io/hashicorp/aws\"]",
      "instances": []
    },
    {
      "module": "module.app_vpc.module.vpc",
      "mode": "managed",
      "type": "aws_network_acl_rule",
      "name": "public_inbound",
      "provider": "provider[\"registry.terraform.io/hashicorp/aws\"]",
      "instances": []
    },
    {
      "module": "module.app_vpc.module.vpc",
      "mode": "managed",
      "type": "aws_network_acl_rule",
      "name": "public_outbound",
      "provider": "provider[\"registry.terraform.io/hashicorp/aws\"]",
      "instances": []
    },
    {
      "module": "module.app_vpc.module.vpc",
      "mode": "managed",
      "type": "aws_network_acl_rule",
      "name": "redshift_inbound",
      "provider": "provider[\"registry.terraform.io/hashicorp/aws\"]",
      "instances": []
    },
    {
      "module": "module.app_vpc.module.vpc",
      "mode": "managed",
      "type": "aws_network_acl_rule",
      "name": "redshift_outbound",
      "provider": "provider[\"registry.terraform.io/hashicorp/aws\"]",
      "instances": []
    },
    {
      "module": "module.app_vpc.module.vpc",
      "mode": "managed",
      "type": "aws_redshift_subnet_group",
      "name": "redshift",
      "provider": "provider[\"registry.terraform.io/hashicorp/aws\"]",
      "instances": []
    },
    {
      "module": "module.app_vpc.module.vpc",
      "mode": "managed",
      "type": "aws_route",
      "name": "database_dns64_nat_gateway",
      "provider": "provider[\"registry.terraform.io/hashicorp/aws\"]",
      "instances": []
    },
    {
      "module": "module.app_vpc.module.vpc",
      "mode": "managed",
      "type": "aws_route",
      "name": "database_internet_gateway",
      "provider": "provider[\"registry.terraform.io/hashicorp/aws\"]",
      "instances": []
    },
    {
      "module": "module.app_vpc.module.vpc",
      "mode": "managed",
      "type": "aws_route",
      "name": "database_ipv6_egress",
      "provider": "provider[\"registry.terraform.io/hashicorp/aws\"]",
      "instances": []
    },
    {
      "module": "module.app_vpc.module.vpc",
      "mode": "managed",
      "type": "aws_route",
      "name": "database_nat_gateway",
      "provider": "provider[\"registry.terraform.io/hashicorp/aws\"]",
      "instances": []
    },
    {
      "module": "module.app_vpc.module.vpc",
      "mode": "managed",
      "type": "aws_route",
      "name": "private_dns64_nat_gateway",
      "provider": "provider[\"registry.terraform.io/hashicorp/aws\"]",
      "instances": []
    },
    {
      "module": "module.app_vpc.module.vpc",
      "mode": "managed",
      "type": "aws_route",
      "name": "private_ipv6_egress",
      "provider": "provider[\"registry.terraform.io/hashicorp/aws\"]",
      "instances": []
    },
    {
      "module": "module.app_vpc.module.vpc",
      "mode": "managed",
      "type": "aws_route",
      "name": "private_nat_gateway",
      "provider": "provider[\"registry.terraform.io/hashicorp/aws\"]",
      "instances": [
        {
          "index_key": 0,
          "schema_version": 0,
          "attributes": {
            "carrier_gateway_id": "",
            "core_network_arn": "",
            "destination_cidr_block": "0.0.0.0/0",
            "destination_ipv6_cidr_block": "",
            "destination_prefix_list_id": "",
            "egress_only_gateway_id": "",
            "gateway_id": "",
            "id": "r-rtb-045305eed26803fe61080289494",
            "instance_id": "",
            "instance_owner_id": "",
            "local_gateway_id": "",
            "nat_gateway_id": "nat-0cb8fd8a97ff7efaa",
            "network_interface_id": "",
            "origin": "CreateRoute",
            "route_table_id": "rtb-045305eed26803fe6",
            "state": "active",
            "timeouts": {
              "create": "5m",
              "delete": null,
              "update": null
            },
            "transit_gateway_id": "",
            "vpc_endpoint_id": "",
            "vpc_peering_connection_id": ""
          },
          "sensitive_attributes": [],
          "private": "eyJlMmJmYjczMC1lY2FhLTExZTYtOGY4OC0zNDM2M2JjN2M0YzAiOnsiY3JlYXRlIjozMDAwMDAwMDAwMDAsImRlbGV0ZSI6MzAwMDAwMDAwMDAwLCJ1cGRhdGUiOjEyMDAwMDAwMDAwMH19",
          "dependencies": [
            "module.app_vpc.module.vpc.aws_eip.nat",
            "module.app_vpc.module.vpc.aws_internet_gateway.this",
            "module.app_vpc.module.vpc.aws_nat_gateway.this",
            "module.app_vpc.module.vpc.aws_route_table.private",
            "module.app_vpc.module.vpc.aws_subnet.public",
            "module.app_vpc.module.vpc.aws_vpc.this",
            "module.app_vpc.module.vpc.aws_vpc_ipv4_cidr_block_association.this"
          ]
        }
      ]
    },
    {
      "module": "module.app_vpc.module.vpc",
      "mode": "managed",
      "type": "aws_route",
      "name": "public_internet_gateway",
      "provider": "provider[\"registry.terraform.io/hashicorp/aws\"]",
      "instances": [
        {
          "index_key": 0,
          "schema_version": 0,
          "attributes": {
            "carrier_gateway_id": "",
            "core_network_arn": "",
            "destination_cidr_block": "0.0.0.0/0",
            "destination_ipv6_cidr_block": "",
            "destination_prefix_list_id": "",
            "egress_only_gateway_id": "",
            "gateway_id": "igw-07f3e0157a3e1bc69",
            "id": "r-rtb-0924af8597eac5f8d1080289494",
            "instance_id": "",
            "instance_owner_id": "",
            "local_gateway_id": "",
            "nat_gateway_id": "",
            "network_interface_id": "",
            "origin": "CreateRoute",
            "route_table_id": "rtb-0924af8597eac5f8d",
            "state": "active",
            "timeouts": {
              "create": "5m",
              "delete": null,
              "update": null
            },
            "transit_gateway_id": "",
            "vpc_endpoint_id": "",
            "vpc_peering_connection_id": ""
          },
          "sensitive_attributes": [],
          "private": "eyJlMmJmYjczMC1lY2FhLTExZTYtOGY4OC0zNDM2M2JjN2M0YzAiOnsiY3JlYXRlIjozMDAwMDAwMDAwMDAsImRlbGV0ZSI6MzAwMDAwMDAwMDAwLCJ1cGRhdGUiOjEyMDAwMDAwMDAwMH19",
          "dependencies": [
            "module.app_vpc.module.vpc.aws_internet_gateway.this",
            "module.app_vpc.module.vpc.aws_route_table.public",
            "module.app_vpc.module.vpc.aws_vpc.this",
            "module.app_vpc.module.vpc.aws_vpc_ipv4_cidr_block_association.this"
          ]
        }
      ]
    },
    {
      "module": "module.app_vpc.module.vpc",
      "mode": "managed",
      "type": "aws_route",
      "name": "public_internet_gateway_ipv6",
      "provider": "provider[\"registry.terraform.io/hashicorp/aws\"]",
      "instances": []
    },
    {
      "module": "module.app_vpc.module.vpc",
      "mode": "managed",
      "type": "aws_route_table",
      "name": "database",
      "provider": "provider[\"registry.terraform.io/hashicorp/aws\"]",
      "instances": []
    },
    {
      "module": "module.app_vpc.module.vpc",
      "mode": "managed",
      "type": "aws_route_table",
      "name": "elasticache",
      "provider": "provider[\"registry.terraform.io/hashicorp/aws\"]",
      "instances": []
    },
    {
      "module": "module.app_vpc.module.vpc",
      "mode": "managed",
      "type": "aws_route_table",
      "name": "intra",
      "provider": "provider[\"registry.terraform.io/hashicorp/aws\"]",
      "instances": []
    },
    {
      "module": "module.app_vpc.module.vpc",
      "mode": "managed",
      "type": "aws_route_table",
      "name": "private",
      "provider": "provider[\"registry.terraform.io/hashicorp/aws\"]",
      "instances": [
        {
          "index_key": 0,
          "schema_version": 0,
          "attributes": {
            "arn": "arn:aws:ec2:eu-central-1:216989105561:route-table/rtb-045305eed26803fe6",
            "id": "rtb-045305eed26803fe6",
            "owner_id": "216989105561",
            "propagating_vgws": [],
            "route": [
              {
                "carrier_gateway_id": "",
                "cidr_block": "0.0.0.0/0",
                "core_network_arn": "",
                "destination_prefix_list_id": "",
                "egress_only_gateway_id": "",
                "gateway_id": "",
                "ipv6_cidr_block": "",
                "local_gateway_id": "",
                "nat_gateway_id": "nat-0cb8fd8a97ff7efaa",
                "network_interface_id": "",
                "transit_gateway_id": "",
                "vpc_endpoint_id": "",
                "vpc_peering_connection_id": ""
              }
            ],
            "tags": {
              "Name": "app-vpc-private"
            },
            "tags_all": {
              "Name": "app-vpc-private"
            },
            "timeouts": null,
            "vpc_id": "vpc-0a3a99d7dc3670a4d"
          },
          "sensitive_attributes": [],
          "private": "eyJlMmJmYjczMC1lY2FhLTExZTYtOGY4OC0zNDM2M2JjN2M0YzAiOnsiY3JlYXRlIjozMDAwMDAwMDAwMDAsImRlbGV0ZSI6MzAwMDAwMDAwMDAwLCJ1cGRhdGUiOjEyMDAwMDAwMDAwMH19",
          "dependencies": [
            "module.app_vpc.module.vpc.aws_vpc.this",
            "module.app_vpc.module.vpc.aws_vpc_ipv4_cidr_block_association.this"
          ]
        }
      ]
    },
    {
      "module": "module.app_vpc.module.vpc",
      "mode": "managed",
      "type": "aws_route_table",
      "name": "public",
      "provider": "provider[\"registry.terraform.io/hashicorp/aws\"]",
      "instances": [
        {
          "index_key": 0,
          "schema_version": 0,
          "attributes": {
            "arn": "arn:aws:ec2:eu-central-1:216989105561:route-table/rtb-0924af8597eac5f8d",
            "id": "rtb-0924af8597eac5f8d",
            "owner_id": "216989105561",
            "propagating_vgws": [],
            "route": [
              {
                "carrier_gateway_id": "",
                "cidr_block": "0.0.0.0/0",
                "core_network_arn": "",
                "destination_prefix_list_id": "",
                "egress_only_gateway_id": "",
                "gateway_id": "igw-07f3e0157a3e1bc69",
                "ipv6_cidr_block": "",
                "local_gateway_id": "",
                "nat_gateway_id": "",
                "network_interface_id": "",
                "transit_gateway_id": "",
                "vpc_endpoint_id": "",
                "vpc_peering_connection_id": ""
              }
            ],
            "tags": {
              "Name": "app-vpc-public"
            },
            "tags_all": {
              "Name": "app-vpc-public"
            },
            "timeouts": null,
            "vpc_id": "vpc-0a3a99d7dc3670a4d"
          },
          "sensitive_attributes": [],
          "private": "eyJlMmJmYjczMC1lY2FhLTExZTYtOGY4OC0zNDM2M2JjN2M0YzAiOnsiY3JlYXRlIjozMDAwMDAwMDAwMDAsImRlbGV0ZSI6MzAwMDAwMDAwMDAwLCJ1cGRhdGUiOjEyMDAwMDAwMDAwMH19",
          "dependencies": [
            "module.app_vpc.module.vpc.aws_vpc.this",
            "module.app_vpc.module.vpc.aws_vpc_ipv4_cidr_block_association.this"
          ]
        }
      ]
    },
    {
      "module": "module.app_vpc.module.vpc",
      "mode": "managed",
      "type": "aws_route_table",
      "name": "redshift",
      "provider": "provider[\"registry.terraform.io/hashicorp/aws\"]",
      "instances": []
    },
    {
      "module": "module.app_vpc.module.vpc",
      "mode": "managed",
      "type": "aws_route_table_association",
      "name": "database",
      "provider": "provider[\"registry.terraform.io/hashicorp/aws\"]",
      "instances": []
    },
    {
      "module": "module.app_vpc.module.vpc",
      "mode": "managed",
      "type": "aws_route_table_association",
      "name": "elasticache",
      "provider": "provider[\"registry.terraform.io/hashicorp/aws\"]",
      "instances": []
    },
    {
      "module": "module.app_vpc.module.vpc",
      "mode": "managed",
      "type": "aws_route_table_association",
      "name": "intra",
      "provider": "provider[\"registry.terraform.io/hashicorp/aws\"]",
      "instances": []
    },
    {
      "module": "module.app_vpc.module.vpc",
      "mode": "managed",
      "type": "aws_route_table_association",
      "name": "outpost",
      "provider": "provider[\"registry.terraform.io/hashicorp/aws\"]",
      "instances": []
    },
    {
      "module": "module.app_vpc.module.vpc",
      "mode": "managed",
      "type": "aws_route_table_association",
      "name": "private",
      "provider": "provider[\"registry.terraform.io/hashicorp/aws\"]",
      "instances": [
        {
          "index_key": 0,
          "schema_version": 0,
          "attributes": {
            "gateway_id": "",
            "id": "rtbassoc-04866b83eb90b1e07",
            "route_table_id": "rtb-045305eed26803fe6",
            "subnet_id": "subnet-0d6a9d58fc3514f09",
            "timeouts": null
          },
          "sensitive_attributes": [],
          "private": "eyJlMmJmYjczMC1lY2FhLTExZTYtOGY4OC0zNDM2M2JjN2M0YzAiOnsiY3JlYXRlIjozMDAwMDAwMDAwMDAsImRlbGV0ZSI6MzAwMDAwMDAwMDAwLCJ1cGRhdGUiOjEyMDAwMDAwMDAwMH19",
          "dependencies": [
            "module.app_vpc.module.vpc.aws_route_table.private",
            "module.app_vpc.module.vpc.aws_subnet.private",
            "module.app_vpc.module.vpc.aws_vpc.this",
            "module.app_vpc.module.vpc.aws_vpc_ipv4_cidr_block_association.this"
          ]
        },
        {
          "index_key": 1,
          "schema_version": 0,
          "attributes": {
            "gateway_id": "",
            "id": "rtbassoc-00d9e4d34b973ac45",
            "route_table_id": "rtb-045305eed26803fe6",
            "subnet_id": "subnet-0d473566cae17d47b",
            "timeouts": null
          },
          "sensitive_attributes": [],
          "private": "eyJlMmJmYjczMC1lY2FhLTExZTYtOGY4OC0zNDM2M2JjN2M0YzAiOnsiY3JlYXRlIjozMDAwMDAwMDAwMDAsImRlbGV0ZSI6MzAwMDAwMDAwMDAwLCJ1cGRhdGUiOjEyMDAwMDAwMDAwMH19",
          "dependencies": [
            "module.app_vpc.module.vpc.aws_route_table.private",
            "module.app_vpc.module.vpc.aws_subnet.private",
            "module.app_vpc.module.vpc.aws_vpc.this",
            "module.app_vpc.module.vpc.aws_vpc_ipv4_cidr_block_association.this"
          ]
        }
      ]
    },
    {
      "module": "module.app_vpc.module.vpc",
      "mode": "managed",
      "type": "aws_route_table_association",
      "name": "public",
      "provider": "provider[\"registry.terraform.io/hashicorp/aws\"]",
      "instances": [
        {
          "index_key": 0,
          "schema_version": 0,
          "attributes": {
            "gateway_id": "",
            "id": "rtbassoc-0f792f0a2e6ab7966",
            "route_table_id": "rtb-0924af8597eac5f8d",
            "subnet_id": "subnet-0201e96ba54231489",
            "timeouts": null
          },
          "sensitive_attributes": [],
          "private": "eyJlMmJmYjczMC1lY2FhLTExZTYtOGY4OC0zNDM2M2JjN2M0YzAiOnsiY3JlYXRlIjozMDAwMDAwMDAwMDAsImRlbGV0ZSI6MzAwMDAwMDAwMDAwLCJ1cGRhdGUiOjEyMDAwMDAwMDAwMH19",
          "dependencies": [
            "module.app_vpc.module.vpc.aws_route_table.public",
            "module.app_vpc.module.vpc.aws_subnet.public",
            "module.app_vpc.module.vpc.aws_vpc.this",
            "module.app_vpc.module.vpc.aws_vpc_ipv4_cidr_block_association.this"
          ]
        },
        {
          "index_key": 1,
          "schema_version": 0,
          "attributes": {
            "gateway_id": "",
            "id": "rtbassoc-047d6c6081046e96f",
            "route_table_id": "rtb-0924af8597eac5f8d",
            "subnet_id": "subnet-0945d1269749d3f79",
            "timeouts": null
          },
          "sensitive_attributes": [],
          "private": "eyJlMmJmYjczMC1lY2FhLTExZTYtOGY4OC0zNDM2M2JjN2M0YzAiOnsiY3JlYXRlIjozMDAwMDAwMDAwMDAsImRlbGV0ZSI6MzAwMDAwMDAwMDAwLCJ1cGRhdGUiOjEyMDAwMDAwMDAwMH19",
          "dependencies": [
            "module.app_vpc.module.vpc.aws_route_table.public",
            "module.app_vpc.module.vpc.aws_subnet.public",
            "module.app_vpc.module.vpc.aws_vpc.this",
            "module.app_vpc.module.vpc.aws_vpc_ipv4_cidr_block_association.this"
          ]
        }
      ]
    },
    {
      "module": "module.app_vpc.module.vpc",
      "mode": "managed",
      "type": "aws_route_table_association",
      "name": "redshift",
      "provider": "provider[\"registry.terraform.io/hashicorp/aws\"]",
      "instances": []
    },
    {
      "module": "module.app_vpc.module.vpc",
      "mode": "managed",
      "type": "aws_route_table_association",
      "name": "redshift_public",
      "provider": "provider[\"registry.terraform.io/hashicorp/aws\"]",
      "instances": []
    },
    {
      "module": "module.app_vpc.module.vpc",
      "mode": "managed",
      "type": "aws_subnet",
      "name": "database",
      "provider": "provider[\"registry.terraform.io/hashicorp/aws\"]",
      "instances": []
    },
    {
      "module": "module.app_vpc.module.vpc",
      "mode": "managed",
      "type": "aws_subnet",
      "name": "elasticache",
      "provider": "provider[\"registry.terraform.io/hashicorp/aws\"]",
      "instances": []
    },
    {
      "module": "module.app_vpc.module.vpc",
      "mode": "managed",
      "type": "aws_subnet",
      "name": "intra",
      "provider": "provider[\"registry.terraform.io/hashicorp/aws\"]",
      "instances": []
    },
    {
      "module": "module.app_vpc.module.vpc",
      "mode": "managed",
      "type": "aws_subnet",
      "name": "outpost",
      "provider": "provider[\"registry.terraform.io/hashicorp/aws\"]",
      "instances": []
    },
    {
      "module": "module.app_vpc.module.vpc",
      "mode": "managed",
      "type": "aws_subnet",
      "name": "private",
      "provider": "provider[\"registry.terraform.io/hashicorp/aws\"]",
      "instances": [
        {
          "index_key": 0,
          "schema_version": 1,
          "attributes": {
            "arn": "arn:aws:ec2:eu-central-1:216989105561:subnet/subnet-0d6a9d58fc3514f09",
            "assign_ipv6_address_on_creation": false,
            "availability_zone": "eu-central-1a",
            "availability_zone_id": "euc1-az2",
            "cidr_block": "10.40.1.0/24",
            "customer_owned_ipv4_pool": "",
            "enable_dns64": false,
            "enable_lni_at_device_index": 0,
            "enable_resource_name_dns_a_record_on_launch": false,
            "enable_resource_name_dns_aaaa_record_on_launch": false,
            "id": "subnet-0d6a9d58fc3514f09",
            "ipv6_cidr_block": "",
            "ipv6_cidr_block_association_id": "",
            "ipv6_native": false,
            "map_customer_owned_ip_on_launch": false,
            "map_public_ip_on_launch": false,
            "outpost_arn": "",
            "owner_id": "216989105561",
            "private_dns_hostname_type_on_launch": "ip-name",
            "tags": {
              "Name": "app-vpc-private-eu-central-1a"
            },
            "tags_all": {
              "Name": "app-vpc-private-eu-central-1a"
            },
            "timeouts": null,
            "vpc_id": "vpc-0a3a99d7dc3670a4d"
          },
          "sensitive_attributes": [],
          "private": "eyJlMmJmYjczMC1lY2FhLTExZTYtOGY4OC0zNDM2M2JjN2M0YzAiOnsiY3JlYXRlIjo2MDAwMDAwMDAwMDAsImRlbGV0ZSI6MTIwMDAwMDAwMDAwMH0sInNjaGVtYV92ZXJzaW9uIjoiMSJ9",
          "dependencies": [
            "module.app_vpc.module.vpc.aws_vpc.this",
            "module.app_vpc.module.vpc.aws_vpc_ipv4_cidr_block_association.this"
          ]
        },
        {
          "index_key": 1,
          "schema_version": 1,
          "attributes": {
            "arn": "arn:aws:ec2:eu-central-1:216989105561:subnet/subnet-0d473566cae17d47b",
            "assign_ipv6_address_on_creation": false,
            "availability_zone": "eu-central-1b",
            "availability_zone_id": "euc1-az3",
            "cidr_block": "10.40.2.0/24",
            "customer_owned_ipv4_pool": "",
            "enable_dns64": false,
            "enable_lni_at_device_index": 0,
            "enable_resource_name_dns_a_record_on_launch": false,
            "enable_resource_name_dns_aaaa_record_on_launch": false,
            "id": "subnet-0d473566cae17d47b",
            "ipv6_cidr_block": "",
            "ipv6_cidr_block_association_id": "",
            "ipv6_native": false,
            "map_customer_owned_ip_on_launch": false,
            "map_public_ip_on_launch": false,
            "outpost_arn": "",
            "owner_id": "216989105561",
            "private_dns_hostname_type_on_launch": "ip-name",
            "tags": {
              "Name": "app-vpc-private-eu-central-1b"
            },
            "tags_all": {
              "Name": "app-vpc-private-eu-central-1b"
            },
            "timeouts": null,
            "vpc_id": "vpc-0a3a99d7dc3670a4d"
          },
          "sensitive_attributes": [],
          "private": "eyJlMmJmYjczMC1lY2FhLTExZTYtOGY4OC0zNDM2M2JjN2M0YzAiOnsiY3JlYXRlIjo2MDAwMDAwMDAwMDAsImRlbGV0ZSI6MTIwMDAwMDAwMDAwMH0sInNjaGVtYV92ZXJzaW9uIjoiMSJ9",
          "dependencies": [
            "module.app_vpc.module.vpc.aws_vpc.this",
            "module.app_vpc.module.vpc.aws_vpc_ipv4_cidr_block_association.this"
          ]
        }
      ]
    },
    {
      "module": "module.app_vpc.module.vpc",
      "mode": "managed",
      "type": "aws_subnet",
      "name": "public",
      "provider": "provider[\"registry.terraform.io/hashicorp/aws\"]",
      "instances": [
        {
          "index_key": 0,
          "schema_version": 1,
          "attributes": {
            "arn": "arn:aws:ec2:eu-central-1:216989105561:subnet/subnet-0201e96ba54231489",
            "assign_ipv6_address_on_creation": false,
            "availability_zone": "eu-central-1a",
            "availability_zone_id": "euc1-az2",
            "cidr_block": "10.40.3.0/24",
            "customer_owned_ipv4_pool": "",
            "enable_dns64": false,
            "enable_lni_at_device_index": 0,
            "enable_resource_name_dns_a_record_on_launch": false,
            "enable_resource_name_dns_aaaa_record_on_launch": false,
            "id": "subnet-0201e96ba54231489",
            "ipv6_cidr_block": "",
            "ipv6_cidr_block_association_id": "",
            "ipv6_native": false,
            "map_customer_owned_ip_on_launch": false,
            "map_public_ip_on_launch": false,
            "outpost_arn": "",
            "owner_id": "216989105561",
            "private_dns_hostname_type_on_launch": "ip-name",
            "tags": {
              "Name": "app-vpc-public-eu-central-1a"
            },
            "tags_all": {
              "Name": "app-vpc-public-eu-central-1a"
            },
            "timeouts": null,
            "vpc_id": "vpc-0a3a99d7dc3670a4d"
          },
          "sensitive_attributes": [],
          "private": "eyJlMmJmYjczMC1lY2FhLTExZTYtOGY4OC0zNDM2M2JjN2M0YzAiOnsiY3JlYXRlIjo2MDAwMDAwMDAwMDAsImRlbGV0ZSI6MTIwMDAwMDAwMDAwMH0sInNjaGVtYV92ZXJzaW9uIjoiMSJ9",
          "dependencies": [
            "module.app_vpc.module.vpc.aws_vpc.this",
            "module.app_vpc.module.vpc.aws_vpc_ipv4_cidr_block_association.this"
          ]
        },
        {
          "index_key": 1,
          "schema_version": 1,
          "attributes": {
            "arn": "arn:aws:ec2:eu-central-1:216989105561:subnet/subnet-0945d1269749d3f79",
            "assign_ipv6_address_on_creation": false,
            "availability_zone": "eu-central-1b",
            "availability_zone_id": "euc1-az3",
            "cidr_block": "10.40.4.0/24",
            "customer_owned_ipv4_pool": "",
            "enable_dns64": false,
            "enable_lni_at_device_index": 0,
            "enable_resource_name_dns_a_record_on_launch": false,
            "enable_resource_name_dns_aaaa_record_on_launch": false,
            "id": "subnet-0945d1269749d3f79",
            "ipv6_cidr_block": "",
            "ipv6_cidr_block_association_id": "",
            "ipv6_native": false,
            "map_customer_owned_ip_on_launch": false,
            "map_public_ip_on_launch": false,
            "outpost_arn": "",
            "owner_id": "216989105561",
            "private_dns_hostname_type_on_launch": "ip-name",
            "tags": {
              "Name": "app-vpc-public-eu-central-1b"
            },
            "tags_all": {
              "Name": "app-vpc-public-eu-central-1b"
            },
            "timeouts": null,
            "vpc_id": "vpc-0a3a99d7dc3670a4d"
          },
          "sensitive_attributes": [],
          "private": "eyJlMmJmYjczMC1lY2FhLTExZTYtOGY4OC0zNDM2M2JjN2M0YzAiOnsiY3JlYXRlIjo2MDAwMDAwMDAwMDAsImRlbGV0ZSI6MTIwMDAwMDAwMDAwMH0sInNjaGVtYV92ZXJzaW9uIjoiMSJ9",
          "dependencies": [
            "module.app_vpc.module.vpc.aws_vpc.this",
            "module.app_vpc.module.vpc.aws_vpc_ipv4_cidr_block_association.this"
          ]
        }
      ]
    },
    {
      "module": "module.app_vpc.module.vpc",
      "mode": "managed",
      "type": "aws_subnet",
      "name": "redshift",
      "provider": "provider[\"registry.terraform.io/hashicorp/aws\"]",
      "instances": []
    },
    {
      "module": "module.app_vpc.module.vpc",
      "mode": "managed",
      "type": "aws_vpc",
      "name": "this",
      "provider": "provider[\"registry.terraform.io/hashicorp/aws\"]",
      "instances": [
        {
          "index_key": 0,
          "schema_version": 1,
          "attributes": {
            "arn": "arn:aws:ec2:eu-central-1:216989105561:vpc/vpc-0a3a99d7dc3670a4d",
            "assign_generated_ipv6_cidr_block": false,
            "cidr_block": "10.40.0.0/16",
            "default_network_acl_id": "acl-01bd35429c943db2e",
            "default_route_table_id": "rtb-038fc1e5914a24da4",
            "default_security_group_id": "sg-02708906f219d7823",
            "dhcp_options_id": "dopt-036023e7781640b11",
            "enable_dns_hostnames": true,
            "enable_dns_support": true,
            "enable_network_address_usage_metrics": false,
            "id": "vpc-0a3a99d7dc3670a4d",
            "instance_tenancy": "default",
            "ipv4_ipam_pool_id": null,
            "ipv4_netmask_length": null,
            "ipv6_association_id": "",
            "ipv6_cidr_block": "",
            "ipv6_cidr_block_network_border_group": "",
            "ipv6_ipam_pool_id": "",
            "ipv6_netmask_length": 0,
            "main_route_table_id": "rtb-038fc1e5914a24da4",
            "owner_id": "216989105561",
            "tags": {
              "Name": "app-vpc"
            },
            "tags_all": {
              "Name": "app-vpc"
            }
          },
          "sensitive_attributes": [],
          "private": "eyJzY2hlbWFfdmVyc2lvbiI6IjEifQ==",
          "create_before_destroy": true
        }
      ]
    },
    {
      "module": "module.app_vpc.module.vpc",
      "mode": "managed",
      "type": "aws_vpc_block_public_access_exclusion",
      "name": "this",
      "provider": "provider[\"registry.terraform.io/hashicorp/aws\"]",
      "instances": []
    },
    {
      "module": "module.app_vpc.module.vpc",
      "mode": "managed",
      "type": "aws_vpc_block_public_access_options",
      "name": "this",
      "provider": "provider[\"registry.terraform.io/hashicorp/aws\"]",
      "instances": []
    },
    {
      "module": "module.app_vpc.module.vpc",
      "mode": "managed",
      "type": "aws_vpc_dhcp_options",
      "name": "this",
      "provider": "provider[\"registry.terraform.io/hashicorp/aws\"]",
      "instances": []
    },
    {
      "module": "module.app_vpc.module.vpc",
      "mode": "managed",
      "type": "aws_vpc_dhcp_options_association",
      "name": "this",
      "provider": "provider[\"registry.terraform.io/hashicorp/aws\"]",
      "instances": []
    },
    {
      "module": "module.app_vpc.module.vpc",
      "mode": "managed",
      "type": "aws_vpc_ipv4_cidr_block_association",
      "name": "this",
      "provider": "provider[\"registry.terraform.io/hashicorp/aws\"]",
      "instances": []
    },
    {
      "module": "module.app_vpc.module.vpc",
      "mode": "managed",
      "type": "aws_vpn_gateway",
      "name": "this",
      "provider": "provider[\"registry.terraform.io/hashicorp/aws\"]",
      "instances": []
    },
    {
      "module": "module.app_vpc.module.vpc",
      "mode": "managed",
      "type": "aws_vpn_gateway_attachment",
      "name": "this",
      "provider": "provider[\"registry.terraform.io/hashicorp/aws\"]",
      "instances": []
    },
    {
      "module": "module.app_vpc.module.vpc",
      "mode": "managed",
      "type": "aws_vpn_gateway_route_propagation",
      "name": "intra",
      "provider": "provider[\"registry.terraform.io/hashicorp/aws\"]",
      "instances": []
    },
    {
      "module": "module.app_vpc.module.vpc",
      "mode": "managed",
      "type": "aws_vpn_gateway_route_propagation",
      "name": "private",
      "provider": "provider[\"registry.terraform.io/hashicorp/aws\"]",
      "instances": []
    },
    {
      "module": "module.app_vpc.module.vpc",
      "mode": "managed",
      "type": "aws_vpn_gateway_route_propagation",
      "name": "public",
      "provider": "provider[\"registry.terraform.io/hashicorp/aws\"]",
      "instances": []
    },
    {
      "module": "module.jenkins_alb",
      "mode": "managed",
      "type": "aws_lb",
      "name": "this",
      "provider": "provider[\"registry.terraform.io/hashicorp/aws\"]",
      "instances": [
        {
          "schema_version": 0,
          "attributes": {
            "access_logs": [
              {
                "bucket": "pipeline-logs-20250324210744652300000001",
                "enabled": true,
                "prefix": "jenkins-alb"
              }
            ],
            "arn": "arn:aws:elasticloadbalancing:eu-central-1:216989105561:loadbalancer/app/jenkins-alb/0be70495c0354ec8",
            "arn_suffix": "app/jenkins-alb/0be70495c0354ec8",
            "client_keep_alive": 3600,
            "connection_logs": [
              {
                "bucket": "",
                "enabled": false,
                "prefix": ""
              }
            ],
            "customer_owned_ipv4_pool": "",
            "desync_mitigation_mode": "defensive",
            "dns_name": "jenkins-alb-1234043345.eu-central-1.elb.amazonaws.com",
            "dns_record_client_routing_policy": null,
            "drop_invalid_header_fields": false,
            "enable_cross_zone_load_balancing": true,
            "enable_deletion_protection": false,
            "enable_http2": true,
            "enable_tls_version_and_cipher_suite_headers": false,
            "enable_waf_fail_open": false,
            "enable_xff_client_port": false,
            "enable_zonal_shift": false,
            "enforce_security_group_inbound_rules_on_private_link_traffic": "",
            "id": "arn:aws:elasticloadbalancing:eu-central-1:216989105561:loadbalancer/app/jenkins-alb/0be70495c0354ec8",
            "idle_timeout": 60,
            "internal": false,
            "ip_address_type": "ipv4",
            "ipam_pools": [],
            "load_balancer_type": "application",
            "name": "jenkins-alb",
            "name_prefix": "",
            "preserve_host_header": false,
            "security_groups": [
              "sg-076d34d8a6619d790"
            ],
            "subnet_mapping": [
              {
                "allocation_id": "",
                "ipv6_address": "",
                "outpost_id": "",
                "private_ipv4_address": "",
                "subnet_id": "subnet-05eb1c0fe00049479"
              },
              {
                "allocation_id": "",
                "ipv6_address": "",
                "outpost_id": "",
                "private_ipv4_address": "",
                "subnet_id": "subnet-0a3d41cd9de728a57"
              }
            ],
            "subnets": [
              "subnet-05eb1c0fe00049479",
              "subnet-0a3d41cd9de728a57"
            ],
            "tags": {
              "environment": "develop",
              "product": "cloud",
              "service": "pipeline"
            },
            "tags_all": {
              "environment": "develop",
              "product": "cloud",
              "service": "pipeline"
            },
            "timeouts": null,
            "vpc_id": "vpc-06abd34ded099c49b",
            "xff_header_processing_mode": "append",
            "zone_id": "Z215JYRZR1TBD5"
          },
          "sensitive_attributes": [],
          "private": "eyJlMmJmYjczMC1lY2FhLTExZTYtOGY4OC0zNDM2M2JjN2M0YzAiOnsiY3JlYXRlIjo2MDAwMDAwMDAwMDAsImRlbGV0ZSI6NjAwMDAwMDAwMDAwLCJ1cGRhdGUiOjYwMDAwMDAwMDAwMH19",
          "dependencies": [
            "module.jenkins_alb.aws_security_group.alb",
            "module.jenkins_vpc.module.vpc.aws_subnet.public",
            "module.jenkins_vpc.module.vpc.aws_vpc.this",
            "module.jenkins_vpc.module.vpc.aws_vpc_ipv4_cidr_block_association.this",
            "module.s3_logging.aws_s3_bucket.this",
            "module.s3_logging.aws_s3_bucket_acl.this",
            "module.s3_logging.aws_s3_bucket_ownership_controls.this",
            "module.s3_logging.aws_s3_bucket_policy.this"
          ]
        }
      ]
    },
    {
      "module": "module.jenkins_alb",
      "mode": "managed",
      "type": "aws_lb_listener",
      "name": "http",
      "provider": "provider[\"registry.terraform.io/hashicorp/aws\"]",
      "instances": [
        {
          "schema_version": 0,
          "attributes": {
            "alpn_policy": null,
            "arn": "arn:aws:elasticloadbalancing:eu-central-1:216989105561:listener/app/jenkins-alb/0be70495c0354ec8/1689adf5deae6b8b",
            "certificate_arn": null,
            "default_action": [
              {
                "authenticate_cognito": [],
                "authenticate_oidc": [],
                "fixed_response": [],
                "forward": [],
                "order": 1,
                "redirect": [],
                "target_group_arn": "arn:aws:elasticloadbalancing:eu-central-1:216989105561:targetgroup/tg-20250324210800988400000009/250d588c0bcc10d3",
                "type": "forward"
              }
            ],
            "id": "arn:aws:elasticloadbalancing:eu-central-1:216989105561:listener/app/jenkins-alb/0be70495c0354ec8/1689adf5deae6b8b",
            "load_balancer_arn": "arn:aws:elasticloadbalancing:eu-central-1:216989105561:loadbalancer/app/jenkins-alb/0be70495c0354ec8",
            "mutual_authentication": [],
            "port": 80,
            "protocol": "HTTP",
            "routing_http_request_x_amzn_mtls_clientcert_header_name": null,
            "routing_http_request_x_amzn_mtls_clientcert_issuer_header_name": null,
            "routing_http_request_x_amzn_mtls_clientcert_leaf_header_name": null,
            "routing_http_request_x_amzn_mtls_clientcert_serial_number_header_name": null,
            "routing_http_request_x_amzn_mtls_clientcert_subject_header_name": null,
            "routing_http_request_x_amzn_mtls_clientcert_validity_header_name": null,
            "routing_http_request_x_amzn_tls_cipher_suite_header_name": null,
            "routing_http_request_x_amzn_tls_version_header_name": null,
            "routing_http_response_access_control_allow_credentials_header_value": "",
            "routing_http_response_access_control_allow_headers_header_value": "",
            "routing_http_response_access_control_allow_methods_header_value": "",
            "routing_http_response_access_control_allow_origin_header_value": "",
            "routing_http_response_access_control_expose_headers_header_value": "",
            "routing_http_response_access_control_max_age_header_value": "",
            "routing_http_response_content_security_policy_header_value": "",
            "routing_http_response_server_enabled": false,
            "routing_http_response_strict_transport_security_header_value": "",
            "routing_http_response_x_content_type_options_header_value": "",
            "routing_http_response_x_frame_options_header_value": "",
            "ssl_policy": "",
            "tags": {},
            "tags_all": {},
            "tcp_idle_timeout_seconds": null,
            "timeouts": null
          },
          "sensitive_attributes": [],
          "private": "eyJlMmJmYjczMC1lY2FhLTExZTYtOGY4OC0zNDM2M2JjN2M0YzAiOnsiY3JlYXRlIjozMDAwMDAwMDAwMDAsInVwZGF0ZSI6MzAwMDAwMDAwMDAwfX0=",
          "dependencies": [
            "module.jenkins_alb.aws_lb.this",
            "module.jenkins_alb.aws_lb_target_group.this",
            "module.jenkins_alb.aws_security_group.alb",
            "module.jenkins_vpc.module.vpc.aws_subnet.public",
            "module.jenkins_vpc.module.vpc.aws_vpc.this",
            "module.jenkins_vpc.module.vpc.aws_vpc_ipv4_cidr_block_association.this",
            "module.s3_logging.aws_s3_bucket.this",
            "module.s3_logging.aws_s3_bucket_acl.this",
            "module.s3_logging.aws_s3_bucket_ownership_controls.this",
            "module.s3_logging.aws_s3_bucket_policy.this"
          ]
        }
      ]
    },
    {
      "module": "module.jenkins_alb",
      "mode": "managed",
      "type": "aws_lb_target_group",
      "name": "this",
      "provider": "provider[\"registry.terraform.io/hashicorp/aws\"]",
      "instances": [
        {
          "schema_version": 0,
          "attributes": {
            "arn": "arn:aws:elasticloadbalancing:eu-central-1:216989105561:targetgroup/tg-20250324210800988400000009/250d588c0bcc10d3",
            "arn_suffix": "targetgroup/tg-20250324210800988400000009/250d588c0bcc10d3",
            "connection_termination": null,
            "deregistration_delay": "300",
            "health_check": [
              {
                "enabled": true,
                "healthy_threshold": 2,
                "interval": 10,
                "matcher": "200",
                "path": "/login",
                "port": "traffic-port",
                "protocol": "HTTP",
                "timeout": 5,
                "unhealthy_threshold": 3
              }
            ],
            "id": "arn:aws:elasticloadbalancing:eu-central-1:216989105561:targetgroup/tg-20250324210800988400000009/250d588c0bcc10d3",
            "ip_address_type": "ipv4",
            "lambda_multi_value_headers_enabled": false,
            "load_balancer_arns": [
              "arn:aws:elasticloadbalancing:eu-central-1:216989105561:loadbalancer/app/jenkins-alb/0be70495c0354ec8"
            ],
            "load_balancing_algorithm_type": "round_robin",
            "load_balancing_anomaly_mitigation": "off",
            "load_balancing_cross_zone_enabled": "use_load_balancer_configuration",
            "name": "tg-20250324210800988400000009",
            "name_prefix": "tg-",
            "port": 8080,
            "preserve_client_ip": null,
            "protocol": "HTTP",
            "protocol_version": "HTTP1",
            "proxy_protocol_v2": false,
            "slow_start": 0,
            "stickiness": [
              {
                "cookie_duration": 86400,
                "cookie_name": "",
                "enabled": false,
                "type": "lb_cookie"
              }
            ],
            "tags": {
              "Name": "jenkins-tg",
              "environment": "develop",
              "product": "cloud",
              "service": "pipeline"
            },
            "tags_all": {
              "Name": "jenkins-tg",
              "environment": "develop",
              "product": "cloud",
              "service": "pipeline"
            },
            "target_failover": [
              {
                "on_deregistration": null,
                "on_unhealthy": null
              }
            ],
            "target_group_health": [
              {
                "dns_failover": [
                  {
                    "minimum_healthy_targets_count": "1",
                    "minimum_healthy_targets_percentage": "off"
                  }
                ],
                "unhealthy_state_routing": [
                  {
                    "minimum_healthy_targets_count": 1,
                    "minimum_healthy_targets_percentage": "off"
                  }
                ]
              }
            ],
            "target_health_state": [
              {
                "enable_unhealthy_connection_termination": null,
                "unhealthy_draining_interval": null
              }
            ],
            "target_type": "instance",
            "vpc_id": "vpc-06abd34ded099c49b"
          },
          "sensitive_attributes": [],
          "private": "bnVsbA==",
          "dependencies": [
            "module.jenkins_vpc.module.vpc.aws_vpc.this"
          ],
          "create_before_destroy": true
        }
      ]
    },
    {
      "module": "module.jenkins_alb",
      "mode": "managed",
      "type": "aws_security_group",
      "name": "alb",
      "provider": "provider[\"registry.terraform.io/hashicorp/aws\"]",
      "instances": [
        {
          "schema_version": 1,
          "attributes": {
            "arn": "arn:aws:ec2:eu-central-1:216989105561:security-group/sg-076d34d8a6619d790",
            "description": "Managed by Terraform",
            "egress": [
              {
                "cidr_blocks": [
                  "0.0.0.0/0"
                ],
                "description": "",
                "from_port": 0,
                "ipv6_cidr_blocks": [],
                "prefix_list_ids": [],
                "protocol": "-1",
                "security_groups": [],
                "self": false,
                "to_port": 0
              }
            ],
            "id": "sg-076d34d8a6619d790",
            "ingress": [
              {
                "cidr_blocks": [
                  "0.0.0.0/0"
                ],
                "description": "",
                "from_port": 80,
                "ipv6_cidr_blocks": [],
                "prefix_list_ids": [],
                "protocol": "tcp",
                "security_groups": [],
                "self": false,
                "to_port": 80
              }
            ],
            "name": "jenkins-alb-sg-2025032421080104720000000a",
            "name_prefix": "jenkins-alb-sg-",
            "owner_id": "216989105561",
            "revoke_rules_on_delete": false,
            "tags": {
              "environment": "develop",
              "product": "cloud",
              "service": "pipeline"
            },
            "tags_all": {
              "environment": "develop",
              "product": "cloud",
              "service": "pipeline"
            },
            "timeouts": null,
            "vpc_id": "vpc-06abd34ded099c49b"
          },
          "sensitive_attributes": [],
          "private": "eyJlMmJmYjczMC1lY2FhLTExZTYtOGY4OC0zNDM2M2JjN2M0YzAiOnsiY3JlYXRlIjo2MDAwMDAwMDAwMDAsImRlbGV0ZSI6OTAwMDAwMDAwMDAwfSwic2NoZW1hX3ZlcnNpb24iOiIxIn0=",
          "dependencies": [
            "module.jenkins_vpc.module.vpc.aws_vpc.this"
          ]
        }
      ]
    },
    {
      "module": "module.jenkins_ecs",
      "mode": "data",
      "type": "aws_ssm_parameter",
      "name": "ecs_ami",
      "provider": "provider[\"registry.terraform.io/hashicorp/aws\"]",
      "instances": [
        {
          "schema_version": 0,
          "attributes": {
            "arn": "arn:aws:ssm:eu-central-1::parameter/aws/service/ecs/optimized-ami/amazon-linux-2/recommended/image_id",
            "id": "/aws/service/ecs/optimized-ami/amazon-linux-2/recommended/image_id",
            "insecure_value": "ami-04db185cff1b4ffcb",
            "name": "/aws/service/ecs/optimized-ami/amazon-linux-2/recommended/image_id",
            "type": "String",
            "value": "ami-04db185cff1b4ffcb",
            "version": 188,
            "with_decryption": true
          },
          "sensitive_attributes": [
            [
              {
                "type": "get_attr",
                "value": "value"
              }
            ]
          ]
        }
      ]
    },
    {
      "module": "module.jenkins_ecs",
      "mode": "managed",
      "type": "aws_autoscaling_group",
      "name": "ecs",
      "provider": "provider[\"registry.terraform.io/hashicorp/aws\"]",
      "instances": [
        {
          "schema_version": 1,
          "attributes": {
            "arn": "arn:aws:autoscaling:eu-central-1:216989105561:autoScalingGroup:815d963b-8a6c-4695-9b19-de86e8ab09ec:autoScalingGroupName/jenkins-ecs-asg-2025032421582255390000000a",
            "availability_zone_distribution": [
              {
                "capacity_distribution_strategy": "balanced-best-effort"
              }
            ],
            "availability_zones": [
              "eu-central-1a",
              "eu-central-1b"
            ],
            "capacity_rebalance": false,
            "context": "",
            "default_cooldown": 300,
            "default_instance_warmup": 0,
            "desired_capacity": 2,
            "desired_capacity_type": "",
            "enabled_metrics": [],
            "force_delete": false,
            "force_delete_warm_pool": false,
            "health_check_grace_period": 300,
            "health_check_type": "EC2",
            "id": "jenkins-ecs-asg-2025032421582255390000000a",
            "ignore_failed_scaling_activities": false,
            "initial_lifecycle_hook": [],
            "instance_maintenance_policy": [],
            "instance_refresh": [],
            "launch_configuration": "",
            "launch_template": [
              {
                "id": "lt-05f37514a6c889d1c",
                "name": "jenkins-ecs-20250324215816433200000007",
                "version": "$Latest"
              }
            ],
            "load_balancers": [],
            "max_instance_lifetime": 0,
            "max_size": 4,
            "metrics_granularity": "1Minute",
            "min_elb_capacity": null,
            "min_size": 2,
            "mixed_instances_policy": [],
            "name": "jenkins-ecs-asg-2025032421582255390000000a",
            "name_prefix": "jenkins-ecs-asg-",
            "placement_group": "",
            "predicted_capacity": 0,
            "protect_from_scale_in": false,
            "service_linked_role_arn": "arn:aws:iam::216989105561:role/aws-service-role/autoscaling.amazonaws.com/AWSServiceRoleForAutoScaling",
            "suspended_processes": [],
            "tag": [
              {
                "key": "AmazonECSManaged",
                "propagate_at_launch": true,
                "value": ""
              },
              {
                "key": "Name",
                "propagate_at_launch": true,
                "value": "jenkins-ecs-cluster"
              }
            ],
            "target_group_arns": [],
            "termination_policies": [],
            "timeouts": null,
            "traffic_source": [],
            "vpc_zone_identifier": [
              "subnet-01156e2a4432f0b7b",
              "subnet-045baa8b7859ccc8c"
            ],
            "wait_for_capacity_timeout": "10m",
            "wait_for_elb_capacity": null,
            "warm_pool": [],
            "warm_pool_size": 0
          },
          "sensitive_attributes": [],
          "private": "eyJlMmJmYjczMC1lY2FhLTExZTYtOGY4OC0zNDM2M2JjN2M0YzAiOnsiZGVsZXRlIjo2MDAwMDAwMDAwMDAsInVwZGF0ZSI6NjAwMDAwMDAwMDAwfSwic2NoZW1hX3ZlcnNpb24iOiIxIn0=",
          "dependencies": [
            "module.jenkins_alb.aws_lb.this",
            "module.jenkins_alb.aws_lb_listener.http",
            "module.jenkins_alb.aws_lb_target_group.this",
            "module.jenkins_alb.aws_security_group.alb",
            "module.jenkins_ecs.aws_ecs_cluster.this",
            "module.jenkins_ecs.aws_iam_instance_profile.ecs_instance_profile",
            "module.jenkins_ecs.aws_iam_role.ecs_instance_role",
            "module.jenkins_ecs.aws_launch_template.ecs",
            "module.jenkins_ecs.aws_security_group.ecs_instance_sg",
            "module.jenkins_ecs.data.aws_ssm_parameter.ecs_ami",
            "module.jenkins_vpc.module.vpc.aws_subnet.private",
            "module.jenkins_vpc.module.vpc.aws_subnet.public",
            "module.jenkins_vpc.module.vpc.aws_vpc.this",
            "module.jenkins_vpc.module.vpc.aws_vpc_ipv4_cidr_block_association.this",
            "module.s3_logging.aws_s3_bucket.this",
            "module.s3_logging.aws_s3_bucket_acl.this",
            "module.s3_logging.aws_s3_bucket_ownership_controls.this",
            "module.s3_logging.aws_s3_bucket_policy.this"
          ]
        }
      ]
    },
    {
      "module": "module.jenkins_ecs",
      "mode": "managed",
      "type": "aws_cloudwatch_log_group",
      "name": "ecs",
      "provider": "provider[\"registry.terraform.io/hashicorp/aws\"]",
      "instances": [
        {
          "schema_version": 0,
          "attributes": {
            "arn": "arn:aws:logs:eu-central-1:216989105561:log-group:/ecs/jenkins-task",
            "id": "/ecs/jenkins-task",
            "kms_key_id": "",
            "log_group_class": "STANDARD",
            "name": "/ecs/jenkins-task",
            "name_prefix": "",
            "retention_in_days": 7,
            "skip_destroy": false,
            "tags": {},
            "tags_all": {}
          },
          "sensitive_attributes": [],
          "private": "bnVsbA==",
          "dependencies": [
            "module.jenkins_alb.aws_lb.this",
            "module.jenkins_alb.aws_lb_listener.http",
            "module.jenkins_alb.aws_lb_target_group.this",
            "module.jenkins_alb.aws_security_group.alb",
            "module.jenkins_vpc.module.vpc.aws_subnet.public",
            "module.jenkins_vpc.module.vpc.aws_vpc.this",
            "module.jenkins_vpc.module.vpc.aws_vpc_ipv4_cidr_block_association.this",
            "module.s3_logging.aws_s3_bucket.this",
            "module.s3_logging.aws_s3_bucket_acl.this",
            "module.s3_logging.aws_s3_bucket_ownership_controls.this",
            "module.s3_logging.aws_s3_bucket_policy.this"
          ]
        }
      ]
    },
    {
      "module": "module.jenkins_ecs",
      "mode": "managed",
      "type": "aws_ecs_capacity_provider",
      "name": "this",
      "provider": "provider[\"registry.terraform.io/hashicorp/aws\"]",
      "instances": [
        {
          "schema_version": 0,
          "attributes": {
            "arn": "arn:aws:ecs:eu-central-1:216989105561:capacity-provider/jenkins-ecs-cp",
            "auto_scaling_group_provider": [
              {
                "auto_scaling_group_arn": "arn:aws:autoscaling:eu-central-1:216989105561:autoScalingGroup:815d963b-8a6c-4695-9b19-de86e8ab09ec:autoScalingGroupName/jenkins-ecs-asg-2025032421582255390000000a",
                "managed_draining": "ENABLED",
                "managed_scaling": [
                  {
                    "instance_warmup_period": 0,
                    "maximum_scaling_step_size": 2,
                    "minimum_scaling_step_size": 1,
                    "status": "ENABLED",
                    "target_capacity": 100
                  }
                ],
                "managed_termination_protection": "DISABLED"
              }
            ],
            "id": "arn:aws:ecs:eu-central-1:216989105561:capacity-provider/jenkins-ecs-cp",
            "name": "jenkins-ecs-cp",
            "tags": {},
            "tags_all": {}
          },
          "sensitive_attributes": [],
          "private": "bnVsbA==",
          "dependencies": [
            "module.jenkins_alb.aws_lb.this",
            "module.jenkins_alb.aws_lb_listener.http",
            "module.jenkins_alb.aws_lb_target_group.this",
            "module.jenkins_alb.aws_security_group.alb",
            "module.jenkins_ecs.aws_autoscaling_group.ecs",
            "module.jenkins_ecs.aws_ecs_cluster.this",
            "module.jenkins_ecs.aws_iam_instance_profile.ecs_instance_profile",
            "module.jenkins_ecs.aws_iam_role.ecs_instance_role",
            "module.jenkins_ecs.aws_launch_template.ecs",
            "module.jenkins_ecs.aws_security_group.ecs_instance_sg",
            "module.jenkins_ecs.data.aws_ssm_parameter.ecs_ami",
            "module.jenkins_vpc.module.vpc.aws_subnet.private",
            "module.jenkins_vpc.module.vpc.aws_subnet.public",
            "module.jenkins_vpc.module.vpc.aws_vpc.this",
            "module.jenkins_vpc.module.vpc.aws_vpc_ipv4_cidr_block_association.this",
            "module.s3_logging.aws_s3_bucket.this",
            "module.s3_logging.aws_s3_bucket_acl.this",
            "module.s3_logging.aws_s3_bucket_ownership_controls.this",
            "module.s3_logging.aws_s3_bucket_policy.this"
          ]
        }
      ]
    },
    {
      "module": "module.jenkins_ecs",
      "mode": "managed",
      "type": "aws_ecs_cluster",
      "name": "this",
      "provider": "provider[\"registry.terraform.io/hashicorp/aws\"]",
      "instances": [
        {
          "schema_version": 0,
          "attributes": {
            "arn": "arn:aws:ecs:eu-central-1:216989105561:cluster/jenkins-cluster",
            "configuration": [],
            "id": "arn:aws:ecs:eu-central-1:216989105561:cluster/jenkins-cluster",
            "name": "jenkins-cluster",
            "service_connect_defaults": [],
            "setting": [
              {
                "name": "containerInsights",
                "value": "disabled"
              }
            ],
            "tags": {},
            "tags_all": {}
          },
          "sensitive_attributes": [],
          "private": "bnVsbA==",
          "dependencies": [
            "module.jenkins_alb.aws_lb.this",
            "module.jenkins_alb.aws_lb_listener.http",
            "module.jenkins_alb.aws_lb_target_group.this",
            "module.jenkins_alb.aws_security_group.alb",
            "module.jenkins_vpc.module.vpc.aws_subnet.public",
            "module.jenkins_vpc.module.vpc.aws_vpc.this",
            "module.jenkins_vpc.module.vpc.aws_vpc_ipv4_cidr_block_association.this",
            "module.s3_logging.aws_s3_bucket.this",
            "module.s3_logging.aws_s3_bucket_acl.this",
            "module.s3_logging.aws_s3_bucket_ownership_controls.this",
            "module.s3_logging.aws_s3_bucket_policy.this"
          ]
        }
      ]
    },
    {
      "module": "module.jenkins_ecs",
      "mode": "managed",
      "type": "aws_ecs_cluster_capacity_providers",
      "name": "this",
      "provider": "provider[\"registry.terraform.io/hashicorp/aws\"]",
      "instances": [
        {
          "schema_version": 0,
          "attributes": {
            "capacity_providers": [
              "jenkins-ecs-cp"
            ],
            "cluster_name": "jenkins-cluster",
            "default_capacity_provider_strategy": [
              {
                "base": 1,
                "capacity_provider": "jenkins-ecs-cp",
                "weight": 100
              }
            ],
            "id": "jenkins-cluster"
          },
          "sensitive_attributes": [],
          "private": "bnVsbA==",
          "dependencies": [
            "module.jenkins_alb.aws_lb.this",
            "module.jenkins_alb.aws_lb_listener.http",
            "module.jenkins_alb.aws_lb_target_group.this",
            "module.jenkins_alb.aws_security_group.alb",
            "module.jenkins_ecs.aws_autoscaling_group.ecs",
            "module.jenkins_ecs.aws_ecs_capacity_provider.this",
            "module.jenkins_ecs.aws_ecs_cluster.this",
            "module.jenkins_ecs.aws_iam_instance_profile.ecs_instance_profile",
            "module.jenkins_ecs.aws_iam_role.ecs_instance_role",
            "module.jenkins_ecs.aws_launch_template.ecs",
            "module.jenkins_ecs.aws_security_group.ecs_instance_sg",
            "module.jenkins_ecs.data.aws_ssm_parameter.ecs_ami",
            "module.jenkins_vpc.module.vpc.aws_subnet.private",
            "module.jenkins_vpc.module.vpc.aws_subnet.public",
            "module.jenkins_vpc.module.vpc.aws_vpc.this",
            "module.jenkins_vpc.module.vpc.aws_vpc_ipv4_cidr_block_association.this",
            "module.s3_logging.aws_s3_bucket.this",
            "module.s3_logging.aws_s3_bucket_acl.this",
            "module.s3_logging.aws_s3_bucket_ownership_controls.this",
            "module.s3_logging.aws_s3_bucket_policy.this"
          ]
        }
      ]
    },
    {
      "module": "module.jenkins_ecs",
      "mode": "managed",
      "type": "aws_ecs_service",
      "name": "this",
      "provider": "provider[\"registry.terraform.io/hashicorp/aws\"]",
      "instances": [
        {
          "schema_version": 1,
          "attributes": {
            "alarms": [],
            "availability_zone_rebalancing": "DISABLED",
            "capacity_provider_strategy": [
              {
                "base": 0,
                "capacity_provider": "jenkins-ecs-cp",
                "weight": 1
              }
            ],
            "cluster": "arn:aws:ecs:eu-central-1:216989105561:cluster/jenkins-cluster",
            "deployment_circuit_breaker": [
              {
                "enable": false,
                "rollback": false
              }
            ],
            "deployment_controller": [
              {
                "type": "ECS"
              }
            ],
            "deployment_maximum_percent": 200,
            "deployment_minimum_healthy_percent": 100,
            "desired_count": 1,
            "enable_ecs_managed_tags": false,
            "enable_execute_command": false,
            "force_delete": null,
            "force_new_deployment": null,
            "health_check_grace_period_seconds": 30,
            "iam_role": "/aws-service-role/ecs.amazonaws.com/AWSServiceRoleForECS",
            "id": "arn:aws:ecs:eu-central-1:216989105561:service/jenkins-cluster/jenkins-service",
            "launch_type": "",
            "load_balancer": [
              {
                "container_name": "jenkins",
                "container_port": 8080,
                "elb_name": "",
                "target_group_arn": "arn:aws:elasticloadbalancing:eu-central-1:216989105561:targetgroup/tg-20250324210800988400000009/250d588c0bcc10d3"
              }
            ],
            "name": "jenkins-service",
            "network_configuration": [],
            "ordered_placement_strategy": [],
            "placement_constraints": [],
            "platform_version": "",
            "propagate_tags": "NONE",
            "scheduling_strategy": "REPLICA",
            "service_connect_configuration": [],
            "service_registries": [],
            "tags": {},
            "tags_all": {},
            "task_definition": "arn:aws:ecs:eu-central-1:216989105561:task-definition/jenkins-task:10",
            "timeouts": null,
            "triggers": {},
            "volume_configuration": [],
            "vpc_lattice_configurations": [],
            "wait_for_steady_state": false
          },
          "sensitive_attributes": [],
          "private": "eyJlMmJmYjczMC1lY2FhLTExZTYtOGY4OC0zNDM2M2JjN2M0YzAiOnsiY3JlYXRlIjoxMjAwMDAwMDAwMDAwLCJkZWxldGUiOjEyMDAwMDAwMDAwMDAsInVwZGF0ZSI6MTIwMDAwMDAwMDAwMH0sInNjaGVtYV92ZXJzaW9uIjoiMSJ9",
          "dependencies": [
            "module.jenkins_alb.aws_lb.this",
            "module.jenkins_alb.aws_lb_listener.http",
            "module.jenkins_alb.aws_lb_target_group.this",
            "module.jenkins_alb.aws_security_group.alb",
            "module.jenkins_ecs.aws_autoscaling_group.ecs",
            "module.jenkins_ecs.aws_ecs_capacity_provider.this",
            "module.jenkins_ecs.aws_ecs_cluster.this",
            "module.jenkins_ecs.aws_ecs_cluster_capacity_providers.this",
            "module.jenkins_ecs.aws_ecs_task_definition.this",
            "module.jenkins_ecs.aws_iam_instance_profile.ecs_instance_profile",
            "module.jenkins_ecs.aws_iam_role.ecs_instance_role",
            "module.jenkins_ecs.aws_launch_template.ecs",
            "module.jenkins_ecs.aws_security_group.ecs_instance_sg",
            "module.jenkins_ecs.data.aws_ssm_parameter.ecs_ami",
            "module.jenkins_vpc.module.vpc.aws_subnet.private",
            "module.jenkins_vpc.module.vpc.aws_subnet.public",
            "module.jenkins_vpc.module.vpc.aws_vpc.this",
            "module.jenkins_vpc.module.vpc.aws_vpc_ipv4_cidr_block_association.this",
            "module.s3_logging.aws_s3_bucket.this",
            "module.s3_logging.aws_s3_bucket_acl.this",
            "module.s3_logging.aws_s3_bucket_ownership_controls.this",
            "module.s3_logging.aws_s3_bucket_policy.this"
          ]
        }
      ]
    },
    {
      "module": "module.jenkins_ecs",
      "mode": "managed",
      "type": "aws_ecs_task_definition",
      "name": "this",
      "provider": "provider[\"registry.terraform.io/hashicorp/aws\"]",
      "instances": [
        {
          "schema_version": 1,
          "attributes": {
            "arn": "arn:aws:ecs:eu-central-1:216989105561:task-definition/jenkins-task:10",
            "arn_without_revision": "arn:aws:ecs:eu-central-1:216989105561:task-definition/jenkins-task",
            "container_definitions": "[{\"cpu\":256,\"environment\":[],\"essential\":true,\"image\":\"216989105561.dkr.ecr.eu-central-1.amazonaws.com/custom-jenkins:latest\",\"logConfiguration\":{\"logDriver\":\"awslogs\",\"options\":{\"awslogs-group\":\"/ecs/jenkins-task\",\"awslogs-region\":\"eu-central-1\",\"awslogs-stream-prefix\":\"ecs\"}},\"memory\":512,\"mountPoints\":[],\"name\":\"jenkins\",\"portMappings\":[{\"containerPort\":8080,\"hostPort\":0,\"protocol\":\"tcp\"}],\"systemControls\":[],\"volumesFrom\":[]}]",
            "cpu": "",
            "enable_fault_injection": false,
            "ephemeral_storage": [],
            "execution_role_arn": "",
            "family": "jenkins-task",
            "id": "jenkins-task",
            "inference_accelerator": [],
            "ipc_mode": "",
            "memory": "",
            "network_mode": "bridge",
            "pid_mode": "",
            "placement_constraints": [],
            "proxy_configuration": [],
            "requires_compatibilities": null,
            "revision": 10,
            "runtime_platform": [],
            "skip_destroy": false,
            "tags": null,
            "tags_all": {},
            "task_role_arn": "",
            "track_latest": false,
            "volume": []
          },
          "sensitive_attributes": [],
          "private": "eyJzY2hlbWFfdmVyc2lvbiI6IjEifQ==",
          "dependencies": [
            "module.jenkins_alb.aws_lb.this",
            "module.jenkins_alb.aws_lb_listener.http",
            "module.jenkins_alb.aws_lb_target_group.this",
            "module.jenkins_alb.aws_security_group.alb",
            "module.jenkins_vpc.module.vpc.aws_subnet.public",
            "module.jenkins_vpc.module.vpc.aws_vpc.this",
            "module.jenkins_vpc.module.vpc.aws_vpc_ipv4_cidr_block_association.this",
            "module.s3_logging.aws_s3_bucket.this",
            "module.s3_logging.aws_s3_bucket_acl.this",
            "module.s3_logging.aws_s3_bucket_ownership_controls.this",
            "module.s3_logging.aws_s3_bucket_policy.this"
          ]
        }
      ]
    },
    {
      "module": "module.jenkins_ecs",
      "mode": "managed",
      "type": "aws_iam_instance_profile",
      "name": "ecs_instance_profile",
      "provider": "provider[\"registry.terraform.io/hashicorp/aws\"]",
      "instances": [
        {
          "schema_version": 0,
          "attributes": {
            "arn": "arn:aws:iam::216989105561:instance-profile/jenkins-ecs-instance-profile",
            "create_date": "2025-03-24T21:58:07Z",
            "id": "jenkins-ecs-instance-profile",
            "name": "jenkins-ecs-instance-profile",
            "name_prefix": "",
            "path": "/",
            "role": "jenkins-ecs-instance-role",
            "tags": {},
            "tags_all": {},
            "unique_id": "AIPATFBMO7WMUYNBJ6ZXS"
          },
          "sensitive_attributes": [],
          "private": "bnVsbA==",
          "dependencies": [
            "module.jenkins_alb.aws_lb.this",
            "module.jenkins_alb.aws_lb_listener.http",
            "module.jenkins_alb.aws_lb_target_group.this",
            "module.jenkins_alb.aws_security_group.alb",
            "module.jenkins_ecs.aws_iam_role.ecs_instance_role",
            "module.jenkins_vpc.module.vpc.aws_subnet.public",
            "module.jenkins_vpc.module.vpc.aws_vpc.this",
            "module.jenkins_vpc.module.vpc.aws_vpc_ipv4_cidr_block_association.this",
            "module.s3_logging.aws_s3_bucket.this",
            "module.s3_logging.aws_s3_bucket_acl.this",
            "module.s3_logging.aws_s3_bucket_ownership_controls.this",
            "module.s3_logging.aws_s3_bucket_policy.this"
          ]
        }
      ]
    },
    {
      "module": "module.jenkins_ecs",
      "mode": "managed",
      "type": "aws_iam_role",
      "name": "ecs_instance_role",
      "provider": "provider[\"registry.terraform.io/hashicorp/aws\"]",
      "instances": [
        {
          "schema_version": 0,
          "attributes": {
            "arn": "arn:aws:iam::216989105561:role/jenkins-ecs-instance-role",
            "assume_role_policy": "{\"Statement\":[{\"Action\":\"sts:AssumeRole\",\"Effect\":\"Allow\",\"Principal\":{\"Service\":\"ec2.amazonaws.com\"}}],\"Version\":\"2012-10-17\"}",
            "create_date": "2025-03-24T21:58:06Z",
            "description": "",
            "force_detach_policies": false,
            "id": "jenkins-ecs-instance-role",
            "inline_policy": [],
            "managed_policy_arns": [
              "arn:aws:iam::aws:policy/service-role/AmazonEC2ContainerServiceforEC2Role"
            ],
            "max_session_duration": 3600,
            "name": "jenkins-ecs-instance-role",
            "name_prefix": "",
            "path": "/",
            "permissions_boundary": "",
            "tags": {},
            "tags_all": {},
            "unique_id": "AROATFBMO7WMWQJIY3CXX"
          },
          "sensitive_attributes": [],
          "private": "bnVsbA==",
          "dependencies": [
            "module.jenkins_alb.aws_lb.this",
            "module.jenkins_alb.aws_lb_listener.http",
            "module.jenkins_alb.aws_lb_target_group.this",
            "module.jenkins_alb.aws_security_group.alb",
            "module.jenkins_vpc.module.vpc.aws_subnet.public",
            "module.jenkins_vpc.module.vpc.aws_vpc.this",
            "module.jenkins_vpc.module.vpc.aws_vpc_ipv4_cidr_block_association.this",
            "module.s3_logging.aws_s3_bucket.this",
            "module.s3_logging.aws_s3_bucket_acl.this",
            "module.s3_logging.aws_s3_bucket_ownership_controls.this",
            "module.s3_logging.aws_s3_bucket_policy.this"
          ]
        }
      ]
    },
    {
      "module": "module.jenkins_ecs",
      "mode": "managed",
      "type": "aws_iam_role_policy_attachment",
      "name": "ecs_instance_policy",
      "provider": "provider[\"registry.terraform.io/hashicorp/aws\"]",
      "instances": [
        {
          "schema_version": 0,
          "attributes": {
            "id": "jenkins-ecs-instance-role-20250324215807060700000003",
            "policy_arn": "arn:aws:iam::aws:policy/service-role/AmazonEC2ContainerServiceforEC2Role",
            "role": "jenkins-ecs-instance-role"
          },
          "sensitive_attributes": [],
          "private": "bnVsbA==",
          "dependencies": [
            "module.jenkins_alb.aws_lb.this",
            "module.jenkins_alb.aws_lb_listener.http",
            "module.jenkins_alb.aws_lb_target_group.this",
            "module.jenkins_alb.aws_security_group.alb",
            "module.jenkins_ecs.aws_iam_role.ecs_instance_role",
            "module.jenkins_vpc.module.vpc.aws_subnet.public",
            "module.jenkins_vpc.module.vpc.aws_vpc.this",
            "module.jenkins_vpc.module.vpc.aws_vpc_ipv4_cidr_block_association.this",
            "module.s3_logging.aws_s3_bucket.this",
            "module.s3_logging.aws_s3_bucket_acl.this",
            "module.s3_logging.aws_s3_bucket_ownership_controls.this",
            "module.s3_logging.aws_s3_bucket_policy.this"
          ]
        }
      ]
    },
    {
      "module": "module.jenkins_ecs",
      "mode": "managed",
      "type": "aws_launch_template",
      "name": "ecs",
      "provider": "provider[\"registry.terraform.io/hashicorp/aws\"]",
      "instances": [
        {
          "schema_version": 0,
          "attributes": {
            "arn": "arn:aws:ec2:eu-central-1:216989105561:launch-template/lt-05f37514a6c889d1c",
            "block_device_mappings": [],
            "capacity_reservation_specification": [],
            "cpu_options": [],
            "credit_specification": [],
            "default_version": 1,
            "description": "",
            "disable_api_stop": false,
            "disable_api_termination": false,
            "ebs_optimized": "",
            "elastic_gpu_specifications": [],
            "elastic_inference_accelerator": [],
            "enclave_options": [],
            "hibernation_options": [],
            "iam_instance_profile": [
              {
                "arn": "arn:aws:iam::216989105561:instance-profile/jenkins-ecs-instance-profile",
                "name": ""
              }
            ],
            "id": "lt-05f37514a6c889d1c",
            "image_id": "ami-04db185cff1b4ffcb",
            "instance_initiated_shutdown_behavior": "",
            "instance_market_options": [],
            "instance_requirements": [],
            "instance_type": "t3.micro",
            "kernel_id": "",
            "key_name": "",
            "latest_version": 1,
            "license_specification": [],
            "maintenance_options": [],
            "metadata_options": [],
            "monitoring": [],
            "name": "jenkins-ecs-20250324215816433200000007",
            "name_prefix": "jenkins-ecs-",
            "network_interfaces": [],
            "placement": [],
            "private_dns_name_options": [],
            "ram_disk_id": "",
            "security_group_names": [],
            "tag_specifications": [],
            "tags": {},
            "tags_all": {},
            "update_default_version": null,
            "user_data": "IyEvYmluL2Jhc2gNCmVjaG8gRUNTX0NMVVNURVI9amVua2lucy1jbHVzdGVyID4+IC9ldGMvZWNzL2Vjcy5jb25maWcNCg==",
            "vpc_security_group_ids": [
              "sg-05794569f30acab96"
            ]
          },
          "sensitive_attributes": [
            [
              {
                "type": "get_attr",
                "value": "image_id"
              }
            ]
          ],
          "private": "bnVsbA==",
          "dependencies": [
            "module.jenkins_alb.aws_lb.this",
            "module.jenkins_alb.aws_lb_listener.http",
            "module.jenkins_alb.aws_lb_target_group.this",
            "module.jenkins_alb.aws_security_group.alb",
            "module.jenkins_ecs.aws_ecs_cluster.this",
            "module.jenkins_ecs.aws_iam_instance_profile.ecs_instance_profile",
            "module.jenkins_ecs.aws_iam_role.ecs_instance_role",
            "module.jenkins_ecs.aws_security_group.ecs_instance_sg",
            "module.jenkins_ecs.data.aws_ssm_parameter.ecs_ami",
            "module.jenkins_vpc.module.vpc.aws_subnet.public",
            "module.jenkins_vpc.module.vpc.aws_vpc.this",
            "module.jenkins_vpc.module.vpc.aws_vpc_ipv4_cidr_block_association.this",
            "module.s3_logging.aws_s3_bucket.this",
            "module.s3_logging.aws_s3_bucket_acl.this",
            "module.s3_logging.aws_s3_bucket_ownership_controls.this",
            "module.s3_logging.aws_s3_bucket_policy.this"
          ]
        }
      ]
    },
    {
      "module": "module.jenkins_ecs",
      "mode": "managed",
      "type": "aws_security_group",
      "name": "ecs_instance_sg",
      "provider": "provider[\"registry.terraform.io/hashicorp/aws\"]",
      "instances": [
        {
          "schema_version": 1,
          "attributes": {
            "arn": "arn:aws:ec2:eu-central-1:216989105561:security-group/sg-05794569f30acab96",
            "description": "Managed by Terraform",
            "egress": [
              {
                "cidr_blocks": [
                  "0.0.0.0/0"
                ],
                "description": "",
                "from_port": 0,
                "ipv6_cidr_blocks": [],
                "prefix_list_ids": [],
                "protocol": "-1",
                "security_groups": [],
                "self": false,
                "to_port": 0
              }
            ],
            "id": "sg-05794569f30acab96",
            "ingress": [
              {
                "cidr_blocks": [],
                "description": "",
                "from_port": 32768,
                "ipv6_cidr_blocks": [],
                "prefix_list_ids": [],
                "protocol": "tcp",
                "security_groups": [
                  "sg-076d34d8a6619d790"
                ],
                "self": false,
                "to_port": 65535
              }
            ],
            "name": "jenkins-ecs-sg-20250324215805180300000001",
            "name_prefix": "jenkins-ecs-sg-",
            "owner_id": "216989105561",
            "revoke_rules_on_delete": false,
            "tags": {},
            "tags_all": {},
            "timeouts": null,
            "vpc_id": "vpc-06abd34ded099c49b"
          },
          "sensitive_attributes": [],
          "private": "eyJlMmJmYjczMC1lY2FhLTExZTYtOGY4OC0zNDM2M2JjN2M0YzAiOnsiY3JlYXRlIjo2MDAwMDAwMDAwMDAsImRlbGV0ZSI6OTAwMDAwMDAwMDAwfSwic2NoZW1hX3ZlcnNpb24iOiIxIn0=",
          "dependencies": [
            "module.jenkins_alb.aws_lb.this",
            "module.jenkins_alb.aws_lb_listener.http",
            "module.jenkins_alb.aws_lb_target_group.this",
            "module.jenkins_alb.aws_security_group.alb",
            "module.jenkins_vpc.module.vpc.aws_subnet.public",
            "module.jenkins_vpc.module.vpc.aws_vpc.this",
            "module.jenkins_vpc.module.vpc.aws_vpc_ipv4_cidr_block_association.this",
            "module.s3_logging.aws_s3_bucket.this",
            "module.s3_logging.aws_s3_bucket_acl.this",
            "module.s3_logging.aws_s3_bucket_ownership_controls.this",
            "module.s3_logging.aws_s3_bucket_policy.this"
          ]
        }
      ]
    },
    {
      "module": "module.jenkins_vpc.module.vpc",
      "mode": "data",
      "type": "aws_caller_identity",
      "name": "current",
      "provider": "provider[\"registry.terraform.io/hashicorp/aws\"]",
      "instances": []
    },
    {
      "module": "module.jenkins_vpc.module.vpc",
      "mode": "data",
      "type": "aws_iam_policy_document",
      "name": "flow_log_cloudwatch_assume_role",
      "provider": "provider[\"registry.terraform.io/hashicorp/aws\"]",
      "instances": []
    },
    {
      "module": "module.jenkins_vpc.module.vpc",
      "mode": "data",
      "type": "aws_iam_policy_document",
      "name": "vpc_flow_log_cloudwatch",
      "provider": "provider[\"registry.terraform.io/hashicorp/aws\"]",
      "instances": []
    },
    {
      "module": "module.jenkins_vpc.module.vpc",
      "mode": "data",
      "type": "aws_partition",
      "name": "current",
      "provider": "provider[\"registry.terraform.io/hashicorp/aws\"]",
      "instances": []
    },
    {
      "module": "module.jenkins_vpc.module.vpc",
      "mode": "data",
      "type": "aws_region",
      "name": "current",
      "provider": "provider[\"registry.terraform.io/hashicorp/aws\"]",
      "instances": []
    },
    {
      "module": "module.jenkins_vpc.module.vpc",
      "mode": "managed",
      "type": "aws_cloudwatch_log_group",
      "name": "flow_log",
      "provider": "provider[\"registry.terraform.io/hashicorp/aws\"]",
      "instances": []
    },
    {
      "module": "module.jenkins_vpc.module.vpc",
      "mode": "managed",
      "type": "aws_customer_gateway",
      "name": "this",
      "provider": "provider[\"registry.terraform.io/hashicorp/aws\"]",
      "instances": []
    },
    {
      "module": "module.jenkins_vpc.module.vpc",
      "mode": "managed",
      "type": "aws_db_subnet_group",
      "name": "database",
      "provider": "provider[\"registry.terraform.io/hashicorp/aws\"]",
      "instances": []
    },
    {
      "module": "module.jenkins_vpc.module.vpc",
      "mode": "managed",
      "type": "aws_default_network_acl",
      "name": "this",
      "provider": "provider[\"registry.terraform.io/hashicorp/aws\"]",
      "instances": [
        {
          "index_key": 0,
          "schema_version": 0,
          "attributes": {
            "arn": "arn:aws:ec2:eu-central-1:216989105561:network-acl/acl-07993a0b1b6889bb8",
            "default_network_acl_id": "acl-07993a0b1b6889bb8",
            "egress": [
              {
                "action": "allow",
                "cidr_block": "",
                "from_port": 0,
                "icmp_code": 0,
                "icmp_type": 0,
                "ipv6_cidr_block": "::/0",
                "protocol": "-1",
                "rule_no": 101,
                "to_port": 0
              },
              {
                "action": "allow",
                "cidr_block": "0.0.0.0/0",
                "from_port": 0,
                "icmp_code": 0,
                "icmp_type": 0,
                "ipv6_cidr_block": "",
                "protocol": "-1",
                "rule_no": 100,
                "to_port": 0
              }
            ],
            "id": "acl-07993a0b1b6889bb8",
            "ingress": [
              {
                "action": "allow",
                "cidr_block": "",
                "from_port": 0,
                "icmp_code": 0,
                "icmp_type": 0,
                "ipv6_cidr_block": "::/0",
                "protocol": "-1",
                "rule_no": 101,
                "to_port": 0
              },
              {
                "action": "allow",
                "cidr_block": "0.0.0.0/0",
                "from_port": 0,
                "icmp_code": 0,
                "icmp_type": 0,
                "ipv6_cidr_block": "",
                "protocol": "-1",
                "rule_no": 100,
                "to_port": 0
              }
            ],
            "owner_id": "216989105561",
            "subnet_ids": [
              "subnet-01156e2a4432f0b7b",
              "subnet-045baa8b7859ccc8c",
              "subnet-05eb1c0fe00049479",
              "subnet-0a3d41cd9de728a57"
            ],
            "tags": {
              "Name": "jenkins-vpc-default"
            },
            "tags_all": {
              "Name": "jenkins-vpc-default"
            },
            "vpc_id": "vpc-06abd34ded099c49b"
          },
          "sensitive_attributes": [],
          "private": "bnVsbA==",
          "dependencies": [
            "module.jenkins_vpc.module.vpc.aws_vpc.this"
          ]
        }
      ]
    },
    {
      "module": "module.jenkins_vpc.module.vpc",
      "mode": "managed",
      "type": "aws_default_route_table",
      "name": "default",
      "provider": "provider[\"registry.terraform.io/hashicorp/aws\"]",
      "instances": [
        {
          "index_key": 0,
          "schema_version": 0,
          "attributes": {
            "arn": "arn:aws:ec2:eu-central-1:216989105561:route-table/rtb-02c8890f127b08aab",
            "default_route_table_id": "rtb-02c8890f127b08aab",
            "id": "rtb-02c8890f127b08aab",
            "owner_id": "216989105561",
            "propagating_vgws": [],
            "route": [],
            "tags": {
              "Name": "jenkins-vpc-default"
            },
            "tags_all": {
              "Name": "jenkins-vpc-default"
            },
            "timeouts": {
              "create": "5m",
              "update": "5m"
            },
            "vpc_id": "vpc-06abd34ded099c49b"
          },
          "sensitive_attributes": [],
          "private": "eyJlMmJmYjczMC1lY2FhLTExZTYtOGY4OC0zNDM2M2JjN2M0YzAiOnsiY3JlYXRlIjozMDAwMDAwMDAwMDAsInVwZGF0ZSI6MzAwMDAwMDAwMDAwfX0=",
          "dependencies": [
            "module.jenkins_vpc.module.vpc.aws_vpc.this"
          ]
        }
      ]
    },
    {
      "module": "module.jenkins_vpc.module.vpc",
      "mode": "managed",
      "type": "aws_default_security_group",
      "name": "this",
      "provider": "provider[\"registry.terraform.io/hashicorp/aws\"]",
      "instances": [
        {
          "index_key": 0,
          "schema_version": 1,
          "attributes": {
            "arn": "arn:aws:ec2:eu-central-1:216989105561:security-group/sg-0c04b4fab7f1d9383",
            "description": "default VPC security group",
            "egress": [],
            "id": "sg-0c04b4fab7f1d9383",
            "ingress": [],
            "name": "default",
            "name_prefix": "",
            "owner_id": "216989105561",
            "revoke_rules_on_delete": false,
            "tags": {
              "Name": "jenkins-vpc-default"
            },
            "tags_all": {
              "Name": "jenkins-vpc-default"
            },
            "vpc_id": "vpc-06abd34ded099c49b"
          },
          "sensitive_attributes": [],
          "private": "eyJzY2hlbWFfdmVyc2lvbiI6IjEifQ==",
          "dependencies": [
            "module.jenkins_vpc.module.vpc.aws_vpc.this"
          ]
        }
      ]
    },
    {
      "module": "module.jenkins_vpc.module.vpc",
      "mode": "managed",
      "type": "aws_default_vpc",
      "name": "this",
      "provider": "provider[\"registry.terraform.io/hashicorp/aws\"]",
      "instances": []
    },
    {
      "module": "module.jenkins_vpc.module.vpc",
      "mode": "managed",
      "type": "aws_egress_only_internet_gateway",
      "name": "this",
      "provider": "provider[\"registry.terraform.io/hashicorp/aws\"]",
      "instances": []
    },
    {
      "module": "module.jenkins_vpc.module.vpc",
      "mode": "managed",
      "type": "aws_eip",
      "name": "nat",
      "provider": "provider[\"registry.terraform.io/hashicorp/aws\"]",
      "instances": [
        {
          "index_key": 0,
          "schema_version": 0,
          "attributes": {
            "address": null,
            "allocation_id": "eipalloc-02a16cfd3af113821",
            "arn": "arn:aws:ec2:eu-central-1:216989105561:elastic-ip/eipalloc-02a16cfd3af113821",
            "associate_with_private_ip": null,
            "association_id": "eipassoc-0f7d7479aed320edb",
            "carrier_ip": "",
            "customer_owned_ip": "",
            "customer_owned_ipv4_pool": "",
            "domain": "vpc",
            "id": "eipalloc-02a16cfd3af113821",
            "instance": "",
            "ipam_pool_id": null,
            "network_border_group": "eu-central-1",
            "network_interface": "eni-0074dbada8f3bd53c",
            "private_dns": "ip-10-41-3-46.eu-central-1.compute.internal",
            "private_ip": "10.41.3.46",
            "ptr_record": "",
            "public_dns": "ec2-18-184-51-202.eu-central-1.compute.amazonaws.com",
            "public_ip": "18.184.51.202",
            "public_ipv4_pool": "amazon",
            "tags": {
              "Name": "jenkins-vpc-eu-central-1a"
            },
            "tags_all": {
              "Name": "jenkins-vpc-eu-central-1a"
            },
            "timeouts": null,
            "vpc": true
          },
          "sensitive_attributes": [],
          "private": "eyJlMmJmYjczMC1lY2FhLTExZTYtOGY4OC0zNDM2M2JjN2M0YzAiOnsiZGVsZXRlIjoxODAwMDAwMDAwMDAsInJlYWQiOjkwMDAwMDAwMDAwMCwidXBkYXRlIjozMDAwMDAwMDAwMDB9fQ==",
          "dependencies": [
            "module.jenkins_vpc.module.vpc.aws_internet_gateway.this",
            "module.jenkins_vpc.module.vpc.aws_vpc.this",
            "module.jenkins_vpc.module.vpc.aws_vpc_ipv4_cidr_block_association.this"
          ]
        }
      ]
    },
    {
      "module": "module.jenkins_vpc.module.vpc",
      "mode": "managed",
      "type": "aws_elasticache_subnet_group",
      "name": "elasticache",
      "provider": "provider[\"registry.terraform.io/hashicorp/aws\"]",
      "instances": []
    },
    {
      "module": "module.jenkins_vpc.module.vpc",
      "mode": "managed",
      "type": "aws_flow_log",
      "name": "this",
      "provider": "provider[\"registry.terraform.io/hashicorp/aws\"]",
      "instances": []
    },
    {
      "module": "module.jenkins_vpc.module.vpc",
      "mode": "managed",
      "type": "aws_iam_policy",
      "name": "vpc_flow_log_cloudwatch",
      "provider": "provider[\"registry.terraform.io/hashicorp/aws\"]",
      "instances": []
    },
    {
      "module": "module.jenkins_vpc.module.vpc",
      "mode": "managed",
      "type": "aws_iam_role",
      "name": "vpc_flow_log_cloudwatch",
      "provider": "provider[\"registry.terraform.io/hashicorp/aws\"]",
      "instances": []
    },
    {
      "module": "module.jenkins_vpc.module.vpc",
      "mode": "managed",
      "type": "aws_iam_role_policy_attachment",
      "name": "vpc_flow_log_cloudwatch",
      "provider": "provider[\"registry.terraform.io/hashicorp/aws\"]",
      "instances": []
    },
    {
      "module": "module.jenkins_vpc.module.vpc",
      "mode": "managed",
      "type": "aws_internet_gateway",
      "name": "this",
      "provider": "provider[\"registry.terraform.io/hashicorp/aws\"]",
      "instances": [
        {
          "index_key": 0,
          "schema_version": 0,
          "attributes": {
            "arn": "arn:aws:ec2:eu-central-1:216989105561:internet-gateway/igw-0471881ad8adb9ca4",
            "id": "igw-0471881ad8adb9ca4",
            "owner_id": "216989105561",
            "tags": {
              "Name": "jenkins-vpc"
            },
            "tags_all": {
              "Name": "jenkins-vpc"
            },
            "timeouts": null,
            "vpc_id": "vpc-06abd34ded099c49b"
          },
          "sensitive_attributes": [],
          "private": "eyJlMmJmYjczMC1lY2FhLTExZTYtOGY4OC0zNDM2M2JjN2M0YzAiOnsiY3JlYXRlIjoxMjAwMDAwMDAwMDAwLCJkZWxldGUiOjEyMDAwMDAwMDAwMDAsInVwZGF0ZSI6MTIwMDAwMDAwMDAwMH19",
          "dependencies": [
            "module.jenkins_vpc.module.vpc.aws_vpc.this",
            "module.jenkins_vpc.module.vpc.aws_vpc_ipv4_cidr_block_association.this"
          ]
        }
      ]
    },
    {
      "module": "module.jenkins_vpc.module.vpc",
      "mode": "managed",
      "type": "aws_nat_gateway",
      "name": "this",
      "provider": "provider[\"registry.terraform.io/hashicorp/aws\"]",
      "instances": [
        {
          "index_key": 0,
          "schema_version": 0,
          "attributes": {
            "allocation_id": "eipalloc-02a16cfd3af113821",
            "association_id": "eipassoc-0f7d7479aed320edb",
            "connectivity_type": "public",
            "id": "nat-0365f183d22779d2a",
            "network_interface_id": "eni-0074dbada8f3bd53c",
            "private_ip": "10.41.3.46",
            "public_ip": "18.184.51.202",
            "secondary_allocation_ids": [],
            "secondary_private_ip_address_count": 0,
            "secondary_private_ip_addresses": [],
            "subnet_id": "subnet-0a3d41cd9de728a57",
            "tags": {
              "Name": "jenkins-vpc-eu-central-1a"
            },
            "tags_all": {
              "Name": "jenkins-vpc-eu-central-1a"
            },
            "timeouts": null
          },
          "sensitive_attributes": [],
          "private": "eyJlMmJmYjczMC1lY2FhLTExZTYtOGY4OC0zNDM2M2JjN2M0YzAiOnsiY3JlYXRlIjo2MDAwMDAwMDAwMDAsImRlbGV0ZSI6MTgwMDAwMDAwMDAwMCwidXBkYXRlIjo2MDAwMDAwMDAwMDB9fQ==",
          "dependencies": [
            "module.jenkins_vpc.module.vpc.aws_eip.nat",
            "module.jenkins_vpc.module.vpc.aws_internet_gateway.this",
            "module.jenkins_vpc.module.vpc.aws_subnet.public",
            "module.jenkins_vpc.module.vpc.aws_vpc.this",
            "module.jenkins_vpc.module.vpc.aws_vpc_ipv4_cidr_block_association.this"
          ]
        }
      ]
    },
    {
      "module": "module.jenkins_vpc.module.vpc",
      "mode": "managed",
      "type": "aws_network_acl",
      "name": "database",
      "provider": "provider[\"registry.terraform.io/hashicorp/aws\"]",
      "instances": []
    },
    {
      "module": "module.jenkins_vpc.module.vpc",
      "mode": "managed",
      "type": "aws_network_acl",
      "name": "elasticache",
      "provider": "provider[\"registry.terraform.io/hashicorp/aws\"]",
      "instances": []
    },
    {
      "module": "module.jenkins_vpc.module.vpc",
      "mode": "managed",
      "type": "aws_network_acl",
      "name": "intra",
      "provider": "provider[\"registry.terraform.io/hashicorp/aws\"]",
      "instances": []
    },
    {
      "module": "module.jenkins_vpc.module.vpc",
      "mode": "managed",
      "type": "aws_network_acl",
      "name": "outpost",
      "provider": "provider[\"registry.terraform.io/hashicorp/aws\"]",
      "instances": []
    },
    {
      "module": "module.jenkins_vpc.module.vpc",
      "mode": "managed",
      "type": "aws_network_acl",
      "name": "private",
      "provider": "provider[\"registry.terraform.io/hashicorp/aws\"]",
      "instances": []
    },
    {
      "module": "module.jenkins_vpc.module.vpc",
      "mode": "managed",
      "type": "aws_network_acl",
      "name": "public",
      "provider": "provider[\"registry.terraform.io/hashicorp/aws\"]",
      "instances": []
    },
    {
      "module": "module.jenkins_vpc.module.vpc",
      "mode": "managed",
      "type": "aws_network_acl",
      "name": "redshift",
      "provider": "provider[\"registry.terraform.io/hashicorp/aws\"]",
      "instances": []
    },
    {
      "module": "module.jenkins_vpc.module.vpc",
      "mode": "managed",
      "type": "aws_network_acl_rule",
      "name": "database_inbound",
      "provider": "provider[\"registry.terraform.io/hashicorp/aws\"]",
      "instances": []
    },
    {
      "module": "module.jenkins_vpc.module.vpc",
      "mode": "managed",
      "type": "aws_network_acl_rule",
      "name": "database_outbound",
      "provider": "provider[\"registry.terraform.io/hashicorp/aws\"]",
      "instances": []
    },
    {
      "module": "module.jenkins_vpc.module.vpc",
      "mode": "managed",
      "type": "aws_network_acl_rule",
      "name": "elasticache_inbound",
      "provider": "provider[\"registry.terraform.io/hashicorp/aws\"]",
      "instances": []
    },
    {
      "module": "module.jenkins_vpc.module.vpc",
      "mode": "managed",
      "type": "aws_network_acl_rule",
      "name": "elasticache_outbound",
      "provider": "provider[\"registry.terraform.io/hashicorp/aws\"]",
      "instances": []
    },
    {
      "module": "module.jenkins_vpc.module.vpc",
      "mode": "managed",
      "type": "aws_network_acl_rule",
      "name": "intra_inbound",
      "provider": "provider[\"registry.terraform.io/hashicorp/aws\"]",
      "instances": []
    },
    {
      "module": "module.jenkins_vpc.module.vpc",
      "mode": "managed",
      "type": "aws_network_acl_rule",
      "name": "intra_outbound",
      "provider": "provider[\"registry.terraform.io/hashicorp/aws\"]",
      "instances": []
    },
    {
      "module": "module.jenkins_vpc.module.vpc",
      "mode": "managed",
      "type": "aws_network_acl_rule",
      "name": "outpost_inbound",
      "provider": "provider[\"registry.terraform.io/hashicorp/aws\"]",
      "instances": []
    },
    {
      "module": "module.jenkins_vpc.module.vpc",
      "mode": "managed",
      "type": "aws_network_acl_rule",
      "name": "outpost_outbound",
      "provider": "provider[\"registry.terraform.io/hashicorp/aws\"]",
      "instances": []
    },
    {
      "module": "module.jenkins_vpc.module.vpc",
      "mode": "managed",
      "type": "aws_network_acl_rule",
      "name": "private_inbound",
      "provider": "provider[\"registry.terraform.io/hashicorp/aws\"]",
      "instances": []
    },
    {
      "module": "module.jenkins_vpc.module.vpc",
      "mode": "managed",
      "type": "aws_network_acl_rule",
      "name": "private_outbound",
      "provider": "provider[\"registry.terraform.io/hashicorp/aws\"]",
      "instances": []
    },
    {
      "module": "module.jenkins_vpc.module.vpc",
      "mode": "managed",
      "type": "aws_network_acl_rule",
      "name": "public_inbound",
      "provider": "provider[\"registry.terraform.io/hashicorp/aws\"]",
      "instances": []
    },
    {
      "module": "module.jenkins_vpc.module.vpc",
      "mode": "managed",
      "type": "aws_network_acl_rule",
      "name": "public_outbound",
      "provider": "provider[\"registry.terraform.io/hashicorp/aws\"]",
      "instances": []
    },
    {
      "module": "module.jenkins_vpc.module.vpc",
      "mode": "managed",
      "type": "aws_network_acl_rule",
      "name": "redshift_inbound",
      "provider": "provider[\"registry.terraform.io/hashicorp/aws\"]",
      "instances": []
    },
    {
      "module": "module.jenkins_vpc.module.vpc",
      "mode": "managed",
      "type": "aws_network_acl_rule",
      "name": "redshift_outbound",
      "provider": "provider[\"registry.terraform.io/hashicorp/aws\"]",
      "instances": []
    },
    {
      "module": "module.jenkins_vpc.module.vpc",
      "mode": "managed",
      "type": "aws_redshift_subnet_group",
      "name": "redshift",
      "provider": "provider[\"registry.terraform.io/hashicorp/aws\"]",
      "instances": []
    },
    {
      "module": "module.jenkins_vpc.module.vpc",
      "mode": "managed",
      "type": "aws_route",
      "name": "database_dns64_nat_gateway",
      "provider": "provider[\"registry.terraform.io/hashicorp/aws\"]",
      "instances": []
    },
    {
      "module": "module.jenkins_vpc.module.vpc",
      "mode": "managed",
      "type": "aws_route",
      "name": "database_internet_gateway",
      "provider": "provider[\"registry.terraform.io/hashicorp/aws\"]",
      "instances": []
    },
    {
      "module": "module.jenkins_vpc.module.vpc",
      "mode": "managed",
      "type": "aws_route",
      "name": "database_ipv6_egress",
      "provider": "provider[\"registry.terraform.io/hashicorp/aws\"]",
      "instances": []
    },
    {
      "module": "module.jenkins_vpc.module.vpc",
      "mode": "managed",
      "type": "aws_route",
      "name": "database_nat_gateway",
      "provider": "provider[\"registry.terraform.io/hashicorp/aws\"]",
      "instances": []
    },
    {
      "module": "module.jenkins_vpc.module.vpc",
      "mode": "managed",
      "type": "aws_route",
      "name": "private_dns64_nat_gateway",
      "provider": "provider[\"registry.terraform.io/hashicorp/aws\"]",
      "instances": []
    },
    {
      "module": "module.jenkins_vpc.module.vpc",
      "mode": "managed",
      "type": "aws_route",
      "name": "private_ipv6_egress",
      "provider": "provider[\"registry.terraform.io/hashicorp/aws\"]",
      "instances": []
    },
    {
      "module": "module.jenkins_vpc.module.vpc",
      "mode": "managed",
      "type": "aws_route",
      "name": "private_nat_gateway",
      "provider": "provider[\"registry.terraform.io/hashicorp/aws\"]",
      "instances": [
        {
          "index_key": 0,
          "schema_version": 0,
          "attributes": {
            "carrier_gateway_id": "",
            "core_network_arn": "",
            "destination_cidr_block": "0.0.0.0/0",
            "destination_ipv6_cidr_block": "",
            "destination_prefix_list_id": "",
            "egress_only_gateway_id": "",
            "gateway_id": "",
            "id": "r-rtb-030280967213d2b521080289494",
            "instance_id": "",
            "instance_owner_id": "",
            "local_gateway_id": "",
            "nat_gateway_id": "nat-0365f183d22779d2a",
            "network_interface_id": "",
            "origin": "CreateRoute",
            "route_table_id": "rtb-030280967213d2b52",
            "state": "active",
            "timeouts": {
              "create": "5m",
              "delete": null,
              "update": null
            },
            "transit_gateway_id": "",
            "vpc_endpoint_id": "",
            "vpc_peering_connection_id": ""
          },
          "sensitive_attributes": [],
          "private": "eyJlMmJmYjczMC1lY2FhLTExZTYtOGY4OC0zNDM2M2JjN2M0YzAiOnsiY3JlYXRlIjozMDAwMDAwMDAwMDAsImRlbGV0ZSI6MzAwMDAwMDAwMDAwLCJ1cGRhdGUiOjEyMDAwMDAwMDAwMH19",
          "dependencies": [
            "module.jenkins_vpc.module.vpc.aws_eip.nat",
            "module.jenkins_vpc.module.vpc.aws_internet_gateway.this",
            "module.jenkins_vpc.module.vpc.aws_nat_gateway.this",
            "module.jenkins_vpc.module.vpc.aws_route_table.private",
            "module.jenkins_vpc.module.vpc.aws_subnet.public",
            "module.jenkins_vpc.module.vpc.aws_vpc.this",
            "module.jenkins_vpc.module.vpc.aws_vpc_ipv4_cidr_block_association.this"
          ]
        }
      ]
    },
    {
      "module": "module.jenkins_vpc.module.vpc",
      "mode": "managed",
      "type": "aws_route",
      "name": "public_internet_gateway",
      "provider": "provider[\"registry.terraform.io/hashicorp/aws\"]",
      "instances": [
        {
          "index_key": 0,
          "schema_version": 0,
          "attributes": {
            "carrier_gateway_id": "",
            "core_network_arn": "",
            "destination_cidr_block": "0.0.0.0/0",
            "destination_ipv6_cidr_block": "",
            "destination_prefix_list_id": "",
            "egress_only_gateway_id": "",
            "gateway_id": "igw-0471881ad8adb9ca4",
            "id": "r-rtb-002e53748542bea311080289494",
            "instance_id": "",
            "instance_owner_id": "",
            "local_gateway_id": "",
            "nat_gateway_id": "",
            "network_interface_id": "",
            "origin": "CreateRoute",
            "route_table_id": "rtb-002e53748542bea31",
            "state": "active",
            "timeouts": {
              "create": "5m",
              "delete": null,
              "update": null
            },
            "transit_gateway_id": "",
            "vpc_endpoint_id": "",
            "vpc_peering_connection_id": ""
          },
          "sensitive_attributes": [],
          "private": "eyJlMmJmYjczMC1lY2FhLTExZTYtOGY4OC0zNDM2M2JjN2M0YzAiOnsiY3JlYXRlIjozMDAwMDAwMDAwMDAsImRlbGV0ZSI6MzAwMDAwMDAwMDAwLCJ1cGRhdGUiOjEyMDAwMDAwMDAwMH19",
          "dependencies": [
            "module.jenkins_vpc.module.vpc.aws_internet_gateway.this",
            "module.jenkins_vpc.module.vpc.aws_route_table.public",
            "module.jenkins_vpc.module.vpc.aws_vpc.this",
            "module.jenkins_vpc.module.vpc.aws_vpc_ipv4_cidr_block_association.this"
          ]
        }
      ]
    },
    {
      "module": "module.jenkins_vpc.module.vpc",
      "mode": "managed",
      "type": "aws_route",
      "name": "public_internet_gateway_ipv6",
      "provider": "provider[\"registry.terraform.io/hashicorp/aws\"]",
      "instances": []
    },
    {
      "module": "module.jenkins_vpc.module.vpc",
      "mode": "managed",
      "type": "aws_route_table",
      "name": "database",
      "provider": "provider[\"registry.terraform.io/hashicorp/aws\"]",
      "instances": []
    },
    {
      "module": "module.jenkins_vpc.module.vpc",
      "mode": "managed",
      "type": "aws_route_table",
      "name": "elasticache",
      "provider": "provider[\"registry.terraform.io/hashicorp/aws\"]",
      "instances": []
    },
    {
      "module": "module.jenkins_vpc.module.vpc",
      "mode": "managed",
      "type": "aws_route_table",
      "name": "intra",
      "provider": "provider[\"registry.terraform.io/hashicorp/aws\"]",
      "instances": []
    },
    {
      "module": "module.jenkins_vpc.module.vpc",
      "mode": "managed",
      "type": "aws_route_table",
      "name": "private",
      "provider": "provider[\"registry.terraform.io/hashicorp/aws\"]",
      "instances": [
        {
          "index_key": 0,
          "schema_version": 0,
          "attributes": {
            "arn": "arn:aws:ec2:eu-central-1:216989105561:route-table/rtb-030280967213d2b52",
            "id": "rtb-030280967213d2b52",
            "owner_id": "216989105561",
            "propagating_vgws": [],
            "route": [
              {
                "carrier_gateway_id": "",
                "cidr_block": "0.0.0.0/0",
                "core_network_arn": "",
                "destination_prefix_list_id": "",
                "egress_only_gateway_id": "",
                "gateway_id": "",
                "ipv6_cidr_block": "",
                "local_gateway_id": "",
                "nat_gateway_id": "nat-0365f183d22779d2a",
                "network_interface_id": "",
                "transit_gateway_id": "",
                "vpc_endpoint_id": "",
                "vpc_peering_connection_id": ""
              }
            ],
            "tags": {
              "Name": "jenkins-vpc-private"
            },
            "tags_all": {
              "Name": "jenkins-vpc-private"
            },
            "timeouts": null,
            "vpc_id": "vpc-06abd34ded099c49b"
          },
          "sensitive_attributes": [],
          "private": "eyJlMmJmYjczMC1lY2FhLTExZTYtOGY4OC0zNDM2M2JjN2M0YzAiOnsiY3JlYXRlIjozMDAwMDAwMDAwMDAsImRlbGV0ZSI6MzAwMDAwMDAwMDAwLCJ1cGRhdGUiOjEyMDAwMDAwMDAwMH19",
          "dependencies": [
            "module.jenkins_vpc.module.vpc.aws_vpc.this",
            "module.jenkins_vpc.module.vpc.aws_vpc_ipv4_cidr_block_association.this"
          ]
        }
      ]
    },
    {
      "module": "module.jenkins_vpc.module.vpc",
      "mode": "managed",
      "type": "aws_route_table",
      "name": "public",
      "provider": "provider[\"registry.terraform.io/hashicorp/aws\"]",
      "instances": [
        {
          "index_key": 0,
          "schema_version": 0,
          "attributes": {
            "arn": "arn:aws:ec2:eu-central-1:216989105561:route-table/rtb-002e53748542bea31",
            "id": "rtb-002e53748542bea31",
            "owner_id": "216989105561",
            "propagating_vgws": [],
            "route": [
              {
                "carrier_gateway_id": "",
                "cidr_block": "0.0.0.0/0",
                "core_network_arn": "",
                "destination_prefix_list_id": "",
                "egress_only_gateway_id": "",
                "gateway_id": "igw-0471881ad8adb9ca4",
                "ipv6_cidr_block": "",
                "local_gateway_id": "",
                "nat_gateway_id": "",
                "network_interface_id": "",
                "transit_gateway_id": "",
                "vpc_endpoint_id": "",
                "vpc_peering_connection_id": ""
              }
            ],
            "tags": {
              "Name": "jenkins-vpc-public"
            },
            "tags_all": {
              "Name": "jenkins-vpc-public"
            },
            "timeouts": null,
            "vpc_id": "vpc-06abd34ded099c49b"
          },
          "sensitive_attributes": [],
          "private": "eyJlMmJmYjczMC1lY2FhLTExZTYtOGY4OC0zNDM2M2JjN2M0YzAiOnsiY3JlYXRlIjozMDAwMDAwMDAwMDAsImRlbGV0ZSI6MzAwMDAwMDAwMDAwLCJ1cGRhdGUiOjEyMDAwMDAwMDAwMH19",
          "dependencies": [
            "module.jenkins_vpc.module.vpc.aws_vpc.this",
            "module.jenkins_vpc.module.vpc.aws_vpc_ipv4_cidr_block_association.this"
          ]
        }
      ]
    },
    {
      "module": "module.jenkins_vpc.module.vpc",
      "mode": "managed",
      "type": "aws_route_table",
      "name": "redshift",
      "provider": "provider[\"registry.terraform.io/hashicorp/aws\"]",
      "instances": []
    },
    {
      "module": "module.jenkins_vpc.module.vpc",
      "mode": "managed",
      "type": "aws_route_table_association",
      "name": "database",
      "provider": "provider[\"registry.terraform.io/hashicorp/aws\"]",
      "instances": []
    },
    {
      "module": "module.jenkins_vpc.module.vpc",
      "mode": "managed",
      "type": "aws_route_table_association",
      "name": "elasticache",
      "provider": "provider[\"registry.terraform.io/hashicorp/aws\"]",
      "instances": []
    },
    {
      "module": "module.jenkins_vpc.module.vpc",
      "mode": "managed",
      "type": "aws_route_table_association",
      "name": "intra",
      "provider": "provider[\"registry.terraform.io/hashicorp/aws\"]",
      "instances": []
    },
    {
      "module": "module.jenkins_vpc.module.vpc",
      "mode": "managed",
      "type": "aws_route_table_association",
      "name": "outpost",
      "provider": "provider[\"registry.terraform.io/hashicorp/aws\"]",
      "instances": []
    },
    {
      "module": "module.jenkins_vpc.module.vpc",
      "mode": "managed",
      "type": "aws_route_table_association",
      "name": "private",
      "provider": "provider[\"registry.terraform.io/hashicorp/aws\"]",
      "instances": [
        {
          "index_key": 0,
          "schema_version": 0,
          "attributes": {
            "gateway_id": "",
            "id": "rtbassoc-01bcb4e7ed904a2d8",
            "route_table_id": "rtb-030280967213d2b52",
            "subnet_id": "subnet-045baa8b7859ccc8c",
            "timeouts": null
          },
          "sensitive_attributes": [],
          "private": "eyJlMmJmYjczMC1lY2FhLTExZTYtOGY4OC0zNDM2M2JjN2M0YzAiOnsiY3JlYXRlIjozMDAwMDAwMDAwMDAsImRlbGV0ZSI6MzAwMDAwMDAwMDAwLCJ1cGRhdGUiOjEyMDAwMDAwMDAwMH19",
          "dependencies": [
            "module.jenkins_vpc.module.vpc.aws_route_table.private",
            "module.jenkins_vpc.module.vpc.aws_subnet.private",
            "module.jenkins_vpc.module.vpc.aws_vpc.this",
            "module.jenkins_vpc.module.vpc.aws_vpc_ipv4_cidr_block_association.this"
          ]
        },
        {
          "index_key": 1,
          "schema_version": 0,
          "attributes": {
            "gateway_id": "",
            "id": "rtbassoc-098d4fbc437f2d716",
            "route_table_id": "rtb-030280967213d2b52",
            "subnet_id": "subnet-01156e2a4432f0b7b",
            "timeouts": null
          },
          "sensitive_attributes": [],
          "private": "eyJlMmJmYjczMC1lY2FhLTExZTYtOGY4OC0zNDM2M2JjN2M0YzAiOnsiY3JlYXRlIjozMDAwMDAwMDAwMDAsImRlbGV0ZSI6MzAwMDAwMDAwMDAwLCJ1cGRhdGUiOjEyMDAwMDAwMDAwMH19",
          "dependencies": [
            "module.jenkins_vpc.module.vpc.aws_route_table.private",
            "module.jenkins_vpc.module.vpc.aws_subnet.private",
            "module.jenkins_vpc.module.vpc.aws_vpc.this",
            "module.jenkins_vpc.module.vpc.aws_vpc_ipv4_cidr_block_association.this"
          ]
        }
      ]
    },
    {
      "module": "module.jenkins_vpc.module.vpc",
      "mode": "managed",
      "type": "aws_route_table_association",
      "name": "public",
      "provider": "provider[\"registry.terraform.io/hashicorp/aws\"]",
      "instances": [
        {
          "index_key": 0,
          "schema_version": 0,
          "attributes": {
            "gateway_id": "",
            "id": "rtbassoc-091e35417368dd77f",
            "route_table_id": "rtb-002e53748542bea31",
            "subnet_id": "subnet-0a3d41cd9de728a57",
            "timeouts": null
          },
          "sensitive_attributes": [],
          "private": "eyJlMmJmYjczMC1lY2FhLTExZTYtOGY4OC0zNDM2M2JjN2M0YzAiOnsiY3JlYXRlIjozMDAwMDAwMDAwMDAsImRlbGV0ZSI6MzAwMDAwMDAwMDAwLCJ1cGRhdGUiOjEyMDAwMDAwMDAwMH19",
          "dependencies": [
            "module.jenkins_vpc.module.vpc.aws_route_table.public",
            "module.jenkins_vpc.module.vpc.aws_subnet.public",
            "module.jenkins_vpc.module.vpc.aws_vpc.this",
            "module.jenkins_vpc.module.vpc.aws_vpc_ipv4_cidr_block_association.this"
          ]
        },
        {
          "index_key": 1,
          "schema_version": 0,
          "attributes": {
            "gateway_id": "",
            "id": "rtbassoc-0b0a8e859b7ad2937",
            "route_table_id": "rtb-002e53748542bea31",
            "subnet_id": "subnet-05eb1c0fe00049479",
            "timeouts": null
          },
          "sensitive_attributes": [],
          "private": "eyJlMmJmYjczMC1lY2FhLTExZTYtOGY4OC0zNDM2M2JjN2M0YzAiOnsiY3JlYXRlIjozMDAwMDAwMDAwMDAsImRlbGV0ZSI6MzAwMDAwMDAwMDAwLCJ1cGRhdGUiOjEyMDAwMDAwMDAwMH19",
          "dependencies": [
            "module.jenkins_vpc.module.vpc.aws_route_table.public",
            "module.jenkins_vpc.module.vpc.aws_subnet.public",
            "module.jenkins_vpc.module.vpc.aws_vpc.this",
            "module.jenkins_vpc.module.vpc.aws_vpc_ipv4_cidr_block_association.this"
          ]
        }
      ]
    },
    {
      "module": "module.jenkins_vpc.module.vpc",
      "mode": "managed",
      "type": "aws_route_table_association",
      "name": "redshift",
      "provider": "provider[\"registry.terraform.io/hashicorp/aws\"]",
      "instances": []
    },
    {
      "module": "module.jenkins_vpc.module.vpc",
      "mode": "managed",
      "type": "aws_route_table_association",
      "name": "redshift_public",
      "provider": "provider[\"registry.terraform.io/hashicorp/aws\"]",
      "instances": []
    },
    {
      "module": "module.jenkins_vpc.module.vpc",
      "mode": "managed",
      "type": "aws_subnet",
      "name": "database",
      "provider": "provider[\"registry.terraform.io/hashicorp/aws\"]",
      "instances": []
    },
    {
      "module": "module.jenkins_vpc.module.vpc",
      "mode": "managed",
      "type": "aws_subnet",
      "name": "elasticache",
      "provider": "provider[\"registry.terraform.io/hashicorp/aws\"]",
      "instances": []
    },
    {
      "module": "module.jenkins_vpc.module.vpc",
      "mode": "managed",
      "type": "aws_subnet",
      "name": "intra",
      "provider": "provider[\"registry.terraform.io/hashicorp/aws\"]",
      "instances": []
    },
    {
      "module": "module.jenkins_vpc.module.vpc",
      "mode": "managed",
      "type": "aws_subnet",
      "name": "outpost",
      "provider": "provider[\"registry.terraform.io/hashicorp/aws\"]",
      "instances": []
    },
    {
      "module": "module.jenkins_vpc.module.vpc",
      "mode": "managed",
      "type": "aws_subnet",
      "name": "private",
      "provider": "provider[\"registry.terraform.io/hashicorp/aws\"]",
      "instances": [
        {
          "index_key": 0,
          "schema_version": 1,
          "attributes": {
            "arn": "arn:aws:ec2:eu-central-1:216989105561:subnet/subnet-045baa8b7859ccc8c",
            "assign_ipv6_address_on_creation": false,
            "availability_zone": "eu-central-1a",
            "availability_zone_id": "euc1-az2",
            "cidr_block": "10.41.1.0/24",
            "customer_owned_ipv4_pool": "",
            "enable_dns64": false,
            "enable_lni_at_device_index": 0,
            "enable_resource_name_dns_a_record_on_launch": false,
            "enable_resource_name_dns_aaaa_record_on_launch": false,
            "id": "subnet-045baa8b7859ccc8c",
            "ipv6_cidr_block": "",
            "ipv6_cidr_block_association_id": "",
            "ipv6_native": false,
            "map_customer_owned_ip_on_launch": false,
            "map_public_ip_on_launch": false,
            "outpost_arn": "",
            "owner_id": "216989105561",
            "private_dns_hostname_type_on_launch": "ip-name",
            "tags": {
              "Name": "jenkins-vpc-private-eu-central-1a"
            },
            "tags_all": {
              "Name": "jenkins-vpc-private-eu-central-1a"
            },
            "timeouts": null,
            "vpc_id": "vpc-06abd34ded099c49b"
          },
          "sensitive_attributes": [],
          "private": "eyJlMmJmYjczMC1lY2FhLTExZTYtOGY4OC0zNDM2M2JjN2M0YzAiOnsiY3JlYXRlIjo2MDAwMDAwMDAwMDAsImRlbGV0ZSI6MTIwMDAwMDAwMDAwMH0sInNjaGVtYV92ZXJzaW9uIjoiMSJ9",
          "dependencies": [
            "module.jenkins_vpc.module.vpc.aws_vpc.this",
            "module.jenkins_vpc.module.vpc.aws_vpc_ipv4_cidr_block_association.this"
          ]
        },
        {
          "index_key": 1,
          "schema_version": 1,
          "attributes": {
            "arn": "arn:aws:ec2:eu-central-1:216989105561:subnet/subnet-01156e2a4432f0b7b",
            "assign_ipv6_address_on_creation": false,
            "availability_zone": "eu-central-1b",
            "availability_zone_id": "euc1-az3",
            "cidr_block": "10.41.2.0/24",
            "customer_owned_ipv4_pool": "",
            "enable_dns64": false,
            "enable_lni_at_device_index": 0,
            "enable_resource_name_dns_a_record_on_launch": false,
            "enable_resource_name_dns_aaaa_record_on_launch": false,
            "id": "subnet-01156e2a4432f0b7b",
            "ipv6_cidr_block": "",
            "ipv6_cidr_block_association_id": "",
            "ipv6_native": false,
            "map_customer_owned_ip_on_launch": false,
            "map_public_ip_on_launch": false,
            "outpost_arn": "",
            "owner_id": "216989105561",
            "private_dns_hostname_type_on_launch": "ip-name",
            "tags": {
              "Name": "jenkins-vpc-private-eu-central-1b"
            },
            "tags_all": {
              "Name": "jenkins-vpc-private-eu-central-1b"
            },
            "timeouts": null,
            "vpc_id": "vpc-06abd34ded099c49b"
          },
          "sensitive_attributes": [],
          "private": "eyJlMmJmYjczMC1lY2FhLTExZTYtOGY4OC0zNDM2M2JjN2M0YzAiOnsiY3JlYXRlIjo2MDAwMDAwMDAwMDAsImRlbGV0ZSI6MTIwMDAwMDAwMDAwMH0sInNjaGVtYV92ZXJzaW9uIjoiMSJ9",
          "dependencies": [
            "module.jenkins_vpc.module.vpc.aws_vpc.this",
            "module.jenkins_vpc.module.vpc.aws_vpc_ipv4_cidr_block_association.this"
          ]
        }
      ]
    },
    {
      "module": "module.jenkins_vpc.module.vpc",
      "mode": "managed",
      "type": "aws_subnet",
      "name": "public",
      "provider": "provider[\"registry.terraform.io/hashicorp/aws\"]",
      "instances": [
        {
          "index_key": 0,
          "schema_version": 1,
          "attributes": {
            "arn": "arn:aws:ec2:eu-central-1:216989105561:subnet/subnet-0a3d41cd9de728a57",
            "assign_ipv6_address_on_creation": false,
            "availability_zone": "eu-central-1a",
            "availability_zone_id": "euc1-az2",
            "cidr_block": "10.41.3.0/24",
            "customer_owned_ipv4_pool": "",
            "enable_dns64": false,
            "enable_lni_at_device_index": 0,
            "enable_resource_name_dns_a_record_on_launch": false,
            "enable_resource_name_dns_aaaa_record_on_launch": false,
            "id": "subnet-0a3d41cd9de728a57",
            "ipv6_cidr_block": "",
            "ipv6_cidr_block_association_id": "",
            "ipv6_native": false,
            "map_customer_owned_ip_on_launch": false,
            "map_public_ip_on_launch": false,
            "outpost_arn": "",
            "owner_id": "216989105561",
            "private_dns_hostname_type_on_launch": "ip-name",
            "tags": {
              "Name": "jenkins-vpc-public-eu-central-1a"
            },
            "tags_all": {
              "Name": "jenkins-vpc-public-eu-central-1a"
            },
            "timeouts": null,
            "vpc_id": "vpc-06abd34ded099c49b"
          },
          "sensitive_attributes": [],
          "private": "eyJlMmJmYjczMC1lY2FhLTExZTYtOGY4OC0zNDM2M2JjN2M0YzAiOnsiY3JlYXRlIjo2MDAwMDAwMDAwMDAsImRlbGV0ZSI6MTIwMDAwMDAwMDAwMH0sInNjaGVtYV92ZXJzaW9uIjoiMSJ9",
          "dependencies": [
            "module.jenkins_vpc.module.vpc.aws_vpc.this",
            "module.jenkins_vpc.module.vpc.aws_vpc_ipv4_cidr_block_association.this"
          ]
        },
        {
          "index_key": 1,
          "schema_version": 1,
          "attributes": {
            "arn": "arn:aws:ec2:eu-central-1:216989105561:subnet/subnet-05eb1c0fe00049479",
            "assign_ipv6_address_on_creation": false,
            "availability_zone": "eu-central-1b",
            "availability_zone_id": "euc1-az3",
            "cidr_block": "10.41.4.0/24",
            "customer_owned_ipv4_pool": "",
            "enable_dns64": false,
            "enable_lni_at_device_index": 0,
            "enable_resource_name_dns_a_record_on_launch": false,
            "enable_resource_name_dns_aaaa_record_on_launch": false,
            "id": "subnet-05eb1c0fe00049479",
            "ipv6_cidr_block": "",
            "ipv6_cidr_block_association_id": "",
            "ipv6_native": false,
            "map_customer_owned_ip_on_launch": false,
            "map_public_ip_on_launch": false,
            "outpost_arn": "",
            "owner_id": "216989105561",
            "private_dns_hostname_type_on_launch": "ip-name",
            "tags": {
              "Name": "jenkins-vpc-public-eu-central-1b"
            },
            "tags_all": {
              "Name": "jenkins-vpc-public-eu-central-1b"
            },
            "timeouts": null,
            "vpc_id": "vpc-06abd34ded099c49b"
          },
          "sensitive_attributes": [],
          "private": "eyJlMmJmYjczMC1lY2FhLTExZTYtOGY4OC0zNDM2M2JjN2M0YzAiOnsiY3JlYXRlIjo2MDAwMDAwMDAwMDAsImRlbGV0ZSI6MTIwMDAwMDAwMDAwMH0sInNjaGVtYV92ZXJzaW9uIjoiMSJ9",
          "dependencies": [
            "module.jenkins_vpc.module.vpc.aws_vpc.this",
            "module.jenkins_vpc.module.vpc.aws_vpc_ipv4_cidr_block_association.this"
          ]
        }
      ]
    },
    {
      "module": "module.jenkins_vpc.module.vpc",
      "mode": "managed",
      "type": "aws_subnet",
      "name": "redshift",
      "provider": "provider[\"registry.terraform.io/hashicorp/aws\"]",
      "instances": []
    },
    {
      "module": "module.jenkins_vpc.module.vpc",
      "mode": "managed",
      "type": "aws_vpc",
      "name": "this",
      "provider": "provider[\"registry.terraform.io/hashicorp/aws\"]",
      "instances": [
        {
          "index_key": 0,
          "schema_version": 1,
          "attributes": {
            "arn": "arn:aws:ec2:eu-central-1:216989105561:vpc/vpc-06abd34ded099c49b",
            "assign_generated_ipv6_cidr_block": false,
            "cidr_block": "10.41.0.0/16",
            "default_network_acl_id": "acl-07993a0b1b6889bb8",
            "default_route_table_id": "rtb-02c8890f127b08aab",
            "default_security_group_id": "sg-0c04b4fab7f1d9383",
            "dhcp_options_id": "dopt-036023e7781640b11",
            "enable_dns_hostnames": true,
            "enable_dns_support": true,
            "enable_network_address_usage_metrics": false,
            "id": "vpc-06abd34ded099c49b",
            "instance_tenancy": "default",
            "ipv4_ipam_pool_id": null,
            "ipv4_netmask_length": null,
            "ipv6_association_id": "",
            "ipv6_cidr_block": "",
            "ipv6_cidr_block_network_border_group": "",
            "ipv6_ipam_pool_id": "",
            "ipv6_netmask_length": 0,
            "main_route_table_id": "rtb-02c8890f127b08aab",
            "owner_id": "216989105561",
            "tags": {
              "Name": "jenkins-vpc"
            },
            "tags_all": {
              "Name": "jenkins-vpc"
            }
          },
          "sensitive_attributes": [],
          "private": "eyJzY2hlbWFfdmVyc2lvbiI6IjEifQ==",
          "create_before_destroy": true
        }
      ]
    },
    {
      "module": "module.jenkins_vpc.module.vpc",
      "mode": "managed",
      "type": "aws_vpc_block_public_access_exclusion",
      "name": "this",
      "provider": "provider[\"registry.terraform.io/hashicorp/aws\"]",
      "instances": []
    },
    {
      "module": "module.jenkins_vpc.module.vpc",
      "mode": "managed",
      "type": "aws_vpc_block_public_access_options",
      "name": "this",
      "provider": "provider[\"registry.terraform.io/hashicorp/aws\"]",
      "instances": []
    },
    {
      "module": "module.jenkins_vpc.module.vpc",
      "mode": "managed",
      "type": "aws_vpc_dhcp_options",
      "name": "this",
      "provider": "provider[\"registry.terraform.io/hashicorp/aws\"]",
      "instances": []
    },
    {
      "module": "module.jenkins_vpc.module.vpc",
      "mode": "managed",
      "type": "aws_vpc_dhcp_options_association",
      "name": "this",
      "provider": "provider[\"registry.terraform.io/hashicorp/aws\"]",
      "instances": []
    },
    {
      "module": "module.jenkins_vpc.module.vpc",
      "mode": "managed",
      "type": "aws_vpc_ipv4_cidr_block_association",
      "name": "this",
      "provider": "provider[\"registry.terraform.io/hashicorp/aws\"]",
      "instances": []
    },
    {
      "module": "module.jenkins_vpc.module.vpc",
      "mode": "managed",
      "type": "aws_vpn_gateway",
      "name": "this",
      "provider": "provider[\"registry.terraform.io/hashicorp/aws\"]",
      "instances": []
    },
    {
      "module": "module.jenkins_vpc.module.vpc",
      "mode": "managed",
      "type": "aws_vpn_gateway_attachment",
      "name": "this",
      "provider": "provider[\"registry.terraform.io/hashicorp/aws\"]",
      "instances": []
    },
    {
      "module": "module.jenkins_vpc.module.vpc",
      "mode": "managed",
      "type": "aws_vpn_gateway_route_propagation",
      "name": "intra",
      "provider": "provider[\"registry.terraform.io/hashicorp/aws\"]",
      "instances": []
    },
    {
      "module": "module.jenkins_vpc.module.vpc",
      "mode": "managed",
      "type": "aws_vpn_gateway_route_propagation",
      "name": "private",
      "provider": "provider[\"registry.terraform.io/hashicorp/aws\"]",
      "instances": []
    },
    {
      "module": "module.jenkins_vpc.module.vpc",
      "mode": "managed",
      "type": "aws_vpn_gateway_route_propagation",
      "name": "public",
      "provider": "provider[\"registry.terraform.io/hashicorp/aws\"]",
      "instances": []
    },
    {
      "module": "module.s3_logging",
      "mode": "managed",
      "type": "aws_s3_bucket",
      "name": "this",
      "provider": "provider[\"registry.terraform.io/hashicorp/aws\"]",
      "instances": [
        {
          "schema_version": 0,
          "attributes": {
            "acceleration_status": "",
            "acl": null,
            "arn": "arn:aws:s3:::pipeline-logs-20250324210744652300000001",
            "bucket": "pipeline-logs-20250324210744652300000001",
            "bucket_domain_name": "pipeline-logs-20250324210744652300000001.s3.amazonaws.com",
            "bucket_prefix": "pipeline-logs-",
            "bucket_regional_domain_name": "pipeline-logs-20250324210744652300000001.s3.eu-central-1.amazonaws.com",
            "cors_rule": [],
            "force_destroy": false,
            "grant": [
              {
                "id": "",
                "permissions": [
                  "READ_ACP",
                  "WRITE"
                ],
                "type": "Group",
                "uri": "http://acs.amazonaws.com/groups/s3/LogDelivery"
              },
              {
                "id": "6a7fac27ace56e706257cc6f163c1f07c4b702c484093425ae1ce55d05c1e10e",
                "permissions": [
                  "FULL_CONTROL"
                ],
                "type": "CanonicalUser",
                "uri": ""
              }
            ],
            "hosted_zone_id": "Z21DNDUVLTQW6Q",
            "id": "pipeline-logs-20250324210744652300000001",
            "lifecycle_rule": [
              {
                "abort_incomplete_multipart_upload_days": 0,
                "enabled": true,
                "expiration": [
                  {
                    "date": "",
                    "days": 90,
                    "expired_object_delete_marker": false
                  }
                ],
                "id": "expire-logs",
                "noncurrent_version_expiration": [],
                "noncurrent_version_transition": [],
                "prefix": "",
                "tags": {},
                "transition": []
              }
            ],
            "logging": [],
            "object_lock_configuration": [],
            "object_lock_enabled": false,
            "policy": "{\"Id\":\"MultiLogPolicy\",\"Statement\":[{\"Action\":\"s3:PutObject\",\"Effect\":\"Allow\",\"Principal\":{\"AWS\":\"arn:aws:iam::054676820928:root\"},\"Resource\":\"arn:aws:s3:::pipeline-logs-20250324210744652300000001/alb/*\",\"Sid\":\"AllowELBLogging\"},{\"Action\":\"s3:PutObject\",\"Condition\":{\"StringEquals\":{\"s3:x-amz-acl\":\"bucket-owner-full-control\"}},\"Effect\":\"Allow\",\"Principal\":{\"Service\":\"logs.amazonaws.com\"},\"Resource\":\"arn:aws:s3:::pipeline-logs-20250324210744652300000001/ecs/*\",\"Sid\":\"AllowECSContainerLogs\"}],\"Version\":\"2012-10-17\"}",
            "region": "eu-central-1",
            "replication_configuration": [],
            "request_payer": "BucketOwner",
            "server_side_encryption_configuration": [
              {
                "rule": [
                  {
                    "apply_server_side_encryption_by_default": [
                      {
                        "kms_master_key_id": "",
                        "sse_algorithm": "AES256"
                      }
                    ],
                    "bucket_key_enabled": false
                  }
                ]
              }
            ],
            "tags": {},
            "tags_all": {},
            "timeouts": null,
            "versioning": [
              {
                "enabled": true,
                "mfa_delete": false
              }
            ],
            "website": [],
            "website_domain": null,
            "website_endpoint": null
          },
          "sensitive_attributes": [],
          "private": "eyJlMmJmYjczMC1lY2FhLTExZTYtOGY4OC0zNDM2M2JjN2M0YzAiOnsiY3JlYXRlIjoxMjAwMDAwMDAwMDAwLCJkZWxldGUiOjM2MDAwMDAwMDAwMDAsInJlYWQiOjEyMDAwMDAwMDAwMDAsInVwZGF0ZSI6MTIwMDAwMDAwMDAwMH19"
        }
      ]
    },
    {
      "module": "module.s3_logging",
      "mode": "managed",
      "type": "aws_s3_bucket_acl",
      "name": "this",
      "provider": "provider[\"registry.terraform.io/hashicorp/aws\"]",
      "instances": [
        {
          "schema_version": 0,
          "attributes": {
            "access_control_policy": [
              {
                "grant": [
                  {
                    "grantee": [
                      {
                        "display_name": "",
                        "email_address": "",
                        "id": "",
                        "type": "Group",
                        "uri": "http://acs.amazonaws.com/groups/s3/LogDelivery"
                      }
                    ],
                    "permission": "READ_ACP"
                  },
                  {
                    "grantee": [
                      {
                        "display_name": "",
                        "email_address": "",
                        "id": "",
                        "type": "Group",
                        "uri": "http://acs.amazonaws.com/groups/s3/LogDelivery"
                      }
                    ],
                    "permission": "WRITE"
                  },
                  {
                    "grantee": [
                      {
                        "display_name": "",
                        "email_address": "",
                        "id": "6a7fac27ace56e706257cc6f163c1f07c4b702c484093425ae1ce55d05c1e10e",
                        "type": "CanonicalUser",
                        "uri": ""
                      }
                    ],
                    "permission": "FULL_CONTROL"
                  }
                ],
                "owner": [
                  {
                    "display_name": "",
                    "id": "6a7fac27ace56e706257cc6f163c1f07c4b702c484093425ae1ce55d05c1e10e"
                  }
                ]
              }
            ],
            "acl": "log-delivery-write",
            "bucket": "pipeline-logs-20250324210744652300000001",
            "expected_bucket_owner": "",
            "id": "pipeline-logs-20250324210744652300000001,log-delivery-write"
          },
          "sensitive_attributes": [],
          "private": "bnVsbA==",
          "dependencies": [
            "module.s3_logging.aws_s3_bucket.this",
            "module.s3_logging.aws_s3_bucket_ownership_controls.this"
          ]
        }
      ]
    },
    {
      "module": "module.s3_logging",
      "mode": "managed",
      "type": "aws_s3_bucket_lifecycle_configuration",
      "name": "this",
      "provider": "provider[\"registry.terraform.io/hashicorp/aws\"]",
      "instances": [
        {
          "schema_version": 1,
          "attributes": {
            "bucket": "pipeline-logs-20250324210744652300000001",
            "expected_bucket_owner": "",
            "id": "pipeline-logs-20250324210744652300000001",
            "rule": [
              {
                "abort_incomplete_multipart_upload": [],
                "expiration": [
                  {
                    "date": null,
                    "days": 90,
                    "expired_object_delete_marker": false
                  }
                ],
                "filter": [
                  {
                    "and": [],
                    "object_size_greater_than": null,
                    "object_size_less_than": null,
                    "prefix": "",
                    "tag": []
                  }
                ],
                "id": "expire-logs",
                "noncurrent_version_expiration": [],
                "noncurrent_version_transition": [],
                "prefix": "",
                "status": "Enabled",
                "transition": []
              }
            ],
            "timeouts": null,
            "transition_default_minimum_object_size": "all_storage_classes_128K"
          },
          "sensitive_attributes": [],
          "dependencies": [
            "module.s3_logging.aws_s3_bucket.this"
          ]
        }
      ]
    },
    {
      "module": "module.s3_logging",
      "mode": "managed",
      "type": "aws_s3_bucket_ownership_controls",
      "name": "this",
      "provider": "provider[\"registry.terraform.io/hashicorp/aws\"]",
      "instances": [
        {
          "schema_version": 0,
          "attributes": {
            "bucket": "pipeline-logs-20250324210744652300000001",
            "id": "pipeline-logs-20250324210744652300000001",
            "rule": [
              {
                "object_ownership": "BucketOwnerPreferred"
              }
            ]
          },
          "sensitive_attributes": [],
          "private": "bnVsbA==",
          "dependencies": [
            "module.s3_logging.aws_s3_bucket.this"
          ]
        }
      ]
    },
    {
      "module": "module.s3_logging",
      "mode": "managed",
      "type": "aws_s3_bucket_policy",
      "name": "this",
      "provider": "provider[\"registry.terraform.io/hashicorp/aws\"]",
      "instances": [
        {
          "schema_version": 0,
          "attributes": {
            "bucket": "pipeline-logs-20250324210744652300000001",
            "id": "pipeline-logs-20250324210744652300000001",
            "policy": "{\"Id\":\"MultiLogPolicy\",\"Statement\":[{\"Action\":\"s3:PutObject\",\"Effect\":\"Allow\",\"Principal\":{\"AWS\":\"arn:aws:iam::054676820928:root\"},\"Resource\":\"arn:aws:s3:::pipeline-logs-20250324210744652300000001/alb/*\",\"Sid\":\"AllowELBLogging\"},{\"Action\":\"s3:PutObject\",\"Condition\":{\"StringEquals\":{\"s3:x-amz-acl\":\"bucket-owner-full-control\"}},\"Effect\":\"Allow\",\"Principal\":{\"Service\":\"logs.amazonaws.com\"},\"Resource\":\"arn:aws:s3:::pipeline-logs-20250324210744652300000001/ecs/*\",\"Sid\":\"AllowECSContainerLogs\"}],\"Version\":\"2012-10-17\"}"
          },
          "sensitive_attributes": [],
          "private": "bnVsbA==",
          "dependencies": [
            "module.s3_logging.aws_s3_bucket.this",
            "module.s3_logging.aws_s3_bucket_acl.this",
            "module.s3_logging.aws_s3_bucket_ownership_controls.this"
          ]
        }
      ]
    },
    {
      "module": "module.s3_logging",
      "mode": "managed",
      "type": "aws_s3_bucket_versioning",
      "name": "this",
      "provider": "provider[\"registry.terraform.io/hashicorp/aws\"]",
      "instances": [
        {
          "schema_version": 0,
          "attributes": {
            "bucket": "pipeline-logs-20250324210744652300000001",
            "expected_bucket_owner": "",
            "id": "pipeline-logs-20250324210744652300000001",
            "mfa": null,
            "versioning_configuration": [
              {
                "mfa_delete": "",
                "status": "Enabled"
              }
            ]
          },
          "sensitive_attributes": [],
          "private": "bnVsbA==",
          "dependencies": [
            "module.s3_logging.aws_s3_bucket.this"
          ]
        }
      ]
    }
  ],
  "check_results": null
}
